{"format_version":"1.2","terraform_version":"1.13.4","variables":{"region":{"value":"us-east-1"}},"planned_values":{"outputs":{"bucket_arn":{"sensitive":false,"type":"string","value":"arn:aws:s3:::eac-artifacts-b4978b17"},"bucket_name":{"sensitive":false,"type":"string","value":"eac-artifacts-b4978b17"},"replication_role_arn":{"sensitive":false,"type":"string","value":"arn:aws:iam::779937513192:role/eac-replication-role-b4978b17"}},"root_module":{"resources":[{"address":"aws_kms_key.sns_key","mode":"managed","type":"aws_kms_key","name":"sns_key","provider_name":"registry.terraform.io/hashicorp/aws","schema_version":0,"values":{"arn":"arn:aws:kms:us-east-1:779937513192:key/6ed249ea-67cb-40f3-9077-cb9d069e2118","bypass_policy_lockout_safety_check":false,"custom_key_store_id":"","customer_master_key_spec":"SYMMETRIC_DEFAULT","deletion_window_in_days":10,"description":"KMS key for SNS topic encryption","enable_key_rotation":true,"id":"6ed249ea-67cb-40f3-9077-cb9d069e2118","is_enabled":true,"key_id":"6ed249ea-67cb-40f3-9077-cb9d069e2118","key_usage":"ENCRYPT_DECRYPT","multi_region":false,"policy":"{\"Statement\":[{\"Action\":\"kms:*\",\"Effect\":\"Allow\",\"Principal\":{\"AWS\":\"arn:aws:iam::779937513192:root\"},\"Resource\":\"*\",\"Sid\":\"Enable IAM User Permissions\"}],\"Version\":\"2012-10-17\"}","rotation_period_in_days":365,"tags":{},"tags_all":{},"timeouts":null,"xks_key_id":""},"sensitive_values":{"tags":{},"tags_all":{}}},{"address":"aws_sns_topic.artifacts_events","mode":"managed","type":"aws_sns_topic","name":"artifacts_events","provider_name":"registry.terraform.io/hashicorp/aws","schema_version":0,"values":{"application_failure_feedback_role_arn":"","application_success_feedback_role_arn":"","application_success_feedback_sample_rate":0,"archive_policy":"","arn":"arn:aws:sns:us-east-1:779937513192:eac-artifacts-events-b4978b17","beginning_archive_time":"","content_based_deduplication":false,"delivery_policy":"","display_name":"","fifo_throughput_scope":"","fifo_topic":false,"firehose_failure_feedback_role_arn":"","firehose_success_feedback_role_arn":"","firehose_success_feedback_sample_rate":0,"http_failure_feedback_role_arn":"","http_success_feedback_role_arn":"","http_success_feedback_sample_rate":0,"id":"arn:aws:sns:us-east-1:779937513192:eac-artifacts-events-b4978b17","kms_master_key_id":"arn:aws:kms:us-east-1:779937513192:key/6ed249ea-67cb-40f3-9077-cb9d069e2118","lambda_failure_feedback_role_arn":"","lambda_success_feedback_role_arn":"","lambda_success_feedback_sample_rate":0,"name":"eac-artifacts-events-b4978b17","name_prefix":"","owner":"779937513192","policy":"{\"Statement\":[{\"Action\":\"SNS:Publish\",\"Effect\":\"Allow\",\"Principal\":{\"Service\":\"s3.amazonaws.com\"},\"Resource\":\"arn:aws:sns:us-east-1:779937513192:eac-artifacts-events-b4978b17\",\"Sid\":\"AllowS3Publish\"}],\"Version\":\"2012-10-17\"}","signature_version":0,"sqs_failure_feedback_role_arn":"","sqs_success_feedback_role_arn":"","sqs_success_feedback_sample_rate":0,"tags":{},"tags_all":{},"tracing_config":""},"sensitive_values":{"tags":{},"tags_all":{}}},{"address":"aws_sns_topic_policy.allow_s3_publish","mode":"managed","type":"aws_sns_topic_policy","name":"allow_s3_publish","provider_name":"registry.terraform.io/hashicorp/aws","schema_version":0,"values":{"arn":"arn:aws:sns:us-east-1:779937513192:eac-artifacts-events-b4978b17","id":"arn:aws:sns:us-east-1:779937513192:eac-artifacts-events-b4978b17","owner":"779937513192","policy":"{\"Statement\":[{\"Action\":\"SNS:Publish\",\"Effect\":\"Allow\",\"Principal\":{\"Service\":\"s3.amazonaws.com\"},\"Resource\":\"arn:aws:sns:us-east-1:779937513192:eac-artifacts-events-b4978b17\",\"Sid\":\"AllowS3Publish\"}],\"Version\":\"2012-10-17\"}"},"sensitive_values":{}},{"address":"random_id.suffix","mode":"managed","type":"random_id","name":"suffix","provider_name":"registry.terraform.io/hashicorp/random","schema_version":0,"values":{"b64_std":"tJeLFw==","b64_url":"tJeLFw","byte_length":4,"dec":"3029830423","hex":"b4978b17","id":"tJeLFw","keepers":null,"prefix":null},"sensitive_values":{}}],"child_modules":[{"resources":[{"address":"module.s3_secure.aws_iam_role.replication_role","mode":"managed","type":"aws_iam_role","name":"replication_role","provider_name":"registry.terraform.io/hashicorp/aws","schema_version":0,"values":{"arn":"arn:aws:iam::779937513192:role/eac-replication-role-b4978b17","assume_role_policy":"{\"Statement\":[{\"Action\":\"sts:AssumeRole\",\"Effect\":\"Allow\",\"Principal\":{\"Service\":\"s3.amazonaws.com\"}}],\"Version\":\"2012-10-17\"}","create_date":"2025-11-11T20:03:41Z","description":"","force_detach_policies":false,"id":"eac-replication-role-b4978b17","inline_policy":[{"name":"eac-replication-policy-b4978b17","policy":"{\"Version\":\"2012-10-17\",\"Statement\":[{\"Action\":[\"s3:GetReplicationConfiguration\",\"s3:ListBucket\"],\"Effect\":\"Allow\",\"Resource\":[\"arn:aws:s3:::eac-artifacts-b4978b17\",\"arn:aws:s3:::eac-artifacts-logs-b4978b17\"]},{\"Action\":[\"s3:GetObjectVersion\",\"s3:GetObjectVersionAcl\",\"s3:GetObjectVersionTagging\"],\"Effect\":\"Allow\",\"Resource\":[\"arn:aws:s3:::eac-artifacts-b4978b17/*\",\"arn:aws:s3:::eac-artifacts-logs-b4978b17/*\"]},{\"Action\":[\"s3:ReplicateObject\",\"s3:ReplicateDelete\",\"s3:ReplicateTags\",\"s3:ObjectOwnerOverrideToBucketOwner\"],\"Effect\":\"Allow\",\"Resource\":[\"arn:aws:s3:::eac-artifacts-destination-b4978b17/*\"]}]}"}],"managed_policy_arns":[],"max_session_duration":3600,"name":"eac-replication-role-b4978b17","name_prefix":"","path":"/","permissions_boundary":"","tags":{},"tags_all":{},"unique_id":"AROA3LF7F73UIKNZ5BTLP"},"sensitive_values":{"inline_policy":[{}],"managed_policy_arns":[],"tags":{},"tags_all":{}}},{"address":"module.s3_secure.aws_iam_role_policy.replication_policy","mode":"managed","type":"aws_iam_role_policy","name":"replication_policy","provider_name":"registry.terraform.io/hashicorp/aws","schema_version":0,"values":{"id":"eac-replication-role-b4978b17:eac-replication-policy-b4978b17","name":"eac-replication-policy-b4978b17","name_prefix":"","policy":"{\"Version\":\"2012-10-17\",\"Statement\":[{\"Action\":[\"s3:GetReplicationConfiguration\",\"s3:ListBucket\"],\"Effect\":\"Allow\",\"Resource\":[\"arn:aws:s3:::eac-artifacts-b4978b17\",\"arn:aws:s3:::eac-artifacts-logs-b4978b17\"]},{\"Action\":[\"s3:GetObjectVersion\",\"s3:GetObjectVersionAcl\",\"s3:GetObjectVersionTagging\"],\"Effect\":\"Allow\",\"Resource\":[\"arn:aws:s3:::eac-artifacts-b4978b17/*\",\"arn:aws:s3:::eac-artifacts-logs-b4978b17/*\"]},{\"Action\":[\"s3:ReplicateObject\",\"s3:ReplicateDelete\",\"s3:ReplicateTags\",\"s3:ObjectOwnerOverrideToBucketOwner\"],\"Effect\":\"Allow\",\"Resource\":[\"arn:aws:s3:::eac-artifacts-destination-b4978b17/*\"]}]}","role":"eac-replication-role-b4978b17"},"sensitive_values":{}},{"address":"module.s3_secure.aws_kms_key.sns_key_replica","mode":"managed","type":"aws_kms_key","name":"sns_key_replica","provider_name":"registry.terraform.io/hashicorp/aws","schema_version":0,"values":{"arn":"arn:aws:kms:us-west-2:779937513192:key/548a8a69-032c-4e1d-b074-ee5e3c4937f4","bypass_policy_lockout_safety_check":false,"custom_key_store_id":"","customer_master_key_spec":"SYMMETRIC_DEFAULT","deletion_window_in_days":10,"description":"KMS key for SNS topic encryption in replica region","enable_key_rotation":true,"id":"548a8a69-032c-4e1d-b074-ee5e3c4937f4","is_enabled":true,"key_id":"548a8a69-032c-4e1d-b074-ee5e3c4937f4","key_usage":"ENCRYPT_DECRYPT","multi_region":false,"policy":"{\"Statement\":[{\"Action\":\"kms:*\",\"Effect\":\"Allow\",\"Principal\":{\"AWS\":\"arn:aws:iam::779937513192:root\"},\"Resource\":\"*\",\"Sid\":\"EnableIAMUserPermissions\"}],\"Version\":\"2012-10-17\"}","rotation_period_in_days":365,"tags":{},"tags_all":{},"timeouts":null,"xks_key_id":""},"sensitive_values":{"tags":{},"tags_all":{}}},{"address":"module.s3_secure.aws_s3_bucket.artifacts","mode":"managed","type":"aws_s3_bucket","name":"artifacts","provider_name":"registry.terraform.io/hashicorp/aws","schema_version":0,"values":{"acceleration_status":"","acl":null,"arn":"arn:aws:s3:::eac-artifacts-b4978b17","bucket":"eac-artifacts-b4978b17","bucket_domain_name":"eac-artifacts-b4978b17.s3.amazonaws.com","bucket_prefix":"","bucket_regional_domain_name":"eac-artifacts-b4978b17.s3.us-east-1.amazonaws.com","cors_rule":[],"force_destroy":false,"grant":[{"id":"424286cc7a154fd7fdcc1362ac989ff00935cb0f2cb0daff64c6247291919b1f","permissions":["FULL_CONTROL"],"type":"CanonicalUser","uri":""}],"hosted_zone_id":"Z3AQBSTGFYJSTF","id":"eac-artifacts-b4978b17","lifecycle_rule":[{"abort_incomplete_multipart_upload_days":7,"enabled":true,"expiration":[{"date":"","days":365,"expired_object_delete_marker":false}],"id":"expire-old-objects","noncurrent_version_expiration":[],"noncurrent_version_transition":[],"prefix":"","tags":{},"transition":[]}],"logging":[{"target_bucket":"eac-artifacts-logs-b4978b17","target_prefix":"artifacts/"}],"object_lock_configuration":[],"object_lock_enabled":false,"policy":"","region":"us-east-1","replication_configuration":[{"role":"arn:aws:iam::779937513192:role/eac-replication-role-b4978b17","rules":[{"delete_marker_replication_status":"","destination":[{"access_control_translation":[],"account_id":"","bucket":"arn:aws:s3:::eac-artifacts-destination-b4978b17","metrics":[],"replica_kms_key_id":"","replication_time":[],"storage_class":"STANDARD"}],"filter":[{"prefix":null,"tags":null}],"id":"replicate-artifacts-to-destination","prefix":"","priority":0,"source_selection_criteria":[],"status":"Enabled"}]}],"request_payer":"BucketOwner","server_side_encryption_configuration":[{"rule":[{"apply_server_side_encryption_by_default":[{"kms_master_key_id":"","sse_algorithm":"aws:kms"}],"bucket_key_enabled":false}]}],"tags":{"Project":"unified-eac","Role":"primary"},"tags_all":{"Project":"unified-eac","Role":"primary"},"timeouts":null,"versioning":[{"enabled":true,"mfa_delete":false}],"website":[],"website_domain":null,"website_endpoint":null},"sensitive_values":{"cors_rule":[],"grant":[{"permissions":[false]}],"lifecycle_rule":[{"expiration":[{}],"noncurrent_version_expiration":[],"noncurrent_version_transition":[],"tags":{},"transition":[]}],"logging":[{}],"object_lock_configuration":[],"replication_configuration":[{"rules":[{"destination":[{"access_control_translation":[],"metrics":[],"replication_time":[]}],"filter":[{}],"source_selection_criteria":[]}]}],"server_side_encryption_configuration":[{"rule":[{"apply_server_side_encryption_by_default":[{}]}]}],"tags":{},"tags_all":{},"versioning":[{}],"website":[]}},{"address":"module.s3_secure.aws_s3_bucket.artifacts_log","mode":"managed","type":"aws_s3_bucket","name":"artifacts_log","provider_name":"registry.terraform.io/hashicorp/aws","schema_version":0,"values":{"acceleration_status":"","acl":null,"arn":"arn:aws:s3:::eac-artifacts-logs-b4978b17","bucket":"eac-artifacts-logs-b4978b17","bucket_domain_name":"eac-artifacts-logs-b4978b17.s3.amazonaws.com","bucket_prefix":"","bucket_regional_domain_name":"eac-artifacts-logs-b4978b17.s3.us-east-1.amazonaws.com","cors_rule":[],"force_destroy":false,"grant":[{"id":"424286cc7a154fd7fdcc1362ac989ff00935cb0f2cb0daff64c6247291919b1f","permissions":["FULL_CONTROL"],"type":"CanonicalUser","uri":""}],"hosted_zone_id":"Z3AQBSTGFYJSTF","id":"eac-artifacts-logs-b4978b17","lifecycle_rule":[{"abort_incomplete_multipart_upload_days":7,"enabled":true,"expiration":[],"id":"abort-failed-uploads","noncurrent_version_expiration":[],"noncurrent_version_transition":[],"prefix":"","tags":{},"transition":[]}],"logging":[],"object_lock_configuration":[],"object_lock_enabled":false,"policy":"","region":"us-east-1","replication_configuration":[{"role":"arn:aws:iam::779937513192:role/eac-replication-role-b4978b17","rules":[{"delete_marker_replication_status":"","destination":[{"access_control_translation":[],"account_id":"","bucket":"arn:aws:s3:::eac-artifacts-destination-b4978b17","metrics":[],"replica_kms_key_id":"","replication_time":[],"storage_class":"STANDARD"}],"filter":[{"prefix":null,"tags":null}],"id":"replicate-artifacts-log","prefix":"","priority":0,"source_selection_criteria":[],"status":"Enabled"}]}],"request_payer":"BucketOwner","server_side_encryption_configuration":[{"rule":[{"apply_server_side_encryption_by_default":[{"kms_master_key_id":"","sse_algorithm":"aws:kms"}],"bucket_key_enabled":false}]}],"tags":{"Project":"unified-eac","Role":"log"},"tags_all":{"Project":"unified-eac","Role":"log"},"timeouts":null,"versioning":[{"enabled":true,"mfa_delete":false}],"website":[],"website_domain":null,"website_endpoint":null},"sensitive_values":{"cors_rule":[],"grant":[{"permissions":[false]}],"lifecycle_rule":[{"expiration":[],"noncurrent_version_expiration":[],"noncurrent_version_transition":[],"tags":{},"transition":[]}],"logging":[],"object_lock_configuration":[],"replication_configuration":[{"rules":[{"destination":[{"access_control_translation":[],"metrics":[],"replication_time":[]}],"filter":[{}],"source_selection_criteria":[]}]}],"server_side_encryption_configuration":[{"rule":[{"apply_server_side_encryption_by_default":[{}]}]}],"tags":{},"tags_all":{},"versioning":[{}],"website":[]}},{"address":"module.s3_secure.aws_s3_bucket.destination_bucket","mode":"managed","type":"aws_s3_bucket","name":"destination_bucket","provider_name":"registry.terraform.io/hashicorp/aws","schema_version":0,"values":{"acceleration_status":"","acl":null,"arn":"arn:aws:s3:::eac-artifacts-destination-b4978b17","bucket":"eac-artifacts-destination-b4978b17","bucket_domain_name":"eac-artifacts-destination-b4978b17.s3.amazonaws.com","bucket_prefix":"","bucket_regional_domain_name":"eac-artifacts-destination-b4978b17.s3.us-west-2.amazonaws.com","cors_rule":[],"force_destroy":false,"grant":[{"id":"424286cc7a154fd7fdcc1362ac989ff00935cb0f2cb0daff64c6247291919b1f","permissions":["FULL_CONTROL"],"type":"CanonicalUser","uri":""}],"hosted_zone_id":"Z3BJ6K6RIION7M","id":"eac-artifacts-destination-b4978b17","lifecycle_rule":[{"abort_incomplete_multipart_upload_days":7,"enabled":true,"expiration":[{"date":"","days":365,"expired_object_delete_marker":false}],"id":"expire-destination-objects","noncurrent_version_expiration":[],"noncurrent_version_transition":[],"prefix":"","tags":{},"transition":[]}],"logging":[{"target_bucket":"eac-artifacts-logs-replica-b4978b17","target_prefix":"replica/"}],"object_lock_configuration":[],"object_lock_enabled":false,"policy":"","region":"us-west-2","replication_configuration":[],"request_payer":"BucketOwner","server_side_encryption_configuration":[{"rule":[{"apply_server_side_encryption_by_default":[{"kms_master_key_id":"","sse_algorithm":"aws:kms"}],"bucket_key_enabled":false}]}],"tags":{"Project":"unified-eac","Role":"destination"},"tags_all":{"Project":"unified-eac","Role":"destination"},"timeouts":null,"versioning":[{"enabled":true,"mfa_delete":false}],"website":[],"website_domain":null,"website_endpoint":null},"sensitive_values":{"cors_rule":[],"grant":[{"permissions":[false]}],"lifecycle_rule":[{"expiration":[{}],"noncurrent_version_expiration":[],"noncurrent_version_transition":[],"tags":{},"transition":[]}],"logging":[{}],"object_lock_configuration":[],"replication_configuration":[],"server_side_encryption_configuration":[{"rule":[{"apply_server_side_encryption_by_default":[{}]}]}],"tags":{},"tags_all":{},"versioning":[{}],"website":[]}},{"address":"module.s3_secure.aws_s3_bucket.destination_log","mode":"managed","type":"aws_s3_bucket","name":"destination_log","provider_name":"registry.terraform.io/hashicorp/aws","schema_version":0,"values":{"acceleration_status":"","acl":null,"arn":"arn:aws:s3:::eac-artifacts-logs-replica-b4978b17","bucket":"eac-artifacts-logs-replica-b4978b17","bucket_domain_name":"eac-artifacts-logs-replica-b4978b17.s3.amazonaws.com","bucket_prefix":"","bucket_regional_domain_name":"eac-artifacts-logs-replica-b4978b17.s3.us-west-2.amazonaws.com","cors_rule":[],"force_destroy":false,"grant":[{"id":"424286cc7a154fd7fdcc1362ac989ff00935cb0f2cb0daff64c6247291919b1f","permissions":["FULL_CONTROL"],"type":"CanonicalUser","uri":""}],"hosted_zone_id":"Z3BJ6K6RIION7M","id":"eac-artifacts-logs-replica-b4978b17","lifecycle_rule":[{"abort_incomplete_multipart_upload_days":7,"enabled":true,"expiration":[{"date":"","days":365,"expired_object_delete_marker":false}],"id":"expire-destination-log-objects","noncurrent_version_expiration":[],"noncurrent_version_transition":[],"prefix":"","tags":{},"transition":[]}],"logging":[],"object_lock_configuration":[],"object_lock_enabled":false,"policy":"","region":"us-west-2","replication_configuration":[],"request_payer":"BucketOwner","server_side_encryption_configuration":[{"rule":[{"apply_server_side_encryption_by_default":[{"kms_master_key_id":"","sse_algorithm":"aws:kms"}],"bucket_key_enabled":false}]}],"tags":{"Project":"unified-eac","Role":"replica-log"},"tags_all":{"Project":"unified-eac","Role":"replica-log"},"timeouts":null,"versioning":[{"enabled":true,"mfa_delete":false}],"website":[],"website_domain":null,"website_endpoint":null},"sensitive_values":{"cors_rule":[],"grant":[{"permissions":[false]}],"lifecycle_rule":[{"expiration":[{}],"noncurrent_version_expiration":[],"noncurrent_version_transition":[],"tags":{},"transition":[]}],"logging":[],"object_lock_configuration":[],"replication_configuration":[],"server_side_encryption_configuration":[{"rule":[{"apply_server_side_encryption_by_default":[{}]}]}],"tags":{},"tags_all":{},"versioning":[{}],"website":[]}},{"address":"module.s3_secure.aws_s3_bucket_lifecycle_configuration.artifacts_lifecycle","mode":"managed","type":"aws_s3_bucket_lifecycle_configuration","name":"artifacts_lifecycle","provider_name":"registry.terraform.io/hashicorp/aws","schema_version":1,"values":{"bucket":"eac-artifacts-b4978b17","expected_bucket_owner":"","id":"eac-artifacts-b4978b17","rule":[{"abort_incomplete_multipart_upload":[{"days_after_initiation":7}],"expiration":[{"date":null,"days":365,"expired_object_delete_marker":false}],"filter":[{"and":[],"object_size_greater_than":null,"object_size_less_than":null,"prefix":"","tag":[]}],"id":"expire-old-objects","noncurrent_version_expiration":[],"noncurrent_version_transition":[],"prefix":"","status":"Enabled","transition":[]}],"timeouts":null,"transition_default_minimum_object_size":"all_storage_classes_128K"},"sensitive_values":{"rule":[{"abort_incomplete_multipart_upload":[{}],"expiration":[{}],"filter":[{"and":[],"tag":[]}],"noncurrent_version_expiration":[],"noncurrent_version_transition":[],"transition":[]}]}},{"address":"module.s3_secure.aws_s3_bucket_lifecycle_configuration.artifacts_log_lifecycle","mode":"managed","type":"aws_s3_bucket_lifecycle_configuration","name":"artifacts_log_lifecycle","provider_name":"registry.terraform.io/hashicorp/aws","schema_version":1,"values":{"bucket":"eac-artifacts-logs-b4978b17","expected_bucket_owner":"","id":"eac-artifacts-logs-b4978b17","rule":[{"abort_incomplete_multipart_upload":[{"days_after_initiation":7}],"expiration":[],"filter":[{"and":[],"object_size_greater_than":null,"object_size_less_than":null,"prefix":"","tag":[]}],"id":"abort-failed-uploads","noncurrent_version_expiration":[],"noncurrent_version_transition":[],"prefix":"","status":"Enabled","transition":[]}],"timeouts":null,"transition_default_minimum_object_size":"all_storage_classes_128K"},"sensitive_values":{"rule":[{"abort_incomplete_multipart_upload":[{}],"expiration":[],"filter":[{"and":[],"tag":[]}],"noncurrent_version_expiration":[],"noncurrent_version_transition":[],"transition":[]}]}},{"address":"module.s3_secure.aws_s3_bucket_lifecycle_configuration.destination_lifecycle","mode":"managed","type":"aws_s3_bucket_lifecycle_configuration","name":"destination_lifecycle","provider_name":"registry.terraform.io/hashicorp/aws","schema_version":1,"values":{"bucket":"eac-artifacts-destination-b4978b17","expected_bucket_owner":"","id":"eac-artifacts-destination-b4978b17","rule":[{"abort_incomplete_multipart_upload":[{"days_after_initiation":7}],"expiration":[{"date":null,"days":365,"expired_object_delete_marker":false}],"filter":[{"and":[],"object_size_greater_than":null,"object_size_less_than":null,"prefix":"","tag":[]}],"id":"expire-destination-objects","noncurrent_version_expiration":[],"noncurrent_version_transition":[],"prefix":"","status":"Enabled","transition":[]}],"timeouts":null,"transition_default_minimum_object_size":"all_storage_classes_128K"},"sensitive_values":{"rule":[{"abort_incomplete_multipart_upload":[{}],"expiration":[{}],"filter":[{"and":[],"tag":[]}],"noncurrent_version_expiration":[],"noncurrent_version_transition":[],"transition":[]}]}},{"address":"module.s3_secure.aws_s3_bucket_lifecycle_configuration.destination_log_lifecycle","mode":"managed","type":"aws_s3_bucket_lifecycle_configuration","name":"destination_log_lifecycle","provider_name":"registry.terraform.io/hashicorp/aws","schema_version":1,"values":{"bucket":"eac-artifacts-logs-replica-b4978b17","expected_bucket_owner":"","id":"eac-artifacts-logs-replica-b4978b17","rule":[{"abort_incomplete_multipart_upload":[{"days_after_initiation":7}],"expiration":[{"date":null,"days":365,"expired_object_delete_marker":false}],"filter":[{"and":[],"object_size_greater_than":null,"object_size_less_than":null,"prefix":"","tag":[]}],"id":"expire-destination-log-objects","noncurrent_version_expiration":[],"noncurrent_version_transition":[],"prefix":"","status":"Enabled","transition":[]}],"timeouts":null,"transition_default_minimum_object_size":"all_storage_classes_128K"},"sensitive_values":{"rule":[{"abort_incomplete_multipart_upload":[{}],"expiration":[{}],"filter":[{"and":[],"tag":[]}],"noncurrent_version_expiration":[],"noncurrent_version_transition":[],"transition":[]}]}},{"address":"module.s3_secure.aws_s3_bucket_logging.artifacts_access_logging","mode":"managed","type":"aws_s3_bucket_logging","name":"artifacts_access_logging","provider_name":"registry.terraform.io/hashicorp/aws","schema_version":0,"values":{"bucket":"eac-artifacts-b4978b17","expected_bucket_owner":"","id":"eac-artifacts-b4978b17","target_bucket":"eac-artifacts-logs-b4978b17","target_grant":[],"target_object_key_format":[],"target_prefix":"artifacts/"},"sensitive_values":{"target_grant":[],"target_object_key_format":[]}},{"address":"module.s3_secure.aws_s3_bucket_logging.destination_access_logging","mode":"managed","type":"aws_s3_bucket_logging","name":"destination_access_logging","provider_name":"registry.terraform.io/hashicorp/aws","schema_version":0,"values":{"bucket":"eac-artifacts-destination-b4978b17","expected_bucket_owner":"","id":"eac-artifacts-destination-b4978b17","target_bucket":"eac-artifacts-logs-replica-b4978b17","target_grant":[],"target_object_key_format":[],"target_prefix":"replica/"},"sensitive_values":{"target_grant":[],"target_object_key_format":[]}},{"address":"module.s3_secure.aws_s3_bucket_notification.artifacts_log_notifications","mode":"managed","type":"aws_s3_bucket_notification","name":"artifacts_log_notifications","provider_name":"registry.terraform.io/hashicorp/aws","schema_version":0,"values":{"bucket":"eac-artifacts-logs-b4978b17","eventbridge":false,"id":"eac-artifacts-logs-b4978b17","lambda_function":[],"queue":[],"topic":[{"events":["s3:ObjectCreated:*"],"filter_prefix":"","filter_suffix":"","id":"tf-s3-topic-20251111200345403100000001","topic_arn":"arn:aws:sns:us-east-1:779937513192:eac-artifacts-events-b4978b17"}]},"sensitive_values":{"lambda_function":[],"queue":[],"topic":[{"events":[false]}]}},{"address":"module.s3_secure.aws_s3_bucket_notification.artifacts_notifications","mode":"managed","type":"aws_s3_bucket_notification","name":"artifacts_notifications","provider_name":"registry.terraform.io/hashicorp/aws","schema_version":0,"values":{"bucket":"eac-artifacts-b4978b17","eventbridge":false,"id":"eac-artifacts-b4978b17","lambda_function":[],"queue":[],"topic":[{"events":["s3:ObjectCreated:*"],"filter_prefix":"","filter_suffix":"","id":"tf-s3-topic-20251111200345726800000002","topic_arn":"arn:aws:sns:us-east-1:779937513192:eac-artifacts-events-b4978b17"}]},"sensitive_values":{"lambda_function":[],"queue":[],"topic":[{"events":[false]}]}},{"address":"module.s3_secure.aws_s3_bucket_notification.destination_log_notifications","mode":"managed","type":"aws_s3_bucket_notification","name":"destination_log_notifications","provider_name":"registry.terraform.io/hashicorp/aws","schema_version":0,"values":{"bucket":"eac-artifacts-logs-replica-b4978b17","eventbridge":false,"id":"eac-artifacts-logs-replica-b4978b17","lambda_function":[],"queue":[],"topic":[{"events":["s3:ObjectCreated:*"],"filter_prefix":"","filter_suffix":"","id":"tf-s3-topic-20251111200350902300000002","topic_arn":"arn:aws:sns:us-west-2:779937513192:eac-artifacts-events-replica-b4978b17"}]},"sensitive_values":{"lambda_function":[],"queue":[],"topic":[{"events":[false]}]}},{"address":"module.s3_secure.aws_s3_bucket_notification.destination_notifications","mode":"managed","type":"aws_s3_bucket_notification","name":"destination_notifications","provider_name":"registry.terraform.io/hashicorp/aws","schema_version":0,"values":{"bucket":"eac-artifacts-destination-b4978b17","eventbridge":false,"lambda_function":[],"queue":[],"topic":[{"events":["s3:ObjectCreated:*"],"filter_prefix":null,"filter_suffix":null,"topic_arn":"arn:aws:sns:us-west-2:779937513192:eac-artifacts-events-replica-b4978b17"}]},"sensitive_values":{"lambda_function":[],"queue":[],"topic":[{"events":[false]}]}},{"address":"module.s3_secure.aws_s3_bucket_public_access_block.artifacts_log_public_access","mode":"managed","type":"aws_s3_bucket_public_access_block","name":"artifacts_log_public_access","provider_name":"registry.terraform.io/hashicorp/aws","schema_version":0,"values":{"block_public_acls":true,"block_public_policy":true,"bucket":"eac-artifacts-logs-b4978b17","id":"eac-artifacts-logs-b4978b17","ignore_public_acls":true,"restrict_public_buckets":true},"sensitive_values":{}},{"address":"module.s3_secure.aws_s3_bucket_public_access_block.artifacts_public_access","mode":"managed","type":"aws_s3_bucket_public_access_block","name":"artifacts_public_access","provider_name":"registry.terraform.io/hashicorp/aws","schema_version":0,"values":{"block_public_acls":true,"block_public_policy":true,"bucket":"eac-artifacts-b4978b17","id":"eac-artifacts-b4978b17","ignore_public_acls":true,"restrict_public_buckets":true},"sensitive_values":{}},{"address":"module.s3_secure.aws_s3_bucket_public_access_block.destination_log_pab","mode":"managed","type":"aws_s3_bucket_public_access_block","name":"destination_log_pab","provider_name":"registry.terraform.io/hashicorp/aws","schema_version":0,"values":{"block_public_acls":true,"block_public_policy":true,"bucket":"eac-artifacts-logs-replica-b4978b17","id":"eac-artifacts-logs-replica-b4978b17","ignore_public_acls":true,"restrict_public_buckets":true},"sensitive_values":{}},{"address":"module.s3_secure.aws_s3_bucket_public_access_block.destination_public_access","mode":"managed","type":"aws_s3_bucket_public_access_block","name":"destination_public_access","provider_name":"registry.terraform.io/hashicorp/aws","schema_version":0,"values":{"block_public_acls":true,"block_public_policy":true,"bucket":"eac-artifacts-destination-b4978b17","id":"eac-artifacts-destination-b4978b17","ignore_public_acls":true,"restrict_public_buckets":true},"sensitive_values":{}},{"address":"module.s3_secure.aws_s3_bucket_replication_configuration.artifacts_log_replication","mode":"managed","type":"aws_s3_bucket_replication_configuration","name":"artifacts_log_replication","provider_name":"registry.terraform.io/hashicorp/aws","schema_version":0,"values":{"bucket":"eac-artifacts-logs-b4978b17","id":"eac-artifacts-logs-b4978b17","role":"arn:aws:iam::779937513192:role/eac-replication-role-b4978b17","rule":[{"delete_marker_replication":[{"status":"Disabled"}],"destination":[{"access_control_translation":[],"account":"","bucket":"arn:aws:s3:::eac-artifacts-destination-b4978b17","encryption_configuration":[],"metrics":[],"replication_time":[],"storage_class":"STANDARD"}],"existing_object_replication":[],"filter":[{"and":[],"prefix":"","tag":[]}],"id":"replicate-artifacts-log","prefix":"","priority":0,"source_selection_criteria":[],"status":"Enabled"}],"token":null},"sensitive_values":{"rule":[{"delete_marker_replication":[{}],"destination":[{"access_control_translation":[],"encryption_configuration":[],"metrics":[],"replication_time":[]}],"existing_object_replication":[],"filter":[{"and":[],"tag":[]}],"source_selection_criteria":[]}],"token":true}},{"address":"module.s3_secure.aws_s3_bucket_replication_configuration.artifacts_replication","mode":"managed","type":"aws_s3_bucket_replication_configuration","name":"artifacts_replication","provider_name":"registry.terraform.io/hashicorp/aws","schema_version":0,"values":{"bucket":"eac-artifacts-b4978b17","id":"eac-artifacts-b4978b17","role":"arn:aws:iam::779937513192:role/eac-replication-role-b4978b17","rule":[{"delete_marker_replication":[{"status":"Disabled"}],"destination":[{"access_control_translation":[],"account":"","bucket":"arn:aws:s3:::eac-artifacts-destination-b4978b17","encryption_configuration":[],"metrics":[],"replication_time":[],"storage_class":"STANDARD"}],"existing_object_replication":[],"filter":[{"and":[],"prefix":"","tag":[]}],"id":"replicate-artifacts-to-destination","prefix":"","priority":0,"source_selection_criteria":[],"status":"Enabled"}],"token":null},"sensitive_values":{"rule":[{"delete_marker_replication":[{}],"destination":[{"access_control_translation":[],"encryption_configuration":[],"metrics":[],"replication_time":[]}],"existing_object_replication":[],"filter":[{"and":[],"tag":[]}],"source_selection_criteria":[]}],"token":true}},{"address":"module.s3_secure.aws_s3_bucket_replication_configuration.destination_cross_region_replication","mode":"managed","type":"aws_s3_bucket_replication_configuration","name":"destination_cross_region_replication","provider_name":"registry.terraform.io/hashicorp/aws","schema_version":0,"values":{"bucket":"eac-artifacts-destination-b4978b17","role":"arn:aws:iam::779937513192:role/eac-replication-role-b4978b17","rule":[{"delete_marker_replication":[{"status":"Disabled"}],"destination":[{"access_control_translation":[],"account":null,"bucket":"arn:aws:s3:::eac-artifacts-b4978b17","encryption_configuration":[],"metrics":[],"replication_time":[],"storage_class":"STANDARD_IA"}],"existing_object_replication":[],"filter":[{"and":[],"prefix":"","tag":[]}],"id":"replicate-destination-cross-region","prefix":null,"priority":null,"source_selection_criteria":[],"status":"Enabled"}],"token":null},"sensitive_values":{"rule":[{"delete_marker_replication":[{}],"destination":[{"access_control_translation":[],"encryption_configuration":[],"metrics":[],"replication_time":[]}],"existing_object_replication":[],"filter":[{"and":[],"tag":[]}],"source_selection_criteria":[]}],"token":true}},{"address":"module.s3_secure.aws_s3_bucket_replication_configuration.destination_log_replication","mode":"managed","type":"aws_s3_bucket_replication_configuration","name":"destination_log_replication","provider_name":"registry.terraform.io/hashicorp/aws","schema_version":0,"values":{"bucket":"eac-artifacts-logs-replica-b4978b17","role":"arn:aws:iam::779937513192:role/eac-replication-role-b4978b17","rule":[{"delete_marker_replication":[{"status":"Disabled"}],"destination":[{"access_control_translation":[],"account":null,"bucket":"arn:aws:s3:::eac-artifacts-logs-b4978b17","encryption_configuration":[],"metrics":[],"replication_time":[],"storage_class":"STANDARD_IA"}],"existing_object_replication":[],"filter":[{"and":[],"prefix":"","tag":[]}],"id":"replicate-destination-logs","prefix":null,"priority":null,"source_selection_criteria":[],"status":"Enabled"}],"token":null},"sensitive_values":{"rule":[{"delete_marker_replication":[{}],"destination":[{"access_control_translation":[],"encryption_configuration":[],"metrics":[],"replication_time":[]}],"existing_object_replication":[],"filter":[{"and":[],"tag":[]}],"source_selection_criteria":[]}],"token":true}},{"address":"module.s3_secure.aws_s3_bucket_server_side_encryption_configuration.artifacts_encryption","mode":"managed","type":"aws_s3_bucket_server_side_encryption_configuration","name":"artifacts_encryption","provider_name":"registry.terraform.io/hashicorp/aws","schema_version":0,"values":{"bucket":"eac-artifacts-b4978b17","expected_bucket_owner":"","id":"eac-artifacts-b4978b17","rule":[{"apply_server_side_encryption_by_default":[{"kms_master_key_id":"","sse_algorithm":"aws:kms"}],"bucket_key_enabled":false}]},"sensitive_values":{"rule":[{"apply_server_side_encryption_by_default":[{}]}]}},{"address":"module.s3_secure.aws_s3_bucket_server_side_encryption_configuration.artifacts_log_encryption","mode":"managed","type":"aws_s3_bucket_server_side_encryption_configuration","name":"artifacts_log_encryption","provider_name":"registry.terraform.io/hashicorp/aws","schema_version":0,"values":{"bucket":"eac-artifacts-logs-b4978b17","expected_bucket_owner":"","id":"eac-artifacts-logs-b4978b17","rule":[{"apply_server_side_encryption_by_default":[{"kms_master_key_id":"","sse_algorithm":"aws:kms"}],"bucket_key_enabled":false}]},"sensitive_values":{"rule":[{"apply_server_side_encryption_by_default":[{}]}]}},{"address":"module.s3_secure.aws_s3_bucket_server_side_encryption_configuration.destination_encryption","mode":"managed","type":"aws_s3_bucket_server_side_encryption_configuration","name":"destination_encryption","provider_name":"registry.terraform.io/hashicorp/aws","schema_version":0,"values":{"bucket":"eac-artifacts-destination-b4978b17","expected_bucket_owner":"","id":"eac-artifacts-destination-b4978b17","rule":[{"apply_server_side_encryption_by_default":[{"kms_master_key_id":"","sse_algorithm":"aws:kms"}],"bucket_key_enabled":false}]},"sensitive_values":{"rule":[{"apply_server_side_encryption_by_default":[{}]}]}},{"address":"module.s3_secure.aws_s3_bucket_server_side_encryption_configuration.destination_log_encryption","mode":"managed","type":"aws_s3_bucket_server_side_encryption_configuration","name":"destination_log_encryption","provider_name":"registry.terraform.io/hashicorp/aws","schema_version":0,"values":{"bucket":"eac-artifacts-logs-replica-b4978b17","expected_bucket_owner":"","id":"eac-artifacts-logs-replica-b4978b17","rule":[{"apply_server_side_encryption_by_default":[{"kms_master_key_id":"","sse_algorithm":"aws:kms"}],"bucket_key_enabled":false}]},"sensitive_values":{"rule":[{"apply_server_side_encryption_by_default":[{}]}]}},{"address":"module.s3_secure.aws_s3_bucket_versioning.artifacts_log_versioning","mode":"managed","type":"aws_s3_bucket_versioning","name":"artifacts_log_versioning","provider_name":"registry.terraform.io/hashicorp/aws","schema_version":0,"values":{"bucket":"eac-artifacts-logs-b4978b17","expected_bucket_owner":"","id":"eac-artifacts-logs-b4978b17","mfa":null,"versioning_configuration":[{"mfa_delete":"","status":"Enabled"}]},"sensitive_values":{"versioning_configuration":[{}]}},{"address":"module.s3_secure.aws_s3_bucket_versioning.artifacts_versioning","mode":"managed","type":"aws_s3_bucket_versioning","name":"artifacts_versioning","provider_name":"registry.terraform.io/hashicorp/aws","schema_version":0,"values":{"bucket":"eac-artifacts-b4978b17","expected_bucket_owner":"","id":"eac-artifacts-b4978b17","mfa":null,"versioning_configuration":[{"mfa_delete":"","status":"Enabled"}]},"sensitive_values":{"versioning_configuration":[{}]}},{"address":"module.s3_secure.aws_s3_bucket_versioning.destination_log_versioning","mode":"managed","type":"aws_s3_bucket_versioning","name":"destination_log_versioning","provider_name":"registry.terraform.io/hashicorp/aws","schema_version":0,"values":{"bucket":"eac-artifacts-logs-replica-b4978b17","expected_bucket_owner":"","id":"eac-artifacts-logs-replica-b4978b17","mfa":null,"versioning_configuration":[{"mfa_delete":"","status":"Enabled"}]},"sensitive_values":{"versioning_configuration":[{}]}},{"address":"module.s3_secure.aws_s3_bucket_versioning.destination_versioning","mode":"managed","type":"aws_s3_bucket_versioning","name":"destination_versioning","provider_name":"registry.terraform.io/hashicorp/aws","schema_version":0,"values":{"bucket":"eac-artifacts-destination-b4978b17","expected_bucket_owner":"","id":"eac-artifacts-destination-b4978b17","mfa":null,"versioning_configuration":[{"mfa_delete":"","status":"Enabled"}]},"sensitive_values":{"versioning_configuration":[{}]}},{"address":"module.s3_secure.aws_sns_topic.artifacts_events_replica","mode":"managed","type":"aws_sns_topic","name":"artifacts_events_replica","provider_name":"registry.terraform.io/hashicorp/aws","schema_version":0,"values":{"application_failure_feedback_role_arn":"","application_success_feedback_role_arn":"","application_success_feedback_sample_rate":0,"archive_policy":"","arn":"arn:aws:sns:us-west-2:779937513192:eac-artifacts-events-replica-b4978b17","beginning_archive_time":"","content_based_deduplication":false,"delivery_policy":"","display_name":"","fifo_throughput_scope":"","fifo_topic":false,"firehose_failure_feedback_role_arn":"","firehose_success_feedback_role_arn":"","firehose_success_feedback_sample_rate":0,"http_failure_feedback_role_arn":"","http_success_feedback_role_arn":"","http_success_feedback_sample_rate":0,"id":"arn:aws:sns:us-west-2:779937513192:eac-artifacts-events-replica-b4978b17","kms_master_key_id":"arn:aws:kms:us-west-2:779937513192:key/548a8a69-032c-4e1d-b074-ee5e3c4937f4","lambda_failure_feedback_role_arn":"","lambda_success_feedback_role_arn":"","lambda_success_feedback_sample_rate":0,"name":"eac-artifacts-events-replica-b4978b17","name_prefix":"","owner":"779937513192","policy":"{\"Statement\":[{\"Action\":\"SNS:Publish\",\"Condition\":{\"ArnLike\":{\"aws:SourceArn\":\"arn:aws:s3:::eac-artifacts-logs-replica-b4978b17\"}},\"Effect\":\"Allow\",\"Principal\":{\"Service\":\"s3.amazonaws.com\"},\"Resource\":\"arn:aws:sns:us-west-2:779937513192:eac-artifacts-events-replica-b4978b17\",\"Sid\":\"AllowS3PublishReplica\"}],\"Version\":\"2012-10-17\"}","signature_version":0,"sqs_failure_feedback_role_arn":"","sqs_success_feedback_role_arn":"","sqs_success_feedback_sample_rate":0,"tags":{},"tags_all":{},"tracing_config":""},"sensitive_values":{"tags":{},"tags_all":{}}},{"address":"module.s3_secure.aws_sns_topic_policy.allow_s3_publish_destination_replica","mode":"managed","type":"aws_sns_topic_policy","name":"allow_s3_publish_destination_replica","provider_name":"registry.terraform.io/hashicorp/aws","schema_version":0,"values":{"arn":"arn:aws:sns:us-west-2:779937513192:eac-artifacts-events-replica-b4978b17","id":"arn:aws:sns:us-west-2:779937513192:eac-artifacts-events-replica-b4978b17","owner":"779937513192","policy":"{\"Statement\":[{\"Action\":\"SNS:Publish\",\"Condition\":{\"ArnLike\":{\"aws:SourceArn\":\"arn:aws:s3:::eac-artifacts-destination-b4978b17\"}},\"Effect\":\"Allow\",\"Principal\":{\"Service\":\"s3.amazonaws.com\"},\"Resource\":\"arn:aws:sns:us-west-2:779937513192:eac-artifacts-events-replica-b4978b17\",\"Sid\":\"AllowS3PublishDestinationReplica\"}],\"Version\":\"2012-10-17\"}"},"sensitive_values":{}},{"address":"module.s3_secure.aws_sns_topic_policy.allow_s3_publish_replica","mode":"managed","type":"aws_sns_topic_policy","name":"allow_s3_publish_replica","provider_name":"registry.terraform.io/hashicorp/aws","schema_version":0,"values":{"arn":"arn:aws:sns:us-west-2:779937513192:eac-artifacts-events-replica-b4978b17","id":"arn:aws:sns:us-west-2:779937513192:eac-artifacts-events-replica-b4978b17","owner":"779937513192","policy":"{\"Statement\":[{\"Action\":\"SNS:Publish\",\"Condition\":{\"ArnLike\":{\"aws:SourceArn\":\"arn:aws:s3:::eac-artifacts-logs-replica-b4978b17\"}},\"Effect\":\"Allow\",\"Principal\":{\"Service\":\"s3.amazonaws.com\"},\"Resource\":\"arn:aws:sns:us-west-2:779937513192:eac-artifacts-events-replica-b4978b17\",\"Sid\":\"AllowS3PublishReplica\"}],\"Version\":\"2012-10-17\"}"},"sensitive_values":{}}],"address":"module.s3_secure"}]}},"resource_drift":[{"address":"aws_kms_key.sns_key","mode":"managed","type":"aws_kms_key","name":"sns_key","provider_name":"registry.terraform.io/hashicorp/aws","change":{"actions":["update"],"before":{"arn":"arn:aws:kms:us-east-1:779937513192:key/6ed249ea-67cb-40f3-9077-cb9d069e2118","bypass_policy_lockout_safety_check":false,"custom_key_store_id":"","customer_master_key_spec":"SYMMETRIC_DEFAULT","deletion_window_in_days":10,"description":"KMS key for SNS topic encryption","enable_key_rotation":true,"id":"6ed249ea-67cb-40f3-9077-cb9d069e2118","is_enabled":true,"key_id":"6ed249ea-67cb-40f3-9077-cb9d069e2118","key_usage":"ENCRYPT_DECRYPT","multi_region":false,"policy":"{\"Statement\":[{\"Action\":\"kms:*\",\"Effect\":\"Allow\",\"Principal\":{\"AWS\":\"arn:aws:iam::779937513192:root\"},\"Resource\":\"*\",\"Sid\":\"Enable IAM User Permissions\"}],\"Version\":\"2012-10-17\"}","rotation_period_in_days":365,"tags":null,"tags_all":{},"timeouts":null,"xks_key_id":""},"after":{"arn":"arn:aws:kms:us-east-1:779937513192:key/6ed249ea-67cb-40f3-9077-cb9d069e2118","bypass_policy_lockout_safety_check":false,"custom_key_store_id":"","customer_master_key_spec":"SYMMETRIC_DEFAULT","deletion_window_in_days":10,"description":"KMS key for SNS topic encryption","enable_key_rotation":true,"id":"6ed249ea-67cb-40f3-9077-cb9d069e2118","is_enabled":true,"key_id":"6ed249ea-67cb-40f3-9077-cb9d069e2118","key_usage":"ENCRYPT_DECRYPT","multi_region":false,"policy":"{\"Statement\":[{\"Action\":\"kms:*\",\"Effect\":\"Allow\",\"Principal\":{\"AWS\":\"arn:aws:iam::779937513192:root\"},\"Resource\":\"*\",\"Sid\":\"Enable IAM User Permissions\"}],\"Version\":\"2012-10-17\"}","rotation_period_in_days":365,"tags":{},"tags_all":{},"timeouts":null,"xks_key_id":""},"after_unknown":{},"before_sensitive":{"tags_all":{}},"after_sensitive":{"tags":{},"tags_all":{}}}},{"address":"aws_sns_topic.artifacts_events","mode":"managed","type":"aws_sns_topic","name":"artifacts_events","provider_name":"registry.terraform.io/hashicorp/aws","change":{"actions":["update"],"before":{"application_failure_feedback_role_arn":"","application_success_feedback_role_arn":"","application_success_feedback_sample_rate":0,"archive_policy":"","arn":"arn:aws:sns:us-east-1:779937513192:eac-artifacts-events-b4978b17","beginning_archive_time":"","content_based_deduplication":false,"delivery_policy":"","display_name":"","fifo_throughput_scope":"","fifo_topic":false,"firehose_failure_feedback_role_arn":"","firehose_success_feedback_role_arn":"","firehose_success_feedback_sample_rate":0,"http_failure_feedback_role_arn":"","http_success_feedback_role_arn":"","http_success_feedback_sample_rate":0,"id":"arn:aws:sns:us-east-1:779937513192:eac-artifacts-events-b4978b17","kms_master_key_id":"arn:aws:kms:us-east-1:779937513192:key/6ed249ea-67cb-40f3-9077-cb9d069e2118","lambda_failure_feedback_role_arn":"","lambda_success_feedback_role_arn":"","lambda_success_feedback_sample_rate":0,"name":"eac-artifacts-events-b4978b17","name_prefix":"","owner":"779937513192","policy":"{\"Id\":\"__default_policy_ID\",\"Statement\":[{\"Action\":[\"SNS:GetTopicAttributes\",\"SNS:SetTopicAttributes\",\"SNS:AddPermission\",\"SNS:RemovePermission\",\"SNS:DeleteTopic\",\"SNS:Subscribe\",\"SNS:ListSubscriptionsByTopic\",\"SNS:Publish\"],\"Condition\":{\"StringEquals\":{\"AWS:SourceOwner\":\"779937513192\"}},\"Effect\":\"Allow\",\"Principal\":{\"AWS\":\"*\"},\"Resource\":\"arn:aws:sns:us-east-1:779937513192:eac-artifacts-events-b4978b17\",\"Sid\":\"__default_statement_ID\"}],\"Version\":\"2008-10-17\"}","signature_version":0,"sqs_failure_feedback_role_arn":"","sqs_success_feedback_role_arn":"","sqs_success_feedback_sample_rate":0,"tags":null,"tags_all":{},"tracing_config":""},"after":{"application_failure_feedback_role_arn":"","application_success_feedback_role_arn":"","application_success_feedback_sample_rate":0,"archive_policy":"","arn":"arn:aws:sns:us-east-1:779937513192:eac-artifacts-events-b4978b17","beginning_archive_time":"","content_based_deduplication":false,"delivery_policy":"","display_name":"","fifo_throughput_scope":"","fifo_topic":false,"firehose_failure_feedback_role_arn":"","firehose_success_feedback_role_arn":"","firehose_success_feedback_sample_rate":0,"http_failure_feedback_role_arn":"","http_success_feedback_role_arn":"","http_success_feedback_sample_rate":0,"id":"arn:aws:sns:us-east-1:779937513192:eac-artifacts-events-b4978b17","kms_master_key_id":"arn:aws:kms:us-east-1:779937513192:key/6ed249ea-67cb-40f3-9077-cb9d069e2118","lambda_failure_feedback_role_arn":"","lambda_success_feedback_role_arn":"","lambda_success_feedback_sample_rate":0,"name":"eac-artifacts-events-b4978b17","name_prefix":"","owner":"779937513192","policy":"{\"Statement\":[{\"Action\":\"SNS:Publish\",\"Effect\":\"Allow\",\"Principal\":{\"Service\":\"s3.amazonaws.com\"},\"Resource\":\"arn:aws:sns:us-east-1:779937513192:eac-artifacts-events-b4978b17\",\"Sid\":\"AllowS3Publish\"}],\"Version\":\"2012-10-17\"}","signature_version":0,"sqs_failure_feedback_role_arn":"","sqs_success_feedback_role_arn":"","sqs_success_feedback_sample_rate":0,"tags":{},"tags_all":{},"tracing_config":""},"after_unknown":{},"before_sensitive":{"tags_all":{}},"after_sensitive":{"tags":{},"tags_all":{}}}},{"address":"module.s3_secure.aws_iam_role.replication_role","module_address":"module.s3_secure","mode":"managed","type":"aws_iam_role","name":"replication_role","provider_name":"registry.terraform.io/hashicorp/aws","change":{"actions":["update"],"before":{"arn":"arn:aws:iam::779937513192:role/eac-replication-role-b4978b17","assume_role_policy":"{\"Statement\":[{\"Action\":\"sts:AssumeRole\",\"Effect\":\"Allow\",\"Principal\":{\"Service\":\"s3.amazonaws.com\"}}],\"Version\":\"2012-10-17\"}","create_date":"2025-11-11T20:03:41Z","description":"","force_detach_policies":false,"id":"eac-replication-role-b4978b17","inline_policy":[],"managed_policy_arns":[],"max_session_duration":3600,"name":"eac-replication-role-b4978b17","name_prefix":"","path":"/","permissions_boundary":"","tags":null,"tags_all":{},"unique_id":"AROA3LF7F73UIKNZ5BTLP"},"after":{"arn":"arn:aws:iam::779937513192:role/eac-replication-role-b4978b17","assume_role_policy":"{\"Statement\":[{\"Action\":\"sts:AssumeRole\",\"Effect\":\"Allow\",\"Principal\":{\"Service\":\"s3.amazonaws.com\"}}],\"Version\":\"2012-10-17\"}","create_date":"2025-11-11T20:03:41Z","description":"","force_detach_policies":false,"id":"eac-replication-role-b4978b17","inline_policy":[{"name":"eac-replication-policy-b4978b17","policy":"{\"Version\":\"2012-10-17\",\"Statement\":[{\"Action\":[\"s3:GetReplicationConfiguration\",\"s3:ListBucket\"],\"Effect\":\"Allow\",\"Resource\":[\"arn:aws:s3:::eac-artifacts-b4978b17\",\"arn:aws:s3:::eac-artifacts-logs-b4978b17\"]},{\"Action\":[\"s3:GetObjectVersion\",\"s3:GetObjectVersionAcl\",\"s3:GetObjectVersionTagging\"],\"Effect\":\"Allow\",\"Resource\":[\"arn:aws:s3:::eac-artifacts-b4978b17/*\",\"arn:aws:s3:::eac-artifacts-logs-b4978b17/*\"]},{\"Action\":[\"s3:ReplicateObject\",\"s3:ReplicateDelete\",\"s3:ReplicateTags\",\"s3:ObjectOwnerOverrideToBucketOwner\"],\"Effect\":\"Allow\",\"Resource\":[\"arn:aws:s3:::eac-artifacts-destination-b4978b17/*\"]}]}"}],"managed_policy_arns":[],"max_session_duration":3600,"name":"eac-replication-role-b4978b17","name_prefix":"","path":"/","permissions_boundary":"","tags":{},"tags_all":{},"unique_id":"AROA3LF7F73UIKNZ5BTLP"},"after_unknown":{},"before_sensitive":{"inline_policy":[],"managed_policy_arns":[],"tags_all":{}},"after_sensitive":{"inline_policy":[{}],"managed_policy_arns":[],"tags":{},"tags_all":{}}}},{"address":"module.s3_secure.aws_kms_key.sns_key_replica","module_address":"module.s3_secure","mode":"managed","type":"aws_kms_key","name":"sns_key_replica","provider_name":"registry.terraform.io/hashicorp/aws","change":{"actions":["update"],"before":{"arn":"arn:aws:kms:us-west-2:779937513192:key/548a8a69-032c-4e1d-b074-ee5e3c4937f4","bypass_policy_lockout_safety_check":false,"custom_key_store_id":"","customer_master_key_spec":"SYMMETRIC_DEFAULT","deletion_window_in_days":10,"description":"KMS key for SNS topic encryption in replica region","enable_key_rotation":true,"id":"548a8a69-032c-4e1d-b074-ee5e3c4937f4","is_enabled":true,"key_id":"548a8a69-032c-4e1d-b074-ee5e3c4937f4","key_usage":"ENCRYPT_DECRYPT","multi_region":false,"policy":"{\"Statement\":[{\"Action\":\"kms:*\",\"Effect\":\"Allow\",\"Principal\":{\"AWS\":\"arn:aws:iam::779937513192:root\"},\"Resource\":\"*\",\"Sid\":\"EnableIAMUserPermissions\"}],\"Version\":\"2012-10-17\"}","rotation_period_in_days":365,"tags":null,"tags_all":{},"timeouts":null,"xks_key_id":""},"after":{"arn":"arn:aws:kms:us-west-2:779937513192:key/548a8a69-032c-4e1d-b074-ee5e3c4937f4","bypass_policy_lockout_safety_check":false,"custom_key_store_id":"","customer_master_key_spec":"SYMMETRIC_DEFAULT","deletion_window_in_days":10,"description":"KMS key for SNS topic encryption in replica region","enable_key_rotation":true,"id":"548a8a69-032c-4e1d-b074-ee5e3c4937f4","is_enabled":true,"key_id":"548a8a69-032c-4e1d-b074-ee5e3c4937f4","key_usage":"ENCRYPT_DECRYPT","multi_region":false,"policy":"{\"Statement\":[{\"Action\":\"kms:*\",\"Effect\":\"Allow\",\"Principal\":{\"AWS\":\"arn:aws:iam::779937513192:root\"},\"Resource\":\"*\",\"Sid\":\"EnableIAMUserPermissions\"}],\"Version\":\"2012-10-17\"}","rotation_period_in_days":365,"tags":{},"tags_all":{},"timeouts":null,"xks_key_id":""},"after_unknown":{},"before_sensitive":{"tags_all":{}},"after_sensitive":{"tags":{},"tags_all":{}}}},{"address":"module.s3_secure.aws_s3_bucket.artifacts","module_address":"module.s3_secure","mode":"managed","type":"aws_s3_bucket","name":"artifacts","provider_name":"registry.terraform.io/hashicorp/aws","change":{"actions":["update"],"before":{"acceleration_status":"","acl":null,"arn":"arn:aws:s3:::eac-artifacts-b4978b17","bucket":"eac-artifacts-b4978b17","bucket_domain_name":"eac-artifacts-b4978b17.s3.amazonaws.com","bucket_prefix":"","bucket_regional_domain_name":"eac-artifacts-b4978b17.s3.us-east-1.amazonaws.com","cors_rule":[],"force_destroy":false,"grant":[{"id":"424286cc7a154fd7fdcc1362ac989ff00935cb0f2cb0daff64c6247291919b1f","permissions":["FULL_CONTROL"],"type":"CanonicalUser","uri":""}],"hosted_zone_id":"Z3AQBSTGFYJSTF","id":"eac-artifacts-b4978b17","lifecycle_rule":[],"logging":[],"object_lock_configuration":[],"object_lock_enabled":false,"policy":"","region":"us-east-1","replication_configuration":[],"request_payer":"BucketOwner","server_side_encryption_configuration":[{"rule":[{"apply_server_side_encryption_by_default":[{"kms_master_key_id":"","sse_algorithm":"AES256"}],"bucket_key_enabled":false}]}],"tags":{"Project":"unified-eac","Role":"primary"},"tags_all":{"Project":"unified-eac","Role":"primary"},"timeouts":null,"versioning":[{"enabled":false,"mfa_delete":false}],"website":[],"website_domain":null,"website_endpoint":null},"after":{"acceleration_status":"","acl":null,"arn":"arn:aws:s3:::eac-artifacts-b4978b17","bucket":"eac-artifacts-b4978b17","bucket_domain_name":"eac-artifacts-b4978b17.s3.amazonaws.com","bucket_prefix":"","bucket_regional_domain_name":"eac-artifacts-b4978b17.s3.us-east-1.amazonaws.com","cors_rule":[],"force_destroy":false,"grant":[{"id":"424286cc7a154fd7fdcc1362ac989ff00935cb0f2cb0daff64c6247291919b1f","permissions":["FULL_CONTROL"],"type":"CanonicalUser","uri":""}],"hosted_zone_id":"Z3AQBSTGFYJSTF","id":"eac-artifacts-b4978b17","lifecycle_rule":[{"abort_incomplete_multipart_upload_days":7,"enabled":true,"expiration":[{"date":"","days":365,"expired_object_delete_marker":false}],"id":"expire-old-objects","noncurrent_version_expiration":[],"noncurrent_version_transition":[],"prefix":"","tags":{},"transition":[]}],"logging":[{"target_bucket":"eac-artifacts-logs-b4978b17","target_prefix":"artifacts/"}],"object_lock_configuration":[],"object_lock_enabled":false,"policy":"","region":"us-east-1","replication_configuration":[{"role":"arn:aws:iam::779937513192:role/eac-replication-role-b4978b17","rules":[{"delete_marker_replication_status":"","destination":[{"access_control_translation":[],"account_id":"","bucket":"arn:aws:s3:::eac-artifacts-destination-b4978b17","metrics":[],"replica_kms_key_id":"","replication_time":[],"storage_class":"STANDARD"}],"filter":[{"prefix":null,"tags":null}],"id":"replicate-artifacts-to-destination","prefix":"","priority":0,"source_selection_criteria":[],"status":"Enabled"}]}],"request_payer":"BucketOwner","server_side_encryption_configuration":[{"rule":[{"apply_server_side_encryption_by_default":[{"kms_master_key_id":"","sse_algorithm":"aws:kms"}],"bucket_key_enabled":false}]}],"tags":{"Project":"unified-eac","Role":"primary"},"tags_all":{"Project":"unified-eac","Role":"primary"},"timeouts":null,"versioning":[{"enabled":true,"mfa_delete":false}],"website":[],"website_domain":null,"website_endpoint":null},"after_unknown":{},"before_sensitive":{"cors_rule":[],"grant":[{"permissions":[false]}],"lifecycle_rule":[],"logging":[],"object_lock_configuration":[],"replication_configuration":[],"server_side_encryption_configuration":[{"rule":[{"apply_server_side_encryption_by_default":[{}]}]}],"tags":{},"tags_all":{},"versioning":[{}],"website":[]},"after_sensitive":{"cors_rule":[],"grant":[{"permissions":[false]}],"lifecycle_rule":[{"expiration":[{}],"noncurrent_version_expiration":[],"noncurrent_version_transition":[],"tags":{},"transition":[]}],"logging":[{}],"object_lock_configuration":[],"replication_configuration":[{"rules":[{"destination":[{"access_control_translation":[],"metrics":[],"replication_time":[]}],"filter":[{}],"source_selection_criteria":[]}]}],"server_side_encryption_configuration":[{"rule":[{"apply_server_side_encryption_by_default":[{}]}]}],"tags":{},"tags_all":{},"versioning":[{}],"website":[]}}},{"address":"module.s3_secure.aws_s3_bucket.artifacts_log","module_address":"module.s3_secure","mode":"managed","type":"aws_s3_bucket","name":"artifacts_log","provider_name":"registry.terraform.io/hashicorp/aws","change":{"actions":["update"],"before":{"acceleration_status":"","acl":null,"arn":"arn:aws:s3:::eac-artifacts-logs-b4978b17","bucket":"eac-artifacts-logs-b4978b17","bucket_domain_name":"eac-artifacts-logs-b4978b17.s3.amazonaws.com","bucket_prefix":"","bucket_regional_domain_name":"eac-artifacts-logs-b4978b17.s3.us-east-1.amazonaws.com","cors_rule":[],"force_destroy":false,"grant":[{"id":"424286cc7a154fd7fdcc1362ac989ff00935cb0f2cb0daff64c6247291919b1f","permissions":["FULL_CONTROL"],"type":"CanonicalUser","uri":""}],"hosted_zone_id":"Z3AQBSTGFYJSTF","id":"eac-artifacts-logs-b4978b17","lifecycle_rule":[],"logging":[],"object_lock_configuration":[],"object_lock_enabled":false,"policy":"","region":"us-east-1","replication_configuration":[],"request_payer":"BucketOwner","server_side_encryption_configuration":[{"rule":[{"apply_server_side_encryption_by_default":[{"kms_master_key_id":"","sse_algorithm":"AES256"}],"bucket_key_enabled":false}]}],"tags":{"Project":"unified-eac","Role":"log"},"tags_all":{"Project":"unified-eac","Role":"log"},"timeouts":null,"versioning":[{"enabled":false,"mfa_delete":false}],"website":[],"website_domain":null,"website_endpoint":null},"after":{"acceleration_status":"","acl":null,"arn":"arn:aws:s3:::eac-artifacts-logs-b4978b17","bucket":"eac-artifacts-logs-b4978b17","bucket_domain_name":"eac-artifacts-logs-b4978b17.s3.amazonaws.com","bucket_prefix":"","bucket_regional_domain_name":"eac-artifacts-logs-b4978b17.s3.us-east-1.amazonaws.com","cors_rule":[],"force_destroy":false,"grant":[{"id":"424286cc7a154fd7fdcc1362ac989ff00935cb0f2cb0daff64c6247291919b1f","permissions":["FULL_CONTROL"],"type":"CanonicalUser","uri":""}],"hosted_zone_id":"Z3AQBSTGFYJSTF","id":"eac-artifacts-logs-b4978b17","lifecycle_rule":[{"abort_incomplete_multipart_upload_days":7,"enabled":true,"expiration":[],"id":"abort-failed-uploads","noncurrent_version_expiration":[],"noncurrent_version_transition":[],"prefix":"","tags":{},"transition":[]}],"logging":[],"object_lock_configuration":[],"object_lock_enabled":false,"policy":"","region":"us-east-1","replication_configuration":[{"role":"arn:aws:iam::779937513192:role/eac-replication-role-b4978b17","rules":[{"delete_marker_replication_status":"","destination":[{"access_control_translation":[],"account_id":"","bucket":"arn:aws:s3:::eac-artifacts-destination-b4978b17","metrics":[],"replica_kms_key_id":"","replication_time":[],"storage_class":"STANDARD"}],"filter":[{"prefix":null,"tags":null}],"id":"replicate-artifacts-log","prefix":"","priority":0,"source_selection_criteria":[],"status":"Enabled"}]}],"request_payer":"BucketOwner","server_side_encryption_configuration":[{"rule":[{"apply_server_side_encryption_by_default":[{"kms_master_key_id":"","sse_algorithm":"aws:kms"}],"bucket_key_enabled":false}]}],"tags":{"Project":"unified-eac","Role":"log"},"tags_all":{"Project":"unified-eac","Role":"log"},"timeouts":null,"versioning":[{"enabled":true,"mfa_delete":false}],"website":[],"website_domain":null,"website_endpoint":null},"after_unknown":{},"before_sensitive":{"cors_rule":[],"grant":[{"permissions":[false]}],"lifecycle_rule":[],"logging":[],"object_lock_configuration":[],"replication_configuration":[],"server_side_encryption_configuration":[{"rule":[{"apply_server_side_encryption_by_default":[{}]}]}],"tags":{},"tags_all":{},"versioning":[{}],"website":[]},"after_sensitive":{"cors_rule":[],"grant":[{"permissions":[false]}],"lifecycle_rule":[{"expiration":[],"noncurrent_version_expiration":[],"noncurrent_version_transition":[],"tags":{},"transition":[]}],"logging":[],"object_lock_configuration":[],"replication_configuration":[{"rules":[{"destination":[{"access_control_translation":[],"metrics":[],"replication_time":[]}],"filter":[{}],"source_selection_criteria":[]}]}],"server_side_encryption_configuration":[{"rule":[{"apply_server_side_encryption_by_default":[{}]}]}],"tags":{},"tags_all":{},"versioning":[{}],"website":[]}}},{"address":"module.s3_secure.aws_s3_bucket.destination_bucket","module_address":"module.s3_secure","mode":"managed","type":"aws_s3_bucket","name":"destination_bucket","provider_name":"registry.terraform.io/hashicorp/aws","change":{"actions":["update"],"before":{"acceleration_status":"","acl":null,"arn":"arn:aws:s3:::eac-artifacts-destination-b4978b17","bucket":"eac-artifacts-destination-b4978b17","bucket_domain_name":"eac-artifacts-destination-b4978b17.s3.amazonaws.com","bucket_prefix":"","bucket_regional_domain_name":"eac-artifacts-destination-b4978b17.s3.us-west-2.amazonaws.com","cors_rule":[],"force_destroy":false,"grant":[{"id":"424286cc7a154fd7fdcc1362ac989ff00935cb0f2cb0daff64c6247291919b1f","permissions":["FULL_CONTROL"],"type":"CanonicalUser","uri":""}],"hosted_zone_id":"Z3BJ6K6RIION7M","id":"eac-artifacts-destination-b4978b17","lifecycle_rule":[],"logging":[],"object_lock_configuration":[],"object_lock_enabled":false,"policy":"","region":"us-west-2","replication_configuration":[],"request_payer":"BucketOwner","server_side_encryption_configuration":[{"rule":[{"apply_server_side_encryption_by_default":[{"kms_master_key_id":"","sse_algorithm":"AES256"}],"bucket_key_enabled":false}]}],"tags":{"Project":"unified-eac","Role":"destination"},"tags_all":{"Project":"unified-eac","Role":"destination"},"timeouts":null,"versioning":[{"enabled":false,"mfa_delete":false}],"website":[],"website_domain":null,"website_endpoint":null},"after":{"acceleration_status":"","acl":null,"arn":"arn:aws:s3:::eac-artifacts-destination-b4978b17","bucket":"eac-artifacts-destination-b4978b17","bucket_domain_name":"eac-artifacts-destination-b4978b17.s3.amazonaws.com","bucket_prefix":"","bucket_regional_domain_name":"eac-artifacts-destination-b4978b17.s3.us-west-2.amazonaws.com","cors_rule":[],"force_destroy":false,"grant":[{"id":"424286cc7a154fd7fdcc1362ac989ff00935cb0f2cb0daff64c6247291919b1f","permissions":["FULL_CONTROL"],"type":"CanonicalUser","uri":""}],"hosted_zone_id":"Z3BJ6K6RIION7M","id":"eac-artifacts-destination-b4978b17","lifecycle_rule":[{"abort_incomplete_multipart_upload_days":7,"enabled":true,"expiration":[{"date":"","days":365,"expired_object_delete_marker":false}],"id":"expire-destination-objects","noncurrent_version_expiration":[],"noncurrent_version_transition":[],"prefix":"","tags":{},"transition":[]}],"logging":[{"target_bucket":"eac-artifacts-logs-replica-b4978b17","target_prefix":"replica/"}],"object_lock_configuration":[],"object_lock_enabled":false,"policy":"","region":"us-west-2","replication_configuration":[],"request_payer":"BucketOwner","server_side_encryption_configuration":[{"rule":[{"apply_server_side_encryption_by_default":[{"kms_master_key_id":"","sse_algorithm":"aws:kms"}],"bucket_key_enabled":false}]}],"tags":{"Project":"unified-eac","Role":"destination"},"tags_all":{"Project":"unified-eac","Role":"destination"},"timeouts":null,"versioning":[{"enabled":true,"mfa_delete":false}],"website":[],"website_domain":null,"website_endpoint":null},"after_unknown":{},"before_sensitive":{"cors_rule":[],"grant":[{"permissions":[false]}],"lifecycle_rule":[],"logging":[],"object_lock_configuration":[],"replication_configuration":[],"server_side_encryption_configuration":[{"rule":[{"apply_server_side_encryption_by_default":[{}]}]}],"tags":{},"tags_all":{},"versioning":[{}],"website":[]},"after_sensitive":{"cors_rule":[],"grant":[{"permissions":[false]}],"lifecycle_rule":[{"expiration":[{}],"noncurrent_version_expiration":[],"noncurrent_version_transition":[],"tags":{},"transition":[]}],"logging":[{}],"object_lock_configuration":[],"replication_configuration":[],"server_side_encryption_configuration":[{"rule":[{"apply_server_side_encryption_by_default":[{}]}]}],"tags":{},"tags_all":{},"versioning":[{}],"website":[]}}},{"address":"module.s3_secure.aws_s3_bucket.destination_log","module_address":"module.s3_secure","mode":"managed","type":"aws_s3_bucket","name":"destination_log","provider_name":"registry.terraform.io/hashicorp/aws","change":{"actions":["update"],"before":{"acceleration_status":"","acl":null,"arn":"arn:aws:s3:::eac-artifacts-logs-replica-b4978b17","bucket":"eac-artifacts-logs-replica-b4978b17","bucket_domain_name":"eac-artifacts-logs-replica-b4978b17.s3.amazonaws.com","bucket_prefix":"","bucket_regional_domain_name":"eac-artifacts-logs-replica-b4978b17.s3.us-west-2.amazonaws.com","cors_rule":[],"force_destroy":false,"grant":[{"id":"424286cc7a154fd7fdcc1362ac989ff00935cb0f2cb0daff64c6247291919b1f","permissions":["FULL_CONTROL"],"type":"CanonicalUser","uri":""}],"hosted_zone_id":"Z3BJ6K6RIION7M","id":"eac-artifacts-logs-replica-b4978b17","lifecycle_rule":[],"logging":[],"object_lock_configuration":[],"object_lock_enabled":false,"policy":"","region":"us-west-2","replication_configuration":[],"request_payer":"BucketOwner","server_side_encryption_configuration":[{"rule":[{"apply_server_side_encryption_by_default":[{"kms_master_key_id":"","sse_algorithm":"AES256"}],"bucket_key_enabled":false}]}],"tags":{"Project":"unified-eac","Role":"replica-log"},"tags_all":{"Project":"unified-eac","Role":"replica-log"},"timeouts":null,"versioning":[{"enabled":false,"mfa_delete":false}],"website":[],"website_domain":null,"website_endpoint":null},"after":{"acceleration_status":"","acl":null,"arn":"arn:aws:s3:::eac-artifacts-logs-replica-b4978b17","bucket":"eac-artifacts-logs-replica-b4978b17","bucket_domain_name":"eac-artifacts-logs-replica-b4978b17.s3.amazonaws.com","bucket_prefix":"","bucket_regional_domain_name":"eac-artifacts-logs-replica-b4978b17.s3.us-west-2.amazonaws.com","cors_rule":[],"force_destroy":false,"grant":[{"id":"424286cc7a154fd7fdcc1362ac989ff00935cb0f2cb0daff64c6247291919b1f","permissions":["FULL_CONTROL"],"type":"CanonicalUser","uri":""}],"hosted_zone_id":"Z3BJ6K6RIION7M","id":"eac-artifacts-logs-replica-b4978b17","lifecycle_rule":[{"abort_incomplete_multipart_upload_days":7,"enabled":true,"expiration":[{"date":"","days":365,"expired_object_delete_marker":false}],"id":"expire-destination-log-objects","noncurrent_version_expiration":[],"noncurrent_version_transition":[],"prefix":"","tags":{},"transition":[]}],"logging":[],"object_lock_configuration":[],"object_lock_enabled":false,"policy":"","region":"us-west-2","replication_configuration":[],"request_payer":"BucketOwner","server_side_encryption_configuration":[{"rule":[{"apply_server_side_encryption_by_default":[{"kms_master_key_id":"","sse_algorithm":"aws:kms"}],"bucket_key_enabled":false}]}],"tags":{"Project":"unified-eac","Role":"replica-log"},"tags_all":{"Project":"unified-eac","Role":"replica-log"},"timeouts":null,"versioning":[{"enabled":true,"mfa_delete":false}],"website":[],"website_domain":null,"website_endpoint":null},"after_unknown":{},"before_sensitive":{"cors_rule":[],"grant":[{"permissions":[false]}],"lifecycle_rule":[],"logging":[],"object_lock_configuration":[],"replication_configuration":[],"server_side_encryption_configuration":[{"rule":[{"apply_server_side_encryption_by_default":[{}]}]}],"tags":{},"tags_all":{},"versioning":[{}],"website":[]},"after_sensitive":{"cors_rule":[],"grant":[{"permissions":[false]}],"lifecycle_rule":[{"expiration":[{}],"noncurrent_version_expiration":[],"noncurrent_version_transition":[],"tags":{},"transition":[]}],"logging":[],"object_lock_configuration":[],"replication_configuration":[],"server_side_encryption_configuration":[{"rule":[{"apply_server_side_encryption_by_default":[{}]}]}],"tags":{},"tags_all":{},"versioning":[{}],"website":[]}}},{"address":"module.s3_secure.aws_s3_bucket_notification.artifacts_notifications","module_address":"module.s3_secure","mode":"managed","type":"aws_s3_bucket_notification","name":"artifacts_notifications","provider_name":"registry.terraform.io/hashicorp/aws","change":{"actions":["update"],"before":{"bucket":"eac-artifacts-b4978b17","eventbridge":false,"id":"eac-artifacts-b4978b17","lambda_function":[],"queue":[],"topic":[]},"after":{"bucket":"eac-artifacts-b4978b17","eventbridge":false,"id":"eac-artifacts-b4978b17","lambda_function":[],"queue":[],"topic":[{"events":["s3:ObjectCreated:*"],"filter_prefix":"","filter_suffix":"","id":"tf-s3-topic-20251111200345726800000002","topic_arn":"arn:aws:sns:us-east-1:779937513192:eac-artifacts-events-b4978b17"}]},"after_unknown":{},"before_sensitive":{"lambda_function":[],"queue":[],"topic":[]},"after_sensitive":{"lambda_function":[],"queue":[],"topic":[{"events":[false]}]}}},{"address":"module.s3_secure.aws_s3_bucket_server_side_encryption_configuration.artifacts_encryption","module_address":"module.s3_secure","mode":"managed","type":"aws_s3_bucket_server_side_encryption_configuration","name":"artifacts_encryption","provider_name":"registry.terraform.io/hashicorp/aws","change":{"actions":["update"],"before":{"bucket":"eac-artifacts-b4978b17","expected_bucket_owner":"","id":"eac-artifacts-b4978b17","rule":[{"apply_server_side_encryption_by_default":[{"kms_master_key_id":"","sse_algorithm":"aws:kms"}],"bucket_key_enabled":null}]},"after":{"bucket":"eac-artifacts-b4978b17","expected_bucket_owner":"","id":"eac-artifacts-b4978b17","rule":[{"apply_server_side_encryption_by_default":[{"kms_master_key_id":"","sse_algorithm":"aws:kms"}],"bucket_key_enabled":false}]},"after_unknown":{},"before_sensitive":{"rule":[{"apply_server_side_encryption_by_default":[{}]}]},"after_sensitive":{"rule":[{"apply_server_side_encryption_by_default":[{}]}]}}},{"address":"module.s3_secure.aws_s3_bucket_server_side_encryption_configuration.artifacts_log_encryption","module_address":"module.s3_secure","mode":"managed","type":"aws_s3_bucket_server_side_encryption_configuration","name":"artifacts_log_encryption","provider_name":"registry.terraform.io/hashicorp/aws","change":{"actions":["update"],"before":{"bucket":"eac-artifacts-logs-b4978b17","expected_bucket_owner":"","id":"eac-artifacts-logs-b4978b17","rule":[{"apply_server_side_encryption_by_default":[{"kms_master_key_id":"","sse_algorithm":"aws:kms"}],"bucket_key_enabled":null}]},"after":{"bucket":"eac-artifacts-logs-b4978b17","expected_bucket_owner":"","id":"eac-artifacts-logs-b4978b17","rule":[{"apply_server_side_encryption_by_default":[{"kms_master_key_id":"","sse_algorithm":"aws:kms"}],"bucket_key_enabled":false}]},"after_unknown":{},"before_sensitive":{"rule":[{"apply_server_side_encryption_by_default":[{}]}]},"after_sensitive":{"rule":[{"apply_server_side_encryption_by_default":[{}]}]}}},{"address":"module.s3_secure.aws_s3_bucket_server_side_encryption_configuration.destination_encryption","module_address":"module.s3_secure","mode":"managed","type":"aws_s3_bucket_server_side_encryption_configuration","name":"destination_encryption","provider_name":"registry.terraform.io/hashicorp/aws","change":{"actions":["update"],"before":{"bucket":"eac-artifacts-destination-b4978b17","expected_bucket_owner":"","id":"eac-artifacts-destination-b4978b17","rule":[{"apply_server_side_encryption_by_default":[{"kms_master_key_id":"","sse_algorithm":"aws:kms"}],"bucket_key_enabled":null}]},"after":{"bucket":"eac-artifacts-destination-b4978b17","expected_bucket_owner":"","id":"eac-artifacts-destination-b4978b17","rule":[{"apply_server_side_encryption_by_default":[{"kms_master_key_id":"","sse_algorithm":"aws:kms"}],"bucket_key_enabled":false}]},"after_unknown":{},"before_sensitive":{"rule":[{"apply_server_side_encryption_by_default":[{}]}]},"after_sensitive":{"rule":[{"apply_server_side_encryption_by_default":[{}]}]}}},{"address":"module.s3_secure.aws_s3_bucket_server_side_encryption_configuration.destination_log_encryption","module_address":"module.s3_secure","mode":"managed","type":"aws_s3_bucket_server_side_encryption_configuration","name":"destination_log_encryption","provider_name":"registry.terraform.io/hashicorp/aws","change":{"actions":["update"],"before":{"bucket":"eac-artifacts-logs-replica-b4978b17","expected_bucket_owner":"","id":"eac-artifacts-logs-replica-b4978b17","rule":[{"apply_server_side_encryption_by_default":[{"kms_master_key_id":"","sse_algorithm":"aws:kms"}],"bucket_key_enabled":null}]},"after":{"bucket":"eac-artifacts-logs-replica-b4978b17","expected_bucket_owner":"","id":"eac-artifacts-logs-replica-b4978b17","rule":[{"apply_server_side_encryption_by_default":[{"kms_master_key_id":"","sse_algorithm":"aws:kms"}],"bucket_key_enabled":false}]},"after_unknown":{},"before_sensitive":{"rule":[{"apply_server_side_encryption_by_default":[{}]}]},"after_sensitive":{"rule":[{"apply_server_side_encryption_by_default":[{}]}]}}},{"address":"module.s3_secure.aws_sns_topic.artifacts_events_replica","module_address":"module.s3_secure","mode":"managed","type":"aws_sns_topic","name":"artifacts_events_replica","provider_name":"registry.terraform.io/hashicorp/aws","change":{"actions":["update"],"before":{"application_failure_feedback_role_arn":"","application_success_feedback_role_arn":"","application_success_feedback_sample_rate":0,"archive_policy":"","arn":"arn:aws:sns:us-west-2:779937513192:eac-artifacts-events-replica-b4978b17","beginning_archive_time":"","content_based_deduplication":false,"delivery_policy":"","display_name":"","fifo_throughput_scope":"","fifo_topic":false,"firehose_failure_feedback_role_arn":"","firehose_success_feedback_role_arn":"","firehose_success_feedback_sample_rate":0,"http_failure_feedback_role_arn":"","http_success_feedback_role_arn":"","http_success_feedback_sample_rate":0,"id":"arn:aws:sns:us-west-2:779937513192:eac-artifacts-events-replica-b4978b17","kms_master_key_id":"arn:aws:kms:us-west-2:779937513192:key/548a8a69-032c-4e1d-b074-ee5e3c4937f4","lambda_failure_feedback_role_arn":"","lambda_success_feedback_role_arn":"","lambda_success_feedback_sample_rate":0,"name":"eac-artifacts-events-replica-b4978b17","name_prefix":"","owner":"779937513192","policy":"{\"Id\":\"__default_policy_ID\",\"Statement\":[{\"Action\":[\"SNS:GetTopicAttributes\",\"SNS:SetTopicAttributes\",\"SNS:AddPermission\",\"SNS:RemovePermission\",\"SNS:DeleteTopic\",\"SNS:Subscribe\",\"SNS:ListSubscriptionsByTopic\",\"SNS:Publish\"],\"Condition\":{\"StringEquals\":{\"AWS:SourceOwner\":\"779937513192\"}},\"Effect\":\"Allow\",\"Principal\":{\"AWS\":\"*\"},\"Resource\":\"arn:aws:sns:us-west-2:779937513192:eac-artifacts-events-replica-b4978b17\",\"Sid\":\"__default_statement_ID\"}],\"Version\":\"2008-10-17\"}","signature_version":0,"sqs_failure_feedback_role_arn":"","sqs_success_feedback_role_arn":"","sqs_success_feedback_sample_rate":0,"tags":null,"tags_all":{},"tracing_config":""},"after":{"application_failure_feedback_role_arn":"","application_success_feedback_role_arn":"","application_success_feedback_sample_rate":0,"archive_policy":"","arn":"arn:aws:sns:us-west-2:779937513192:eac-artifacts-events-replica-b4978b17","beginning_archive_time":"","content_based_deduplication":false,"delivery_policy":"","display_name":"","fifo_throughput_scope":"","fifo_topic":false,"firehose_failure_feedback_role_arn":"","firehose_success_feedback_role_arn":"","firehose_success_feedback_sample_rate":0,"http_failure_feedback_role_arn":"","http_success_feedback_role_arn":"","http_success_feedback_sample_rate":0,"id":"arn:aws:sns:us-west-2:779937513192:eac-artifacts-events-replica-b4978b17","kms_master_key_id":"arn:aws:kms:us-west-2:779937513192:key/548a8a69-032c-4e1d-b074-ee5e3c4937f4","lambda_failure_feedback_role_arn":"","lambda_success_feedback_role_arn":"","lambda_success_feedback_sample_rate":0,"name":"eac-artifacts-events-replica-b4978b17","name_prefix":"","owner":"779937513192","policy":"{\"Statement\":[{\"Action\":\"SNS:Publish\",\"Condition\":{\"ArnLike\":{\"aws:SourceArn\":\"arn:aws:s3:::eac-artifacts-logs-replica-b4978b17\"}},\"Effect\":\"Allow\",\"Principal\":{\"Service\":\"s3.amazonaws.com\"},\"Resource\":\"arn:aws:sns:us-west-2:779937513192:eac-artifacts-events-replica-b4978b17\",\"Sid\":\"AllowS3PublishReplica\"}],\"Version\":\"2012-10-17\"}","signature_version":0,"sqs_failure_feedback_role_arn":"","sqs_success_feedback_role_arn":"","sqs_success_feedback_sample_rate":0,"tags":{},"tags_all":{},"tracing_config":""},"after_unknown":{},"before_sensitive":{"tags_all":{}},"after_sensitive":{"tags":{},"tags_all":{}}}}],"resource_changes":[{"address":"aws_kms_key.sns_key","mode":"managed","type":"aws_kms_key","name":"sns_key","provider_name":"registry.terraform.io/hashicorp/aws","change":{"actions":["no-op"],"before":{"arn":"arn:aws:kms:us-east-1:779937513192:key/6ed249ea-67cb-40f3-9077-cb9d069e2118","bypass_policy_lockout_safety_check":false,"custom_key_store_id":"","customer_master_key_spec":"SYMMETRIC_DEFAULT","deletion_window_in_days":10,"description":"KMS key for SNS topic encryption","enable_key_rotation":true,"id":"6ed249ea-67cb-40f3-9077-cb9d069e2118","is_enabled":true,"key_id":"6ed249ea-67cb-40f3-9077-cb9d069e2118","key_usage":"ENCRYPT_DECRYPT","multi_region":false,"policy":"{\"Statement\":[{\"Action\":\"kms:*\",\"Effect\":\"Allow\",\"Principal\":{\"AWS\":\"arn:aws:iam::779937513192:root\"},\"Resource\":\"*\",\"Sid\":\"Enable IAM User Permissions\"}],\"Version\":\"2012-10-17\"}","rotation_period_in_days":365,"tags":{},"tags_all":{},"timeouts":null,"xks_key_id":""},"after":{"arn":"arn:aws:kms:us-east-1:779937513192:key/6ed249ea-67cb-40f3-9077-cb9d069e2118","bypass_policy_lockout_safety_check":false,"custom_key_store_id":"","customer_master_key_spec":"SYMMETRIC_DEFAULT","deletion_window_in_days":10,"description":"KMS key for SNS topic encryption","enable_key_rotation":true,"id":"6ed249ea-67cb-40f3-9077-cb9d069e2118","is_enabled":true,"key_id":"6ed249ea-67cb-40f3-9077-cb9d069e2118","key_usage":"ENCRYPT_DECRYPT","multi_region":false,"policy":"{\"Statement\":[{\"Action\":\"kms:*\",\"Effect\":\"Allow\",\"Principal\":{\"AWS\":\"arn:aws:iam::779937513192:root\"},\"Resource\":\"*\",\"Sid\":\"Enable IAM User Permissions\"}],\"Version\":\"2012-10-17\"}","rotation_period_in_days":365,"tags":{},"tags_all":{},"timeouts":null,"xks_key_id":""},"after_unknown":{},"before_sensitive":{"tags":{},"tags_all":{}},"after_sensitive":{"tags":{},"tags_all":{}}}},{"address":"aws_sns_topic.artifacts_events","mode":"managed","type":"aws_sns_topic","name":"artifacts_events","provider_name":"registry.terraform.io/hashicorp/aws","change":{"actions":["no-op"],"before":{"application_failure_feedback_role_arn":"","application_success_feedback_role_arn":"","application_success_feedback_sample_rate":0,"archive_policy":"","arn":"arn:aws:sns:us-east-1:779937513192:eac-artifacts-events-b4978b17","beginning_archive_time":"","content_based_deduplication":false,"delivery_policy":"","display_name":"","fifo_throughput_scope":"","fifo_topic":false,"firehose_failure_feedback_role_arn":"","firehose_success_feedback_role_arn":"","firehose_success_feedback_sample_rate":0,"http_failure_feedback_role_arn":"","http_success_feedback_role_arn":"","http_success_feedback_sample_rate":0,"id":"arn:aws:sns:us-east-1:779937513192:eac-artifacts-events-b4978b17","kms_master_key_id":"arn:aws:kms:us-east-1:779937513192:key/6ed249ea-67cb-40f3-9077-cb9d069e2118","lambda_failure_feedback_role_arn":"","lambda_success_feedback_role_arn":"","lambda_success_feedback_sample_rate":0,"name":"eac-artifacts-events-b4978b17","name_prefix":"","owner":"779937513192","policy":"{\"Statement\":[{\"Action\":\"SNS:Publish\",\"Effect\":\"Allow\",\"Principal\":{\"Service\":\"s3.amazonaws.com\"},\"Resource\":\"arn:aws:sns:us-east-1:779937513192:eac-artifacts-events-b4978b17\",\"Sid\":\"AllowS3Publish\"}],\"Version\":\"2012-10-17\"}","signature_version":0,"sqs_failure_feedback_role_arn":"","sqs_success_feedback_role_arn":"","sqs_success_feedback_sample_rate":0,"tags":{},"tags_all":{},"tracing_config":""},"after":{"application_failure_feedback_role_arn":"","application_success_feedback_role_arn":"","application_success_feedback_sample_rate":0,"archive_policy":"","arn":"arn:aws:sns:us-east-1:779937513192:eac-artifacts-events-b4978b17","beginning_archive_time":"","content_based_deduplication":false,"delivery_policy":"","display_name":"","fifo_throughput_scope":"","fifo_topic":false,"firehose_failure_feedback_role_arn":"","firehose_success_feedback_role_arn":"","firehose_success_feedback_sample_rate":0,"http_failure_feedback_role_arn":"","http_success_feedback_role_arn":"","http_success_feedback_sample_rate":0,"id":"arn:aws:sns:us-east-1:779937513192:eac-artifacts-events-b4978b17","kms_master_key_id":"arn:aws:kms:us-east-1:779937513192:key/6ed249ea-67cb-40f3-9077-cb9d069e2118","lambda_failure_feedback_role_arn":"","lambda_success_feedback_role_arn":"","lambda_success_feedback_sample_rate":0,"name":"eac-artifacts-events-b4978b17","name_prefix":"","owner":"779937513192","policy":"{\"Statement\":[{\"Action\":\"SNS:Publish\",\"Effect\":\"Allow\",\"Principal\":{\"Service\":\"s3.amazonaws.com\"},\"Resource\":\"arn:aws:sns:us-east-1:779937513192:eac-artifacts-events-b4978b17\",\"Sid\":\"AllowS3Publish\"}],\"Version\":\"2012-10-17\"}","signature_version":0,"sqs_failure_feedback_role_arn":"","sqs_success_feedback_role_arn":"","sqs_success_feedback_sample_rate":0,"tags":{},"tags_all":{},"tracing_config":""},"after_unknown":{},"before_sensitive":{"tags":{},"tags_all":{}},"after_sensitive":{"tags":{},"tags_all":{}}}},{"address":"aws_sns_topic_policy.allow_s3_publish","mode":"managed","type":"aws_sns_topic_policy","name":"allow_s3_publish","provider_name":"registry.terraform.io/hashicorp/aws","change":{"actions":["no-op"],"before":{"arn":"arn:aws:sns:us-east-1:779937513192:eac-artifacts-events-b4978b17","id":"arn:aws:sns:us-east-1:779937513192:eac-artifacts-events-b4978b17","owner":"779937513192","policy":"{\"Statement\":[{\"Action\":\"SNS:Publish\",\"Effect\":\"Allow\",\"Principal\":{\"Service\":\"s3.amazonaws.com\"},\"Resource\":\"arn:aws:sns:us-east-1:779937513192:eac-artifacts-events-b4978b17\",\"Sid\":\"AllowS3Publish\"}],\"Version\":\"2012-10-17\"}"},"after":{"arn":"arn:aws:sns:us-east-1:779937513192:eac-artifacts-events-b4978b17","id":"arn:aws:sns:us-east-1:779937513192:eac-artifacts-events-b4978b17","owner":"779937513192","policy":"{\"Statement\":[{\"Action\":\"SNS:Publish\",\"Effect\":\"Allow\",\"Principal\":{\"Service\":\"s3.amazonaws.com\"},\"Resource\":\"arn:aws:sns:us-east-1:779937513192:eac-artifacts-events-b4978b17\",\"Sid\":\"AllowS3Publish\"}],\"Version\":\"2012-10-17\"}"},"after_unknown":{},"before_sensitive":{},"after_sensitive":{}}},{"address":"random_id.suffix","mode":"managed","type":"random_id","name":"suffix","provider_name":"registry.terraform.io/hashicorp/random","change":{"actions":["no-op"],"before":{"b64_std":"tJeLFw==","b64_url":"tJeLFw","byte_length":4,"dec":"3029830423","hex":"b4978b17","id":"tJeLFw","keepers":null,"prefix":null},"after":{"b64_std":"tJeLFw==","b64_url":"tJeLFw","byte_length":4,"dec":"3029830423","hex":"b4978b17","id":"tJeLFw","keepers":null,"prefix":null},"after_unknown":{},"before_sensitive":{},"after_sensitive":{}}},{"address":"module.s3_secure.aws_iam_role.replication_role","module_address":"module.s3_secure","mode":"managed","type":"aws_iam_role","name":"replication_role","provider_name":"registry.terraform.io/hashicorp/aws","change":{"actions":["no-op"],"before":{"arn":"arn:aws:iam::779937513192:role/eac-replication-role-b4978b17","assume_role_policy":"{\"Statement\":[{\"Action\":\"sts:AssumeRole\",\"Effect\":\"Allow\",\"Principal\":{\"Service\":\"s3.amazonaws.com\"}}],\"Version\":\"2012-10-17\"}","create_date":"2025-11-11T20:03:41Z","description":"","force_detach_policies":false,"id":"eac-replication-role-b4978b17","inline_policy":[{"name":"eac-replication-policy-b4978b17","policy":"{\"Version\":\"2012-10-17\",\"Statement\":[{\"Action\":[\"s3:GetReplicationConfiguration\",\"s3:ListBucket\"],\"Effect\":\"Allow\",\"Resource\":[\"arn:aws:s3:::eac-artifacts-b4978b17\",\"arn:aws:s3:::eac-artifacts-logs-b4978b17\"]},{\"Action\":[\"s3:GetObjectVersion\",\"s3:GetObjectVersionAcl\",\"s3:GetObjectVersionTagging\"],\"Effect\":\"Allow\",\"Resource\":[\"arn:aws:s3:::eac-artifacts-b4978b17/*\",\"arn:aws:s3:::eac-artifacts-logs-b4978b17/*\"]},{\"Action\":[\"s3:ReplicateObject\",\"s3:ReplicateDelete\",\"s3:ReplicateTags\",\"s3:ObjectOwnerOverrideToBucketOwner\"],\"Effect\":\"Allow\",\"Resource\":[\"arn:aws:s3:::eac-artifacts-destination-b4978b17/*\"]}]}"}],"managed_policy_arns":[],"max_session_duration":3600,"name":"eac-replication-role-b4978b17","name_prefix":"","path":"/","permissions_boundary":"","tags":{},"tags_all":{},"unique_id":"AROA3LF7F73UIKNZ5BTLP"},"after":{"arn":"arn:aws:iam::779937513192:role/eac-replication-role-b4978b17","assume_role_policy":"{\"Statement\":[{\"Action\":\"sts:AssumeRole\",\"Effect\":\"Allow\",\"Principal\":{\"Service\":\"s3.amazonaws.com\"}}],\"Version\":\"2012-10-17\"}","create_date":"2025-11-11T20:03:41Z","description":"","force_detach_policies":false,"id":"eac-replication-role-b4978b17","inline_policy":[{"name":"eac-replication-policy-b4978b17","policy":"{\"Version\":\"2012-10-17\",\"Statement\":[{\"Action\":[\"s3:GetReplicationConfiguration\",\"s3:ListBucket\"],\"Effect\":\"Allow\",\"Resource\":[\"arn:aws:s3:::eac-artifacts-b4978b17\",\"arn:aws:s3:::eac-artifacts-logs-b4978b17\"]},{\"Action\":[\"s3:GetObjectVersion\",\"s3:GetObjectVersionAcl\",\"s3:GetObjectVersionTagging\"],\"Effect\":\"Allow\",\"Resource\":[\"arn:aws:s3:::eac-artifacts-b4978b17/*\",\"arn:aws:s3:::eac-artifacts-logs-b4978b17/*\"]},{\"Action\":[\"s3:ReplicateObject\",\"s3:ReplicateDelete\",\"s3:ReplicateTags\",\"s3:ObjectOwnerOverrideToBucketOwner\"],\"Effect\":\"Allow\",\"Resource\":[\"arn:aws:s3:::eac-artifacts-destination-b4978b17/*\"]}]}"}],"managed_policy_arns":[],"max_session_duration":3600,"name":"eac-replication-role-b4978b17","name_prefix":"","path":"/","permissions_boundary":"","tags":{},"tags_all":{},"unique_id":"AROA3LF7F73UIKNZ5BTLP"},"after_unknown":{},"before_sensitive":{"inline_policy":[{}],"managed_policy_arns":[],"tags":{},"tags_all":{}},"after_sensitive":{"inline_policy":[{}],"managed_policy_arns":[],"tags":{},"tags_all":{}}}},{"address":"module.s3_secure.aws_iam_role_policy.replication_policy","module_address":"module.s3_secure","mode":"managed","type":"aws_iam_role_policy","name":"replication_policy","provider_name":"registry.terraform.io/hashicorp/aws","change":{"actions":["no-op"],"before":{"id":"eac-replication-role-b4978b17:eac-replication-policy-b4978b17","name":"eac-replication-policy-b4978b17","name_prefix":"","policy":"{\"Version\":\"2012-10-17\",\"Statement\":[{\"Action\":[\"s3:GetReplicationConfiguration\",\"s3:ListBucket\"],\"Effect\":\"Allow\",\"Resource\":[\"arn:aws:s3:::eac-artifacts-b4978b17\",\"arn:aws:s3:::eac-artifacts-logs-b4978b17\"]},{\"Action\":[\"s3:GetObjectVersion\",\"s3:GetObjectVersionAcl\",\"s3:GetObjectVersionTagging\"],\"Effect\":\"Allow\",\"Resource\":[\"arn:aws:s3:::eac-artifacts-b4978b17/*\",\"arn:aws:s3:::eac-artifacts-logs-b4978b17/*\"]},{\"Action\":[\"s3:ReplicateObject\",\"s3:ReplicateDelete\",\"s3:ReplicateTags\",\"s3:ObjectOwnerOverrideToBucketOwner\"],\"Effect\":\"Allow\",\"Resource\":[\"arn:aws:s3:::eac-artifacts-destination-b4978b17/*\"]}]}","role":"eac-replication-role-b4978b17"},"after":{"id":"eac-replication-role-b4978b17:eac-replication-policy-b4978b17","name":"eac-replication-policy-b4978b17","name_prefix":"","policy":"{\"Version\":\"2012-10-17\",\"Statement\":[{\"Action\":[\"s3:GetReplicationConfiguration\",\"s3:ListBucket\"],\"Effect\":\"Allow\",\"Resource\":[\"arn:aws:s3:::eac-artifacts-b4978b17\",\"arn:aws:s3:::eac-artifacts-logs-b4978b17\"]},{\"Action\":[\"s3:GetObjectVersion\",\"s3:GetObjectVersionAcl\",\"s3:GetObjectVersionTagging\"],\"Effect\":\"Allow\",\"Resource\":[\"arn:aws:s3:::eac-artifacts-b4978b17/*\",\"arn:aws:s3:::eac-artifacts-logs-b4978b17/*\"]},{\"Action\":[\"s3:ReplicateObject\",\"s3:ReplicateDelete\",\"s3:ReplicateTags\",\"s3:ObjectOwnerOverrideToBucketOwner\"],\"Effect\":\"Allow\",\"Resource\":[\"arn:aws:s3:::eac-artifacts-destination-b4978b17/*\"]}]}","role":"eac-replication-role-b4978b17"},"after_unknown":{},"before_sensitive":{},"after_sensitive":{}}},{"address":"module.s3_secure.aws_kms_key.sns_key_replica","module_address":"module.s3_secure","mode":"managed","type":"aws_kms_key","name":"sns_key_replica","provider_name":"registry.terraform.io/hashicorp/aws","change":{"actions":["no-op"],"before":{"arn":"arn:aws:kms:us-west-2:779937513192:key/548a8a69-032c-4e1d-b074-ee5e3c4937f4","bypass_policy_lockout_safety_check":false,"custom_key_store_id":"","customer_master_key_spec":"SYMMETRIC_DEFAULT","deletion_window_in_days":10,"description":"KMS key for SNS topic encryption in replica region","enable_key_rotation":true,"id":"548a8a69-032c-4e1d-b074-ee5e3c4937f4","is_enabled":true,"key_id":"548a8a69-032c-4e1d-b074-ee5e3c4937f4","key_usage":"ENCRYPT_DECRYPT","multi_region":false,"policy":"{\"Statement\":[{\"Action\":\"kms:*\",\"Effect\":\"Allow\",\"Principal\":{\"AWS\":\"arn:aws:iam::779937513192:root\"},\"Resource\":\"*\",\"Sid\":\"EnableIAMUserPermissions\"}],\"Version\":\"2012-10-17\"}","rotation_period_in_days":365,"tags":{},"tags_all":{},"timeouts":null,"xks_key_id":""},"after":{"arn":"arn:aws:kms:us-west-2:779937513192:key/548a8a69-032c-4e1d-b074-ee5e3c4937f4","bypass_policy_lockout_safety_check":false,"custom_key_store_id":"","customer_master_key_spec":"SYMMETRIC_DEFAULT","deletion_window_in_days":10,"description":"KMS key for SNS topic encryption in replica region","enable_key_rotation":true,"id":"548a8a69-032c-4e1d-b074-ee5e3c4937f4","is_enabled":true,"key_id":"548a8a69-032c-4e1d-b074-ee5e3c4937f4","key_usage":"ENCRYPT_DECRYPT","multi_region":false,"policy":"{\"Statement\":[{\"Action\":\"kms:*\",\"Effect\":\"Allow\",\"Principal\":{\"AWS\":\"arn:aws:iam::779937513192:root\"},\"Resource\":\"*\",\"Sid\":\"EnableIAMUserPermissions\"}],\"Version\":\"2012-10-17\"}","rotation_period_in_days":365,"tags":{},"tags_all":{},"timeouts":null,"xks_key_id":""},"after_unknown":{},"before_sensitive":{"tags":{},"tags_all":{}},"after_sensitive":{"tags":{},"tags_all":{}}}},{"address":"module.s3_secure.aws_s3_bucket.artifacts","module_address":"module.s3_secure","mode":"managed","type":"aws_s3_bucket","name":"artifacts","provider_name":"registry.terraform.io/hashicorp/aws","change":{"actions":["no-op"],"before":{"acceleration_status":"","acl":null,"arn":"arn:aws:s3:::eac-artifacts-b4978b17","bucket":"eac-artifacts-b4978b17","bucket_domain_name":"eac-artifacts-b4978b17.s3.amazonaws.com","bucket_prefix":"","bucket_regional_domain_name":"eac-artifacts-b4978b17.s3.us-east-1.amazonaws.com","cors_rule":[],"force_destroy":false,"grant":[{"id":"424286cc7a154fd7fdcc1362ac989ff00935cb0f2cb0daff64c6247291919b1f","permissions":["FULL_CONTROL"],"type":"CanonicalUser","uri":""}],"hosted_zone_id":"Z3AQBSTGFYJSTF","id":"eac-artifacts-b4978b17","lifecycle_rule":[{"abort_incomplete_multipart_upload_days":7,"enabled":true,"expiration":[{"date":"","days":365,"expired_object_delete_marker":false}],"id":"expire-old-objects","noncurrent_version_expiration":[],"noncurrent_version_transition":[],"prefix":"","tags":{},"transition":[]}],"logging":[{"target_bucket":"eac-artifacts-logs-b4978b17","target_prefix":"artifacts/"}],"object_lock_configuration":[],"object_lock_enabled":false,"policy":"","region":"us-east-1","replication_configuration":[{"role":"arn:aws:iam::779937513192:role/eac-replication-role-b4978b17","rules":[{"delete_marker_replication_status":"","destination":[{"access_control_translation":[],"account_id":"","bucket":"arn:aws:s3:::eac-artifacts-destination-b4978b17","metrics":[],"replica_kms_key_id":"","replication_time":[],"storage_class":"STANDARD"}],"filter":[{"prefix":null,"tags":null}],"id":"replicate-artifacts-to-destination","prefix":"","priority":0,"source_selection_criteria":[],"status":"Enabled"}]}],"request_payer":"BucketOwner","server_side_encryption_configuration":[{"rule":[{"apply_server_side_encryption_by_default":[{"kms_master_key_id":"","sse_algorithm":"aws:kms"}],"bucket_key_enabled":false}]}],"tags":{"Project":"unified-eac","Role":"primary"},"tags_all":{"Project":"unified-eac","Role":"primary"},"timeouts":null,"versioning":[{"enabled":true,"mfa_delete":false}],"website":[],"website_domain":null,"website_endpoint":null},"after":{"acceleration_status":"","acl":null,"arn":"arn:aws:s3:::eac-artifacts-b4978b17","bucket":"eac-artifacts-b4978b17","bucket_domain_name":"eac-artifacts-b4978b17.s3.amazonaws.com","bucket_prefix":"","bucket_regional_domain_name":"eac-artifacts-b4978b17.s3.us-east-1.amazonaws.com","cors_rule":[],"force_destroy":false,"grant":[{"id":"424286cc7a154fd7fdcc1362ac989ff00935cb0f2cb0daff64c6247291919b1f","permissions":["FULL_CONTROL"],"type":"CanonicalUser","uri":""}],"hosted_zone_id":"Z3AQBSTGFYJSTF","id":"eac-artifacts-b4978b17","lifecycle_rule":[{"abort_incomplete_multipart_upload_days":7,"enabled":true,"expiration":[{"date":"","days":365,"expired_object_delete_marker":false}],"id":"expire-old-objects","noncurrent_version_expiration":[],"noncurrent_version_transition":[],"prefix":"","tags":{},"transition":[]}],"logging":[{"target_bucket":"eac-artifacts-logs-b4978b17","target_prefix":"artifacts/"}],"object_lock_configuration":[],"object_lock_enabled":false,"policy":"","region":"us-east-1","replication_configuration":[{"role":"arn:aws:iam::779937513192:role/eac-replication-role-b4978b17","rules":[{"delete_marker_replication_status":"","destination":[{"access_control_translation":[],"account_id":"","bucket":"arn:aws:s3:::eac-artifacts-destination-b4978b17","metrics":[],"replica_kms_key_id":"","replication_time":[],"storage_class":"STANDARD"}],"filter":[{"prefix":null,"tags":null}],"id":"replicate-artifacts-to-destination","prefix":"","priority":0,"source_selection_criteria":[],"status":"Enabled"}]}],"request_payer":"BucketOwner","server_side_encryption_configuration":[{"rule":[{"apply_server_side_encryption_by_default":[{"kms_master_key_id":"","sse_algorithm":"aws:kms"}],"bucket_key_enabled":false}]}],"tags":{"Project":"unified-eac","Role":"primary"},"tags_all":{"Project":"unified-eac","Role":"primary"},"timeouts":null,"versioning":[{"enabled":true,"mfa_delete":false}],"website":[],"website_domain":null,"website_endpoint":null},"after_unknown":{},"before_sensitive":{"cors_rule":[],"grant":[{"permissions":[false]}],"lifecycle_rule":[{"expiration":[{}],"noncurrent_version_expiration":[],"noncurrent_version_transition":[],"tags":{},"transition":[]}],"logging":[{}],"object_lock_configuration":[],"replication_configuration":[{"rules":[{"destination":[{"access_control_translation":[],"metrics":[],"replication_time":[]}],"filter":[{}],"source_selection_criteria":[]}]}],"server_side_encryption_configuration":[{"rule":[{"apply_server_side_encryption_by_default":[{}]}]}],"tags":{},"tags_all":{},"versioning":[{}],"website":[]},"after_sensitive":{"cors_rule":[],"grant":[{"permissions":[false]}],"lifecycle_rule":[{"expiration":[{}],"noncurrent_version_expiration":[],"noncurrent_version_transition":[],"tags":{},"transition":[]}],"logging":[{}],"object_lock_configuration":[],"replication_configuration":[{"rules":[{"destination":[{"access_control_translation":[],"metrics":[],"replication_time":[]}],"filter":[{}],"source_selection_criteria":[]}]}],"server_side_encryption_configuration":[{"rule":[{"apply_server_side_encryption_by_default":[{}]}]}],"tags":{},"tags_all":{},"versioning":[{}],"website":[]}}},{"address":"module.s3_secure.aws_s3_bucket.artifacts_log","module_address":"module.s3_secure","mode":"managed","type":"aws_s3_bucket","name":"artifacts_log","provider_name":"registry.terraform.io/hashicorp/aws","change":{"actions":["no-op"],"before":{"acceleration_status":"","acl":null,"arn":"arn:aws:s3:::eac-artifacts-logs-b4978b17","bucket":"eac-artifacts-logs-b4978b17","bucket_domain_name":"eac-artifacts-logs-b4978b17.s3.amazonaws.com","bucket_prefix":"","bucket_regional_domain_name":"eac-artifacts-logs-b4978b17.s3.us-east-1.amazonaws.com","cors_rule":[],"force_destroy":false,"grant":[{"id":"424286cc7a154fd7fdcc1362ac989ff00935cb0f2cb0daff64c6247291919b1f","permissions":["FULL_CONTROL"],"type":"CanonicalUser","uri":""}],"hosted_zone_id":"Z3AQBSTGFYJSTF","id":"eac-artifacts-logs-b4978b17","lifecycle_rule":[{"abort_incomplete_multipart_upload_days":7,"enabled":true,"expiration":[],"id":"abort-failed-uploads","noncurrent_version_expiration":[],"noncurrent_version_transition":[],"prefix":"","tags":{},"transition":[]}],"logging":[],"object_lock_configuration":[],"object_lock_enabled":false,"policy":"","region":"us-east-1","replication_configuration":[{"role":"arn:aws:iam::779937513192:role/eac-replication-role-b4978b17","rules":[{"delete_marker_replication_status":"","destination":[{"access_control_translation":[],"account_id":"","bucket":"arn:aws:s3:::eac-artifacts-destination-b4978b17","metrics":[],"replica_kms_key_id":"","replication_time":[],"storage_class":"STANDARD"}],"filter":[{"prefix":null,"tags":null}],"id":"replicate-artifacts-log","prefix":"","priority":0,"source_selection_criteria":[],"status":"Enabled"}]}],"request_payer":"BucketOwner","server_side_encryption_configuration":[{"rule":[{"apply_server_side_encryption_by_default":[{"kms_master_key_id":"","sse_algorithm":"aws:kms"}],"bucket_key_enabled":false}]}],"tags":{"Project":"unified-eac","Role":"log"},"tags_all":{"Project":"unified-eac","Role":"log"},"timeouts":null,"versioning":[{"enabled":true,"mfa_delete":false}],"website":[],"website_domain":null,"website_endpoint":null},"after":{"acceleration_status":"","acl":null,"arn":"arn:aws:s3:::eac-artifacts-logs-b4978b17","bucket":"eac-artifacts-logs-b4978b17","bucket_domain_name":"eac-artifacts-logs-b4978b17.s3.amazonaws.com","bucket_prefix":"","bucket_regional_domain_name":"eac-artifacts-logs-b4978b17.s3.us-east-1.amazonaws.com","cors_rule":[],"force_destroy":false,"grant":[{"id":"424286cc7a154fd7fdcc1362ac989ff00935cb0f2cb0daff64c6247291919b1f","permissions":["FULL_CONTROL"],"type":"CanonicalUser","uri":""}],"hosted_zone_id":"Z3AQBSTGFYJSTF","id":"eac-artifacts-logs-b4978b17","lifecycle_rule":[{"abort_incomplete_multipart_upload_days":7,"enabled":true,"expiration":[],"id":"abort-failed-uploads","noncurrent_version_expiration":[],"noncurrent_version_transition":[],"prefix":"","tags":{},"transition":[]}],"logging":[],"object_lock_configuration":[],"object_lock_enabled":false,"policy":"","region":"us-east-1","replication_configuration":[{"role":"arn:aws:iam::779937513192:role/eac-replication-role-b4978b17","rules":[{"delete_marker_replication_status":"","destination":[{"access_control_translation":[],"account_id":"","bucket":"arn:aws:s3:::eac-artifacts-destination-b4978b17","metrics":[],"replica_kms_key_id":"","replication_time":[],"storage_class":"STANDARD"}],"filter":[{"prefix":null,"tags":null}],"id":"replicate-artifacts-log","prefix":"","priority":0,"source_selection_criteria":[],"status":"Enabled"}]}],"request_payer":"BucketOwner","server_side_encryption_configuration":[{"rule":[{"apply_server_side_encryption_by_default":[{"kms_master_key_id":"","sse_algorithm":"aws:kms"}],"bucket_key_enabled":false}]}],"tags":{"Project":"unified-eac","Role":"log"},"tags_all":{"Project":"unified-eac","Role":"log"},"timeouts":null,"versioning":[{"enabled":true,"mfa_delete":false}],"website":[],"website_domain":null,"website_endpoint":null},"after_unknown":{},"before_sensitive":{"cors_rule":[],"grant":[{"permissions":[false]}],"lifecycle_rule":[{"expiration":[],"noncurrent_version_expiration":[],"noncurrent_version_transition":[],"tags":{},"transition":[]}],"logging":[],"object_lock_configuration":[],"replication_configuration":[{"rules":[{"destination":[{"access_control_translation":[],"metrics":[],"replication_time":[]}],"filter":[{}],"source_selection_criteria":[]}]}],"server_side_encryption_configuration":[{"rule":[{"apply_server_side_encryption_by_default":[{}]}]}],"tags":{},"tags_all":{},"versioning":[{}],"website":[]},"after_sensitive":{"cors_rule":[],"grant":[{"permissions":[false]}],"lifecycle_rule":[{"expiration":[],"noncurrent_version_expiration":[],"noncurrent_version_transition":[],"tags":{},"transition":[]}],"logging":[],"object_lock_configuration":[],"replication_configuration":[{"rules":[{"destination":[{"access_control_translation":[],"metrics":[],"replication_time":[]}],"filter":[{}],"source_selection_criteria":[]}]}],"server_side_encryption_configuration":[{"rule":[{"apply_server_side_encryption_by_default":[{}]}]}],"tags":{},"tags_all":{},"versioning":[{}],"website":[]}}},{"address":"module.s3_secure.aws_s3_bucket.destination_bucket","module_address":"module.s3_secure","mode":"managed","type":"aws_s3_bucket","name":"destination_bucket","provider_name":"registry.terraform.io/hashicorp/aws","change":{"actions":["no-op"],"before":{"acceleration_status":"","acl":null,"arn":"arn:aws:s3:::eac-artifacts-destination-b4978b17","bucket":"eac-artifacts-destination-b4978b17","bucket_domain_name":"eac-artifacts-destination-b4978b17.s3.amazonaws.com","bucket_prefix":"","bucket_regional_domain_name":"eac-artifacts-destination-b4978b17.s3.us-west-2.amazonaws.com","cors_rule":[],"force_destroy":false,"grant":[{"id":"424286cc7a154fd7fdcc1362ac989ff00935cb0f2cb0daff64c6247291919b1f","permissions":["FULL_CONTROL"],"type":"CanonicalUser","uri":""}],"hosted_zone_id":"Z3BJ6K6RIION7M","id":"eac-artifacts-destination-b4978b17","lifecycle_rule":[{"abort_incomplete_multipart_upload_days":7,"enabled":true,"expiration":[{"date":"","days":365,"expired_object_delete_marker":false}],"id":"expire-destination-objects","noncurrent_version_expiration":[],"noncurrent_version_transition":[],"prefix":"","tags":{},"transition":[]}],"logging":[{"target_bucket":"eac-artifacts-logs-replica-b4978b17","target_prefix":"replica/"}],"object_lock_configuration":[],"object_lock_enabled":false,"policy":"","region":"us-west-2","replication_configuration":[],"request_payer":"BucketOwner","server_side_encryption_configuration":[{"rule":[{"apply_server_side_encryption_by_default":[{"kms_master_key_id":"","sse_algorithm":"aws:kms"}],"bucket_key_enabled":false}]}],"tags":{"Project":"unified-eac","Role":"destination"},"tags_all":{"Project":"unified-eac","Role":"destination"},"timeouts":null,"versioning":[{"enabled":true,"mfa_delete":false}],"website":[],"website_domain":null,"website_endpoint":null},"after":{"acceleration_status":"","acl":null,"arn":"arn:aws:s3:::eac-artifacts-destination-b4978b17","bucket":"eac-artifacts-destination-b4978b17","bucket_domain_name":"eac-artifacts-destination-b4978b17.s3.amazonaws.com","bucket_prefix":"","bucket_regional_domain_name":"eac-artifacts-destination-b4978b17.s3.us-west-2.amazonaws.com","cors_rule":[],"force_destroy":false,"grant":[{"id":"424286cc7a154fd7fdcc1362ac989ff00935cb0f2cb0daff64c6247291919b1f","permissions":["FULL_CONTROL"],"type":"CanonicalUser","uri":""}],"hosted_zone_id":"Z3BJ6K6RIION7M","id":"eac-artifacts-destination-b4978b17","lifecycle_rule":[{"abort_incomplete_multipart_upload_days":7,"enabled":true,"expiration":[{"date":"","days":365,"expired_object_delete_marker":false}],"id":"expire-destination-objects","noncurrent_version_expiration":[],"noncurrent_version_transition":[],"prefix":"","tags":{},"transition":[]}],"logging":[{"target_bucket":"eac-artifacts-logs-replica-b4978b17","target_prefix":"replica/"}],"object_lock_configuration":[],"object_lock_enabled":false,"policy":"","region":"us-west-2","replication_configuration":[],"request_payer":"BucketOwner","server_side_encryption_configuration":[{"rule":[{"apply_server_side_encryption_by_default":[{"kms_master_key_id":"","sse_algorithm":"aws:kms"}],"bucket_key_enabled":false}]}],"tags":{"Project":"unified-eac","Role":"destination"},"tags_all":{"Project":"unified-eac","Role":"destination"},"timeouts":null,"versioning":[{"enabled":true,"mfa_delete":false}],"website":[],"website_domain":null,"website_endpoint":null},"after_unknown":{},"before_sensitive":{"cors_rule":[],"grant":[{"permissions":[false]}],"lifecycle_rule":[{"expiration":[{}],"noncurrent_version_expiration":[],"noncurrent_version_transition":[],"tags":{},"transition":[]}],"logging":[{}],"object_lock_configuration":[],"replication_configuration":[],"server_side_encryption_configuration":[{"rule":[{"apply_server_side_encryption_by_default":[{}]}]}],"tags":{},"tags_all":{},"versioning":[{}],"website":[]},"after_sensitive":{"cors_rule":[],"grant":[{"permissions":[false]}],"lifecycle_rule":[{"expiration":[{}],"noncurrent_version_expiration":[],"noncurrent_version_transition":[],"tags":{},"transition":[]}],"logging":[{}],"object_lock_configuration":[],"replication_configuration":[],"server_side_encryption_configuration":[{"rule":[{"apply_server_side_encryption_by_default":[{}]}]}],"tags":{},"tags_all":{},"versioning":[{}],"website":[]}}},{"address":"module.s3_secure.aws_s3_bucket.destination_log","module_address":"module.s3_secure","mode":"managed","type":"aws_s3_bucket","name":"destination_log","provider_name":"registry.terraform.io/hashicorp/aws","change":{"actions":["no-op"],"before":{"acceleration_status":"","acl":null,"arn":"arn:aws:s3:::eac-artifacts-logs-replica-b4978b17","bucket":"eac-artifacts-logs-replica-b4978b17","bucket_domain_name":"eac-artifacts-logs-replica-b4978b17.s3.amazonaws.com","bucket_prefix":"","bucket_regional_domain_name":"eac-artifacts-logs-replica-b4978b17.s3.us-west-2.amazonaws.com","cors_rule":[],"force_destroy":false,"grant":[{"id":"424286cc7a154fd7fdcc1362ac989ff00935cb0f2cb0daff64c6247291919b1f","permissions":["FULL_CONTROL"],"type":"CanonicalUser","uri":""}],"hosted_zone_id":"Z3BJ6K6RIION7M","id":"eac-artifacts-logs-replica-b4978b17","lifecycle_rule":[{"abort_incomplete_multipart_upload_days":7,"enabled":true,"expiration":[{"date":"","days":365,"expired_object_delete_marker":false}],"id":"expire-destination-log-objects","noncurrent_version_expiration":[],"noncurrent_version_transition":[],"prefix":"","tags":{},"transition":[]}],"logging":[],"object_lock_configuration":[],"object_lock_enabled":false,"policy":"","region":"us-west-2","replication_configuration":[],"request_payer":"BucketOwner","server_side_encryption_configuration":[{"rule":[{"apply_server_side_encryption_by_default":[{"kms_master_key_id":"","sse_algorithm":"aws:kms"}],"bucket_key_enabled":false}]}],"tags":{"Project":"unified-eac","Role":"replica-log"},"tags_all":{"Project":"unified-eac","Role":"replica-log"},"timeouts":null,"versioning":[{"enabled":true,"mfa_delete":false}],"website":[],"website_domain":null,"website_endpoint":null},"after":{"acceleration_status":"","acl":null,"arn":"arn:aws:s3:::eac-artifacts-logs-replica-b4978b17","bucket":"eac-artifacts-logs-replica-b4978b17","bucket_domain_name":"eac-artifacts-logs-replica-b4978b17.s3.amazonaws.com","bucket_prefix":"","bucket_regional_domain_name":"eac-artifacts-logs-replica-b4978b17.s3.us-west-2.amazonaws.com","cors_rule":[],"force_destroy":false,"grant":[{"id":"424286cc7a154fd7fdcc1362ac989ff00935cb0f2cb0daff64c6247291919b1f","permissions":["FULL_CONTROL"],"type":"CanonicalUser","uri":""}],"hosted_zone_id":"Z3BJ6K6RIION7M","id":"eac-artifacts-logs-replica-b4978b17","lifecycle_rule":[{"abort_incomplete_multipart_upload_days":7,"enabled":true,"expiration":[{"date":"","days":365,"expired_object_delete_marker":false}],"id":"expire-destination-log-objects","noncurrent_version_expiration":[],"noncurrent_version_transition":[],"prefix":"","tags":{},"transition":[]}],"logging":[],"object_lock_configuration":[],"object_lock_enabled":false,"policy":"","region":"us-west-2","replication_configuration":[],"request_payer":"BucketOwner","server_side_encryption_configuration":[{"rule":[{"apply_server_side_encryption_by_default":[{"kms_master_key_id":"","sse_algorithm":"aws:kms"}],"bucket_key_enabled":false}]}],"tags":{"Project":"unified-eac","Role":"replica-log"},"tags_all":{"Project":"unified-eac","Role":"replica-log"},"timeouts":null,"versioning":[{"enabled":true,"mfa_delete":false}],"website":[],"website_domain":null,"website_endpoint":null},"after_unknown":{},"before_sensitive":{"cors_rule":[],"grant":[{"permissions":[false]}],"lifecycle_rule":[{"expiration":[{}],"noncurrent_version_expiration":[],"noncurrent_version_transition":[],"tags":{},"transition":[]}],"logging":[],"object_lock_configuration":[],"replication_configuration":[],"server_side_encryption_configuration":[{"rule":[{"apply_server_side_encryption_by_default":[{}]}]}],"tags":{},"tags_all":{},"versioning":[{}],"website":[]},"after_sensitive":{"cors_rule":[],"grant":[{"permissions":[false]}],"lifecycle_rule":[{"expiration":[{}],"noncurrent_version_expiration":[],"noncurrent_version_transition":[],"tags":{},"transition":[]}],"logging":[],"object_lock_configuration":[],"replication_configuration":[],"server_side_encryption_configuration":[{"rule":[{"apply_server_side_encryption_by_default":[{}]}]}],"tags":{},"tags_all":{},"versioning":[{}],"website":[]}}},{"address":"module.s3_secure.aws_s3_bucket_lifecycle_configuration.artifacts_lifecycle","module_address":"module.s3_secure","mode":"managed","type":"aws_s3_bucket_lifecycle_configuration","name":"artifacts_lifecycle","provider_name":"registry.terraform.io/hashicorp/aws","change":{"actions":["no-op"],"before":{"bucket":"eac-artifacts-b4978b17","expected_bucket_owner":"","id":"eac-artifacts-b4978b17","rule":[{"abort_incomplete_multipart_upload":[{"days_after_initiation":7}],"expiration":[{"date":null,"days":365,"expired_object_delete_marker":false}],"filter":[{"and":[],"object_size_greater_than":null,"object_size_less_than":null,"prefix":"","tag":[]}],"id":"expire-old-objects","noncurrent_version_expiration":[],"noncurrent_version_transition":[],"prefix":"","status":"Enabled","transition":[]}],"timeouts":null,"transition_default_minimum_object_size":"all_storage_classes_128K"},"after":{"bucket":"eac-artifacts-b4978b17","expected_bucket_owner":"","id":"eac-artifacts-b4978b17","rule":[{"abort_incomplete_multipart_upload":[{"days_after_initiation":7}],"expiration":[{"date":null,"days":365,"expired_object_delete_marker":false}],"filter":[{"and":[],"object_size_greater_than":null,"object_size_less_than":null,"prefix":"","tag":[]}],"id":"expire-old-objects","noncurrent_version_expiration":[],"noncurrent_version_transition":[],"prefix":"","status":"Enabled","transition":[]}],"timeouts":null,"transition_default_minimum_object_size":"all_storage_classes_128K"},"after_unknown":{},"before_sensitive":{"rule":[{"abort_incomplete_multipart_upload":[{}],"expiration":[{}],"filter":[{"and":[],"tag":[]}],"noncurrent_version_expiration":[],"noncurrent_version_transition":[],"transition":[]}]},"after_sensitive":{"rule":[{"abort_incomplete_multipart_upload":[{}],"expiration":[{}],"filter":[{"and":[],"tag":[]}],"noncurrent_version_expiration":[],"noncurrent_version_transition":[],"transition":[]}]}}},{"address":"module.s3_secure.aws_s3_bucket_lifecycle_configuration.artifacts_log_lifecycle","module_address":"module.s3_secure","mode":"managed","type":"aws_s3_bucket_lifecycle_configuration","name":"artifacts_log_lifecycle","provider_name":"registry.terraform.io/hashicorp/aws","change":{"actions":["no-op"],"before":{"bucket":"eac-artifacts-logs-b4978b17","expected_bucket_owner":"","id":"eac-artifacts-logs-b4978b17","rule":[{"abort_incomplete_multipart_upload":[{"days_after_initiation":7}],"expiration":[],"filter":[{"and":[],"object_size_greater_than":null,"object_size_less_than":null,"prefix":"","tag":[]}],"id":"abort-failed-uploads","noncurrent_version_expiration":[],"noncurrent_version_transition":[],"prefix":"","status":"Enabled","transition":[]}],"timeouts":null,"transition_default_minimum_object_size":"all_storage_classes_128K"},"after":{"bucket":"eac-artifacts-logs-b4978b17","expected_bucket_owner":"","id":"eac-artifacts-logs-b4978b17","rule":[{"abort_incomplete_multipart_upload":[{"days_after_initiation":7}],"expiration":[],"filter":[{"and":[],"object_size_greater_than":null,"object_size_less_than":null,"prefix":"","tag":[]}],"id":"abort-failed-uploads","noncurrent_version_expiration":[],"noncurrent_version_transition":[],"prefix":"","status":"Enabled","transition":[]}],"timeouts":null,"transition_default_minimum_object_size":"all_storage_classes_128K"},"after_unknown":{},"before_sensitive":{"rule":[{"abort_incomplete_multipart_upload":[{}],"expiration":[],"filter":[{"and":[],"tag":[]}],"noncurrent_version_expiration":[],"noncurrent_version_transition":[],"transition":[]}]},"after_sensitive":{"rule":[{"abort_incomplete_multipart_upload":[{}],"expiration":[],"filter":[{"and":[],"tag":[]}],"noncurrent_version_expiration":[],"noncurrent_version_transition":[],"transition":[]}]}}},{"address":"module.s3_secure.aws_s3_bucket_lifecycle_configuration.destination_lifecycle","module_address":"module.s3_secure","mode":"managed","type":"aws_s3_bucket_lifecycle_configuration","name":"destination_lifecycle","provider_name":"registry.terraform.io/hashicorp/aws","change":{"actions":["no-op"],"before":{"bucket":"eac-artifacts-destination-b4978b17","expected_bucket_owner":"","id":"eac-artifacts-destination-b4978b17","rule":[{"abort_incomplete_multipart_upload":[{"days_after_initiation":7}],"expiration":[{"date":null,"days":365,"expired_object_delete_marker":false}],"filter":[{"and":[],"object_size_greater_than":null,"object_size_less_than":null,"prefix":"","tag":[]}],"id":"expire-destination-objects","noncurrent_version_expiration":[],"noncurrent_version_transition":[],"prefix":"","status":"Enabled","transition":[]}],"timeouts":null,"transition_default_minimum_object_size":"all_storage_classes_128K"},"after":{"bucket":"eac-artifacts-destination-b4978b17","expected_bucket_owner":"","id":"eac-artifacts-destination-b4978b17","rule":[{"abort_incomplete_multipart_upload":[{"days_after_initiation":7}],"expiration":[{"date":null,"days":365,"expired_object_delete_marker":false}],"filter":[{"and":[],"object_size_greater_than":null,"object_size_less_than":null,"prefix":"","tag":[]}],"id":"expire-destination-objects","noncurrent_version_expiration":[],"noncurrent_version_transition":[],"prefix":"","status":"Enabled","transition":[]}],"timeouts":null,"transition_default_minimum_object_size":"all_storage_classes_128K"},"after_unknown":{},"before_sensitive":{"rule":[{"abort_incomplete_multipart_upload":[{}],"expiration":[{}],"filter":[{"and":[],"tag":[]}],"noncurrent_version_expiration":[],"noncurrent_version_transition":[],"transition":[]}]},"after_sensitive":{"rule":[{"abort_incomplete_multipart_upload":[{}],"expiration":[{}],"filter":[{"and":[],"tag":[]}],"noncurrent_version_expiration":[],"noncurrent_version_transition":[],"transition":[]}]}}},{"address":"module.s3_secure.aws_s3_bucket_lifecycle_configuration.destination_log_lifecycle","module_address":"module.s3_secure","mode":"managed","type":"aws_s3_bucket_lifecycle_configuration","name":"destination_log_lifecycle","provider_name":"registry.terraform.io/hashicorp/aws","change":{"actions":["no-op"],"before":{"bucket":"eac-artifacts-logs-replica-b4978b17","expected_bucket_owner":"","id":"eac-artifacts-logs-replica-b4978b17","rule":[{"abort_incomplete_multipart_upload":[{"days_after_initiation":7}],"expiration":[{"date":null,"days":365,"expired_object_delete_marker":false}],"filter":[{"and":[],"object_size_greater_than":null,"object_size_less_than":null,"prefix":"","tag":[]}],"id":"expire-destination-log-objects","noncurrent_version_expiration":[],"noncurrent_version_transition":[],"prefix":"","status":"Enabled","transition":[]}],"timeouts":null,"transition_default_minimum_object_size":"all_storage_classes_128K"},"after":{"bucket":"eac-artifacts-logs-replica-b4978b17","expected_bucket_owner":"","id":"eac-artifacts-logs-replica-b4978b17","rule":[{"abort_incomplete_multipart_upload":[{"days_after_initiation":7}],"expiration":[{"date":null,"days":365,"expired_object_delete_marker":false}],"filter":[{"and":[],"object_size_greater_than":null,"object_size_less_than":null,"prefix":"","tag":[]}],"id":"expire-destination-log-objects","noncurrent_version_expiration":[],"noncurrent_version_transition":[],"prefix":"","status":"Enabled","transition":[]}],"timeouts":null,"transition_default_minimum_object_size":"all_storage_classes_128K"},"after_unknown":{},"before_sensitive":{"rule":[{"abort_incomplete_multipart_upload":[{}],"expiration":[{}],"filter":[{"and":[],"tag":[]}],"noncurrent_version_expiration":[],"noncurrent_version_transition":[],"transition":[]}]},"after_sensitive":{"rule":[{"abort_incomplete_multipart_upload":[{}],"expiration":[{}],"filter":[{"and":[],"tag":[]}],"noncurrent_version_expiration":[],"noncurrent_version_transition":[],"transition":[]}]}}},{"address":"module.s3_secure.aws_s3_bucket_logging.artifacts_access_logging","module_address":"module.s3_secure","mode":"managed","type":"aws_s3_bucket_logging","name":"artifacts_access_logging","provider_name":"registry.terraform.io/hashicorp/aws","change":{"actions":["no-op"],"before":{"bucket":"eac-artifacts-b4978b17","expected_bucket_owner":"","id":"eac-artifacts-b4978b17","target_bucket":"eac-artifacts-logs-b4978b17","target_grant":[],"target_object_key_format":[],"target_prefix":"artifacts/"},"after":{"bucket":"eac-artifacts-b4978b17","expected_bucket_owner":"","id":"eac-artifacts-b4978b17","target_bucket":"eac-artifacts-logs-b4978b17","target_grant":[],"target_object_key_format":[],"target_prefix":"artifacts/"},"after_unknown":{},"before_sensitive":{"target_grant":[],"target_object_key_format":[]},"after_sensitive":{"target_grant":[],"target_object_key_format":[]}}},{"address":"module.s3_secure.aws_s3_bucket_logging.destination_access_logging","module_address":"module.s3_secure","mode":"managed","type":"aws_s3_bucket_logging","name":"destination_access_logging","provider_name":"registry.terraform.io/hashicorp/aws","change":{"actions":["no-op"],"before":{"bucket":"eac-artifacts-destination-b4978b17","expected_bucket_owner":"","id":"eac-artifacts-destination-b4978b17","target_bucket":"eac-artifacts-logs-replica-b4978b17","target_grant":[],"target_object_key_format":[],"target_prefix":"replica/"},"after":{"bucket":"eac-artifacts-destination-b4978b17","expected_bucket_owner":"","id":"eac-artifacts-destination-b4978b17","target_bucket":"eac-artifacts-logs-replica-b4978b17","target_grant":[],"target_object_key_format":[],"target_prefix":"replica/"},"after_unknown":{},"before_sensitive":{"target_grant":[],"target_object_key_format":[]},"after_sensitive":{"target_grant":[],"target_object_key_format":[]}}},{"address":"module.s3_secure.aws_s3_bucket_notification.artifacts_log_notifications","module_address":"module.s3_secure","mode":"managed","type":"aws_s3_bucket_notification","name":"artifacts_log_notifications","provider_name":"registry.terraform.io/hashicorp/aws","change":{"actions":["no-op"],"before":{"bucket":"eac-artifacts-logs-b4978b17","eventbridge":false,"id":"eac-artifacts-logs-b4978b17","lambda_function":[],"queue":[],"topic":[{"events":["s3:ObjectCreated:*"],"filter_prefix":"","filter_suffix":"","id":"tf-s3-topic-20251111200345403100000001","topic_arn":"arn:aws:sns:us-east-1:779937513192:eac-artifacts-events-b4978b17"}]},"after":{"bucket":"eac-artifacts-logs-b4978b17","eventbridge":false,"id":"eac-artifacts-logs-b4978b17","lambda_function":[],"queue":[],"topic":[{"events":["s3:ObjectCreated:*"],"filter_prefix":"","filter_suffix":"","id":"tf-s3-topic-20251111200345403100000001","topic_arn":"arn:aws:sns:us-east-1:779937513192:eac-artifacts-events-b4978b17"}]},"after_unknown":{},"before_sensitive":{"lambda_function":[],"queue":[],"topic":[{"events":[false]}]},"after_sensitive":{"lambda_function":[],"queue":[],"topic":[{"events":[false]}]}}},{"address":"module.s3_secure.aws_s3_bucket_notification.artifacts_notifications","module_address":"module.s3_secure","mode":"managed","type":"aws_s3_bucket_notification","name":"artifacts_notifications","provider_name":"registry.terraform.io/hashicorp/aws","change":{"actions":["no-op"],"before":{"bucket":"eac-artifacts-b4978b17","eventbridge":false,"id":"eac-artifacts-b4978b17","lambda_function":[],"queue":[],"topic":[{"events":["s3:ObjectCreated:*"],"filter_prefix":"","filter_suffix":"","id":"tf-s3-topic-20251111200345726800000002","topic_arn":"arn:aws:sns:us-east-1:779937513192:eac-artifacts-events-b4978b17"}]},"after":{"bucket":"eac-artifacts-b4978b17","eventbridge":false,"id":"eac-artifacts-b4978b17","lambda_function":[],"queue":[],"topic":[{"events":["s3:ObjectCreated:*"],"filter_prefix":"","filter_suffix":"","id":"tf-s3-topic-20251111200345726800000002","topic_arn":"arn:aws:sns:us-east-1:779937513192:eac-artifacts-events-b4978b17"}]},"after_unknown":{},"before_sensitive":{"lambda_function":[],"queue":[],"topic":[{"events":[false]}]},"after_sensitive":{"lambda_function":[],"queue":[],"topic":[{"events":[false]}]}}},{"address":"module.s3_secure.aws_s3_bucket_notification.destination_log_notifications","module_address":"module.s3_secure","mode":"managed","type":"aws_s3_bucket_notification","name":"destination_log_notifications","provider_name":"registry.terraform.io/hashicorp/aws","change":{"actions":["no-op"],"before":{"bucket":"eac-artifacts-logs-replica-b4978b17","eventbridge":false,"id":"eac-artifacts-logs-replica-b4978b17","lambda_function":[],"queue":[],"topic":[{"events":["s3:ObjectCreated:*"],"filter_prefix":"","filter_suffix":"","id":"tf-s3-topic-20251111200350902300000002","topic_arn":"arn:aws:sns:us-west-2:779937513192:eac-artifacts-events-replica-b4978b17"}]},"after":{"bucket":"eac-artifacts-logs-replica-b4978b17","eventbridge":false,"id":"eac-artifacts-logs-replica-b4978b17","lambda_function":[],"queue":[],"topic":[{"events":["s3:ObjectCreated:*"],"filter_prefix":"","filter_suffix":"","id":"tf-s3-topic-20251111200350902300000002","topic_arn":"arn:aws:sns:us-west-2:779937513192:eac-artifacts-events-replica-b4978b17"}]},"after_unknown":{},"before_sensitive":{"lambda_function":[],"queue":[],"topic":[{"events":[false]}]},"after_sensitive":{"lambda_function":[],"queue":[],"topic":[{"events":[false]}]}}},{"address":"module.s3_secure.aws_s3_bucket_notification.destination_notifications","module_address":"module.s3_secure","mode":"managed","type":"aws_s3_bucket_notification","name":"destination_notifications","provider_name":"registry.terraform.io/hashicorp/aws","change":{"actions":["create"],"before":null,"after":{"bucket":"eac-artifacts-destination-b4978b17","eventbridge":false,"lambda_function":[],"queue":[],"topic":[{"events":["s3:ObjectCreated:*"],"filter_prefix":null,"filter_suffix":null,"topic_arn":"arn:aws:sns:us-west-2:779937513192:eac-artifacts-events-replica-b4978b17"}]},"after_unknown":{"id":true,"lambda_function":[],"queue":[],"topic":[{"events":[false],"id":true}]},"before_sensitive":false,"after_sensitive":{"lambda_function":[],"queue":[],"topic":[{"events":[false]}]}}},{"address":"module.s3_secure.aws_s3_bucket_public_access_block.artifacts_log_public_access","module_address":"module.s3_secure","mode":"managed","type":"aws_s3_bucket_public_access_block","name":"artifacts_log_public_access","provider_name":"registry.terraform.io/hashicorp/aws","change":{"actions":["no-op"],"before":{"block_public_acls":true,"block_public_policy":true,"bucket":"eac-artifacts-logs-b4978b17","id":"eac-artifacts-logs-b4978b17","ignore_public_acls":true,"restrict_public_buckets":true},"after":{"block_public_acls":true,"block_public_policy":true,"bucket":"eac-artifacts-logs-b4978b17","id":"eac-artifacts-logs-b4978b17","ignore_public_acls":true,"restrict_public_buckets":true},"after_unknown":{},"before_sensitive":{},"after_sensitive":{}}},{"address":"module.s3_secure.aws_s3_bucket_public_access_block.artifacts_public_access","module_address":"module.s3_secure","mode":"managed","type":"aws_s3_bucket_public_access_block","name":"artifacts_public_access","provider_name":"registry.terraform.io/hashicorp/aws","change":{"actions":["no-op"],"before":{"block_public_acls":true,"block_public_policy":true,"bucket":"eac-artifacts-b4978b17","id":"eac-artifacts-b4978b17","ignore_public_acls":true,"restrict_public_buckets":true},"after":{"block_public_acls":true,"block_public_policy":true,"bucket":"eac-artifacts-b4978b17","id":"eac-artifacts-b4978b17","ignore_public_acls":true,"restrict_public_buckets":true},"after_unknown":{},"before_sensitive":{},"after_sensitive":{}}},{"address":"module.s3_secure.aws_s3_bucket_public_access_block.destination_log_pab","module_address":"module.s3_secure","mode":"managed","type":"aws_s3_bucket_public_access_block","name":"destination_log_pab","provider_name":"registry.terraform.io/hashicorp/aws","change":{"actions":["no-op"],"before":{"block_public_acls":true,"block_public_policy":true,"bucket":"eac-artifacts-logs-replica-b4978b17","id":"eac-artifacts-logs-replica-b4978b17","ignore_public_acls":true,"restrict_public_buckets":true},"after":{"block_public_acls":true,"block_public_policy":true,"bucket":"eac-artifacts-logs-replica-b4978b17","id":"eac-artifacts-logs-replica-b4978b17","ignore_public_acls":true,"restrict_public_buckets":true},"after_unknown":{},"before_sensitive":{},"after_sensitive":{}}},{"address":"module.s3_secure.aws_s3_bucket_public_access_block.destination_public_access","module_address":"module.s3_secure","mode":"managed","type":"aws_s3_bucket_public_access_block","name":"destination_public_access","provider_name":"registry.terraform.io/hashicorp/aws","change":{"actions":["no-op"],"before":{"block_public_acls":true,"block_public_policy":true,"bucket":"eac-artifacts-destination-b4978b17","id":"eac-artifacts-destination-b4978b17","ignore_public_acls":true,"restrict_public_buckets":true},"after":{"block_public_acls":true,"block_public_policy":true,"bucket":"eac-artifacts-destination-b4978b17","id":"eac-artifacts-destination-b4978b17","ignore_public_acls":true,"restrict_public_buckets":true},"after_unknown":{},"before_sensitive":{},"after_sensitive":{}}},{"address":"module.s3_secure.aws_s3_bucket_replication_configuration.artifacts_log_replication","module_address":"module.s3_secure","mode":"managed","type":"aws_s3_bucket_replication_configuration","name":"artifacts_log_replication","provider_name":"registry.terraform.io/hashicorp/aws","change":{"actions":["no-op"],"before":{"bucket":"eac-artifacts-logs-b4978b17","id":"eac-artifacts-logs-b4978b17","role":"arn:aws:iam::779937513192:role/eac-replication-role-b4978b17","rule":[{"delete_marker_replication":[{"status":"Disabled"}],"destination":[{"access_control_translation":[],"account":"","bucket":"arn:aws:s3:::eac-artifacts-destination-b4978b17","encryption_configuration":[],"metrics":[],"replication_time":[],"storage_class":"STANDARD"}],"existing_object_replication":[],"filter":[{"and":[],"prefix":"","tag":[]}],"id":"replicate-artifacts-log","prefix":"","priority":0,"source_selection_criteria":[],"status":"Enabled"}],"token":null},"after":{"bucket":"eac-artifacts-logs-b4978b17","id":"eac-artifacts-logs-b4978b17","role":"arn:aws:iam::779937513192:role/eac-replication-role-b4978b17","rule":[{"delete_marker_replication":[{"status":"Disabled"}],"destination":[{"access_control_translation":[],"account":"","bucket":"arn:aws:s3:::eac-artifacts-destination-b4978b17","encryption_configuration":[],"metrics":[],"replication_time":[],"storage_class":"STANDARD"}],"existing_object_replication":[],"filter":[{"and":[],"prefix":"","tag":[]}],"id":"replicate-artifacts-log","prefix":"","priority":0,"source_selection_criteria":[],"status":"Enabled"}],"token":null},"after_unknown":{},"before_sensitive":{"rule":[{"delete_marker_replication":[{}],"destination":[{"access_control_translation":[],"encryption_configuration":[],"metrics":[],"replication_time":[]}],"existing_object_replication":[],"filter":[{"and":[],"tag":[]}],"source_selection_criteria":[]}],"token":true},"after_sensitive":{"rule":[{"delete_marker_replication":[{}],"destination":[{"access_control_translation":[],"encryption_configuration":[],"metrics":[],"replication_time":[]}],"existing_object_replication":[],"filter":[{"and":[],"tag":[]}],"source_selection_criteria":[]}],"token":true}}},{"address":"module.s3_secure.aws_s3_bucket_replication_configuration.artifacts_replication","module_address":"module.s3_secure","mode":"managed","type":"aws_s3_bucket_replication_configuration","name":"artifacts_replication","provider_name":"registry.terraform.io/hashicorp/aws","change":{"actions":["no-op"],"before":{"bucket":"eac-artifacts-b4978b17","id":"eac-artifacts-b4978b17","role":"arn:aws:iam::779937513192:role/eac-replication-role-b4978b17","rule":[{"delete_marker_replication":[{"status":"Disabled"}],"destination":[{"access_control_translation":[],"account":"","bucket":"arn:aws:s3:::eac-artifacts-destination-b4978b17","encryption_configuration":[],"metrics":[],"replication_time":[],"storage_class":"STANDARD"}],"existing_object_replication":[],"filter":[{"and":[],"prefix":"","tag":[]}],"id":"replicate-artifacts-to-destination","prefix":"","priority":0,"source_selection_criteria":[],"status":"Enabled"}],"token":null},"after":{"bucket":"eac-artifacts-b4978b17","id":"eac-artifacts-b4978b17","role":"arn:aws:iam::779937513192:role/eac-replication-role-b4978b17","rule":[{"delete_marker_replication":[{"status":"Disabled"}],"destination":[{"access_control_translation":[],"account":"","bucket":"arn:aws:s3:::eac-artifacts-destination-b4978b17","encryption_configuration":[],"metrics":[],"replication_time":[],"storage_class":"STANDARD"}],"existing_object_replication":[],"filter":[{"and":[],"prefix":"","tag":[]}],"id":"replicate-artifacts-to-destination","prefix":"","priority":0,"source_selection_criteria":[],"status":"Enabled"}],"token":null},"after_unknown":{},"before_sensitive":{"rule":[{"delete_marker_replication":[{}],"destination":[{"access_control_translation":[],"encryption_configuration":[],"metrics":[],"replication_time":[]}],"existing_object_replication":[],"filter":[{"and":[],"tag":[]}],"source_selection_criteria":[]}],"token":true},"after_sensitive":{"rule":[{"delete_marker_replication":[{}],"destination":[{"access_control_translation":[],"encryption_configuration":[],"metrics":[],"replication_time":[]}],"existing_object_replication":[],"filter":[{"and":[],"tag":[]}],"source_selection_criteria":[]}],"token":true}}},{"address":"module.s3_secure.aws_s3_bucket_replication_configuration.destination_cross_region_replication","module_address":"module.s3_secure","mode":"managed","type":"aws_s3_bucket_replication_configuration","name":"destination_cross_region_replication","provider_name":"registry.terraform.io/hashicorp/aws","change":{"actions":["create"],"before":null,"after":{"bucket":"eac-artifacts-destination-b4978b17","role":"arn:aws:iam::779937513192:role/eac-replication-role-b4978b17","rule":[{"delete_marker_replication":[{"status":"Disabled"}],"destination":[{"access_control_translation":[],"account":null,"bucket":"arn:aws:s3:::eac-artifacts-b4978b17","encryption_configuration":[],"metrics":[],"replication_time":[],"storage_class":"STANDARD_IA"}],"existing_object_replication":[],"filter":[{"and":[],"prefix":"","tag":[]}],"id":"replicate-destination-cross-region","prefix":null,"priority":null,"source_selection_criteria":[],"status":"Enabled"}],"token":null},"after_unknown":{"id":true,"rule":[{"delete_marker_replication":[{}],"destination":[{"access_control_translation":[],"encryption_configuration":[],"metrics":[],"replication_time":[]}],"existing_object_replication":[],"filter":[{"and":[],"tag":[]}],"source_selection_criteria":[]}]},"before_sensitive":false,"after_sensitive":{"rule":[{"delete_marker_replication":[{}],"destination":[{"access_control_translation":[],"encryption_configuration":[],"metrics":[],"replication_time":[]}],"existing_object_replication":[],"filter":[{"and":[],"tag":[]}],"source_selection_criteria":[]}],"token":true}}},{"address":"module.s3_secure.aws_s3_bucket_replication_configuration.destination_log_replication","module_address":"module.s3_secure","mode":"managed","type":"aws_s3_bucket_replication_configuration","name":"destination_log_replication","provider_name":"registry.terraform.io/hashicorp/aws","change":{"actions":["create"],"before":null,"after":{"bucket":"eac-artifacts-logs-replica-b4978b17","role":"arn:aws:iam::779937513192:role/eac-replication-role-b4978b17","rule":[{"delete_marker_replication":[{"status":"Disabled"}],"destination":[{"access_control_translation":[],"account":null,"bucket":"arn:aws:s3:::eac-artifacts-logs-b4978b17","encryption_configuration":[],"metrics":[],"replication_time":[],"storage_class":"STANDARD_IA"}],"existing_object_replication":[],"filter":[{"and":[],"prefix":"","tag":[]}],"id":"replicate-destination-logs","prefix":null,"priority":null,"source_selection_criteria":[],"status":"Enabled"}],"token":null},"after_unknown":{"id":true,"rule":[{"delete_marker_replication":[{}],"destination":[{"access_control_translation":[],"encryption_configuration":[],"metrics":[],"replication_time":[]}],"existing_object_replication":[],"filter":[{"and":[],"tag":[]}],"source_selection_criteria":[]}]},"before_sensitive":false,"after_sensitive":{"rule":[{"delete_marker_replication":[{}],"destination":[{"access_control_translation":[],"encryption_configuration":[],"metrics":[],"replication_time":[]}],"existing_object_replication":[],"filter":[{"and":[],"tag":[]}],"source_selection_criteria":[]}],"token":true}}},{"address":"module.s3_secure.aws_s3_bucket_server_side_encryption_configuration.artifacts_encryption","module_address":"module.s3_secure","mode":"managed","type":"aws_s3_bucket_server_side_encryption_configuration","name":"artifacts_encryption","provider_name":"registry.terraform.io/hashicorp/aws","change":{"actions":["no-op"],"before":{"bucket":"eac-artifacts-b4978b17","expected_bucket_owner":"","id":"eac-artifacts-b4978b17","rule":[{"apply_server_side_encryption_by_default":[{"kms_master_key_id":"","sse_algorithm":"aws:kms"}],"bucket_key_enabled":false}]},"after":{"bucket":"eac-artifacts-b4978b17","expected_bucket_owner":"","id":"eac-artifacts-b4978b17","rule":[{"apply_server_side_encryption_by_default":[{"kms_master_key_id":"","sse_algorithm":"aws:kms"}],"bucket_key_enabled":false}]},"after_unknown":{},"before_sensitive":{"rule":[{"apply_server_side_encryption_by_default":[{}]}]},"after_sensitive":{"rule":[{"apply_server_side_encryption_by_default":[{}]}]}}},{"address":"module.s3_secure.aws_s3_bucket_server_side_encryption_configuration.artifacts_log_encryption","module_address":"module.s3_secure","mode":"managed","type":"aws_s3_bucket_server_side_encryption_configuration","name":"artifacts_log_encryption","provider_name":"registry.terraform.io/hashicorp/aws","change":{"actions":["no-op"],"before":{"bucket":"eac-artifacts-logs-b4978b17","expected_bucket_owner":"","id":"eac-artifacts-logs-b4978b17","rule":[{"apply_server_side_encryption_by_default":[{"kms_master_key_id":"","sse_algorithm":"aws:kms"}],"bucket_key_enabled":false}]},"after":{"bucket":"eac-artifacts-logs-b4978b17","expected_bucket_owner":"","id":"eac-artifacts-logs-b4978b17","rule":[{"apply_server_side_encryption_by_default":[{"kms_master_key_id":"","sse_algorithm":"aws:kms"}],"bucket_key_enabled":false}]},"after_unknown":{},"before_sensitive":{"rule":[{"apply_server_side_encryption_by_default":[{}]}]},"after_sensitive":{"rule":[{"apply_server_side_encryption_by_default":[{}]}]}}},{"address":"module.s3_secure.aws_s3_bucket_server_side_encryption_configuration.destination_encryption","module_address":"module.s3_secure","mode":"managed","type":"aws_s3_bucket_server_side_encryption_configuration","name":"destination_encryption","provider_name":"registry.terraform.io/hashicorp/aws","change":{"actions":["no-op"],"before":{"bucket":"eac-artifacts-destination-b4978b17","expected_bucket_owner":"","id":"eac-artifacts-destination-b4978b17","rule":[{"apply_server_side_encryption_by_default":[{"kms_master_key_id":"","sse_algorithm":"aws:kms"}],"bucket_key_enabled":false}]},"after":{"bucket":"eac-artifacts-destination-b4978b17","expected_bucket_owner":"","id":"eac-artifacts-destination-b4978b17","rule":[{"apply_server_side_encryption_by_default":[{"kms_master_key_id":"","sse_algorithm":"aws:kms"}],"bucket_key_enabled":false}]},"after_unknown":{},"before_sensitive":{"rule":[{"apply_server_side_encryption_by_default":[{}]}]},"after_sensitive":{"rule":[{"apply_server_side_encryption_by_default":[{}]}]}}},{"address":"module.s3_secure.aws_s3_bucket_server_side_encryption_configuration.destination_log_encryption","module_address":"module.s3_secure","mode":"managed","type":"aws_s3_bucket_server_side_encryption_configuration","name":"destination_log_encryption","provider_name":"registry.terraform.io/hashicorp/aws","change":{"actions":["no-op"],"before":{"bucket":"eac-artifacts-logs-replica-b4978b17","expected_bucket_owner":"","id":"eac-artifacts-logs-replica-b4978b17","rule":[{"apply_server_side_encryption_by_default":[{"kms_master_key_id":"","sse_algorithm":"aws:kms"}],"bucket_key_enabled":false}]},"after":{"bucket":"eac-artifacts-logs-replica-b4978b17","expected_bucket_owner":"","id":"eac-artifacts-logs-replica-b4978b17","rule":[{"apply_server_side_encryption_by_default":[{"kms_master_key_id":"","sse_algorithm":"aws:kms"}],"bucket_key_enabled":false}]},"after_unknown":{},"before_sensitive":{"rule":[{"apply_server_side_encryption_by_default":[{}]}]},"after_sensitive":{"rule":[{"apply_server_side_encryption_by_default":[{}]}]}}},{"address":"module.s3_secure.aws_s3_bucket_versioning.artifacts_log_versioning","module_address":"module.s3_secure","mode":"managed","type":"aws_s3_bucket_versioning","name":"artifacts_log_versioning","provider_name":"registry.terraform.io/hashicorp/aws","change":{"actions":["no-op"],"before":{"bucket":"eac-artifacts-logs-b4978b17","expected_bucket_owner":"","id":"eac-artifacts-logs-b4978b17","mfa":null,"versioning_configuration":[{"mfa_delete":"","status":"Enabled"}]},"after":{"bucket":"eac-artifacts-logs-b4978b17","expected_bucket_owner":"","id":"eac-artifacts-logs-b4978b17","mfa":null,"versioning_configuration":[{"mfa_delete":"","status":"Enabled"}]},"after_unknown":{},"before_sensitive":{"versioning_configuration":[{}]},"after_sensitive":{"versioning_configuration":[{}]}}},{"address":"module.s3_secure.aws_s3_bucket_versioning.artifacts_versioning","module_address":"module.s3_secure","mode":"managed","type":"aws_s3_bucket_versioning","name":"artifacts_versioning","provider_name":"registry.terraform.io/hashicorp/aws","change":{"actions":["no-op"],"before":{"bucket":"eac-artifacts-b4978b17","expected_bucket_owner":"","id":"eac-artifacts-b4978b17","mfa":null,"versioning_configuration":[{"mfa_delete":"","status":"Enabled"}]},"after":{"bucket":"eac-artifacts-b4978b17","expected_bucket_owner":"","id":"eac-artifacts-b4978b17","mfa":null,"versioning_configuration":[{"mfa_delete":"","status":"Enabled"}]},"after_unknown":{},"before_sensitive":{"versioning_configuration":[{}]},"after_sensitive":{"versioning_configuration":[{}]}}},{"address":"module.s3_secure.aws_s3_bucket_versioning.destination_log_versioning","module_address":"module.s3_secure","mode":"managed","type":"aws_s3_bucket_versioning","name":"destination_log_versioning","provider_name":"registry.terraform.io/hashicorp/aws","change":{"actions":["no-op"],"before":{"bucket":"eac-artifacts-logs-replica-b4978b17","expected_bucket_owner":"","id":"eac-artifacts-logs-replica-b4978b17","mfa":null,"versioning_configuration":[{"mfa_delete":"","status":"Enabled"}]},"after":{"bucket":"eac-artifacts-logs-replica-b4978b17","expected_bucket_owner":"","id":"eac-artifacts-logs-replica-b4978b17","mfa":null,"versioning_configuration":[{"mfa_delete":"","status":"Enabled"}]},"after_unknown":{},"before_sensitive":{"versioning_configuration":[{}]},"after_sensitive":{"versioning_configuration":[{}]}}},{"address":"module.s3_secure.aws_s3_bucket_versioning.destination_versioning","module_address":"module.s3_secure","mode":"managed","type":"aws_s3_bucket_versioning","name":"destination_versioning","provider_name":"registry.terraform.io/hashicorp/aws","change":{"actions":["no-op"],"before":{"bucket":"eac-artifacts-destination-b4978b17","expected_bucket_owner":"","id":"eac-artifacts-destination-b4978b17","mfa":null,"versioning_configuration":[{"mfa_delete":"","status":"Enabled"}]},"after":{"bucket":"eac-artifacts-destination-b4978b17","expected_bucket_owner":"","id":"eac-artifacts-destination-b4978b17","mfa":null,"versioning_configuration":[{"mfa_delete":"","status":"Enabled"}]},"after_unknown":{},"before_sensitive":{"versioning_configuration":[{}]},"after_sensitive":{"versioning_configuration":[{}]}}},{"address":"module.s3_secure.aws_sns_topic.artifacts_events_replica","module_address":"module.s3_secure","mode":"managed","type":"aws_sns_topic","name":"artifacts_events_replica","provider_name":"registry.terraform.io/hashicorp/aws","change":{"actions":["no-op"],"before":{"application_failure_feedback_role_arn":"","application_success_feedback_role_arn":"","application_success_feedback_sample_rate":0,"archive_policy":"","arn":"arn:aws:sns:us-west-2:779937513192:eac-artifacts-events-replica-b4978b17","beginning_archive_time":"","content_based_deduplication":false,"delivery_policy":"","display_name":"","fifo_throughput_scope":"","fifo_topic":false,"firehose_failure_feedback_role_arn":"","firehose_success_feedback_role_arn":"","firehose_success_feedback_sample_rate":0,"http_failure_feedback_role_arn":"","http_success_feedback_role_arn":"","http_success_feedback_sample_rate":0,"id":"arn:aws:sns:us-west-2:779937513192:eac-artifacts-events-replica-b4978b17","kms_master_key_id":"arn:aws:kms:us-west-2:779937513192:key/548a8a69-032c-4e1d-b074-ee5e3c4937f4","lambda_failure_feedback_role_arn":"","lambda_success_feedback_role_arn":"","lambda_success_feedback_sample_rate":0,"name":"eac-artifacts-events-replica-b4978b17","name_prefix":"","owner":"779937513192","policy":"{\"Statement\":[{\"Action\":\"SNS:Publish\",\"Condition\":{\"ArnLike\":{\"aws:SourceArn\":\"arn:aws:s3:::eac-artifacts-logs-replica-b4978b17\"}},\"Effect\":\"Allow\",\"Principal\":{\"Service\":\"s3.amazonaws.com\"},\"Resource\":\"arn:aws:sns:us-west-2:779937513192:eac-artifacts-events-replica-b4978b17\",\"Sid\":\"AllowS3PublishReplica\"}],\"Version\":\"2012-10-17\"}","signature_version":0,"sqs_failure_feedback_role_arn":"","sqs_success_feedback_role_arn":"","sqs_success_feedback_sample_rate":0,"tags":{},"tags_all":{},"tracing_config":""},"after":{"application_failure_feedback_role_arn":"","application_success_feedback_role_arn":"","application_success_feedback_sample_rate":0,"archive_policy":"","arn":"arn:aws:sns:us-west-2:779937513192:eac-artifacts-events-replica-b4978b17","beginning_archive_time":"","content_based_deduplication":false,"delivery_policy":"","display_name":"","fifo_throughput_scope":"","fifo_topic":false,"firehose_failure_feedback_role_arn":"","firehose_success_feedback_role_arn":"","firehose_success_feedback_sample_rate":0,"http_failure_feedback_role_arn":"","http_success_feedback_role_arn":"","http_success_feedback_sample_rate":0,"id":"arn:aws:sns:us-west-2:779937513192:eac-artifacts-events-replica-b4978b17","kms_master_key_id":"arn:aws:kms:us-west-2:779937513192:key/548a8a69-032c-4e1d-b074-ee5e3c4937f4","lambda_failure_feedback_role_arn":"","lambda_success_feedback_role_arn":"","lambda_success_feedback_sample_rate":0,"name":"eac-artifacts-events-replica-b4978b17","name_prefix":"","owner":"779937513192","policy":"{\"Statement\":[{\"Action\":\"SNS:Publish\",\"Condition\":{\"ArnLike\":{\"aws:SourceArn\":\"arn:aws:s3:::eac-artifacts-logs-replica-b4978b17\"}},\"Effect\":\"Allow\",\"Principal\":{\"Service\":\"s3.amazonaws.com\"},\"Resource\":\"arn:aws:sns:us-west-2:779937513192:eac-artifacts-events-replica-b4978b17\",\"Sid\":\"AllowS3PublishReplica\"}],\"Version\":\"2012-10-17\"}","signature_version":0,"sqs_failure_feedback_role_arn":"","sqs_success_feedback_role_arn":"","sqs_success_feedback_sample_rate":0,"tags":{},"tags_all":{},"tracing_config":""},"after_unknown":{},"before_sensitive":{"tags":{},"tags_all":{}},"after_sensitive":{"tags":{},"tags_all":{}}}},{"address":"module.s3_secure.aws_sns_topic_policy.allow_s3_publish_destination_replica","module_address":"module.s3_secure","mode":"managed","type":"aws_sns_topic_policy","name":"allow_s3_publish_destination_replica","provider_name":"registry.terraform.io/hashicorp/aws","change":{"actions":["update"],"before":{"arn":"arn:aws:sns:us-west-2:779937513192:eac-artifacts-events-replica-b4978b17","id":"arn:aws:sns:us-west-2:779937513192:eac-artifacts-events-replica-b4978b17","owner":"779937513192","policy":"{\"Statement\":[{\"Action\":\"SNS:Publish\",\"Condition\":{\"ArnLike\":{\"aws:SourceArn\":\"arn:aws:s3:::eac-artifacts-logs-replica-b4978b17\"}},\"Effect\":\"Allow\",\"Principal\":{\"Service\":\"s3.amazonaws.com\"},\"Resource\":\"arn:aws:sns:us-west-2:779937513192:eac-artifacts-events-replica-b4978b17\",\"Sid\":\"AllowS3PublishReplica\"}],\"Version\":\"2012-10-17\"}"},"after":{"arn":"arn:aws:sns:us-west-2:779937513192:eac-artifacts-events-replica-b4978b17","id":"arn:aws:sns:us-west-2:779937513192:eac-artifacts-events-replica-b4978b17","owner":"779937513192","policy":"{\"Statement\":[{\"Action\":\"SNS:Publish\",\"Condition\":{\"ArnLike\":{\"aws:SourceArn\":\"arn:aws:s3:::eac-artifacts-destination-b4978b17\"}},\"Effect\":\"Allow\",\"Principal\":{\"Service\":\"s3.amazonaws.com\"},\"Resource\":\"arn:aws:sns:us-west-2:779937513192:eac-artifacts-events-replica-b4978b17\",\"Sid\":\"AllowS3PublishDestinationReplica\"}],\"Version\":\"2012-10-17\"}"},"after_unknown":{},"before_sensitive":{},"after_sensitive":{}}},{"address":"module.s3_secure.aws_sns_topic_policy.allow_s3_publish_replica","module_address":"module.s3_secure","mode":"managed","type":"aws_sns_topic_policy","name":"allow_s3_publish_replica","provider_name":"registry.terraform.io/hashicorp/aws","change":{"actions":["no-op"],"before":{"arn":"arn:aws:sns:us-west-2:779937513192:eac-artifacts-events-replica-b4978b17","id":"arn:aws:sns:us-west-2:779937513192:eac-artifacts-events-replica-b4978b17","owner":"779937513192","policy":"{\"Statement\":[{\"Action\":\"SNS:Publish\",\"Condition\":{\"ArnLike\":{\"aws:SourceArn\":\"arn:aws:s3:::eac-artifacts-logs-replica-b4978b17\"}},\"Effect\":\"Allow\",\"Principal\":{\"Service\":\"s3.amazonaws.com\"},\"Resource\":\"arn:aws:sns:us-west-2:779937513192:eac-artifacts-events-replica-b4978b17\",\"Sid\":\"AllowS3PublishReplica\"}],\"Version\":\"2012-10-17\"}"},"after":{"arn":"arn:aws:sns:us-west-2:779937513192:eac-artifacts-events-replica-b4978b17","id":"arn:aws:sns:us-west-2:779937513192:eac-artifacts-events-replica-b4978b17","owner":"779937513192","policy":"{\"Statement\":[{\"Action\":\"SNS:Publish\",\"Condition\":{\"ArnLike\":{\"aws:SourceArn\":\"arn:aws:s3:::eac-artifacts-logs-replica-b4978b17\"}},\"Effect\":\"Allow\",\"Principal\":{\"Service\":\"s3.amazonaws.com\"},\"Resource\":\"arn:aws:sns:us-west-2:779937513192:eac-artifacts-events-replica-b4978b17\",\"Sid\":\"AllowS3PublishReplica\"}],\"Version\":\"2012-10-17\"}"},"after_unknown":{},"before_sensitive":{},"after_sensitive":{}}}],"output_changes":{"bucket_arn":{"actions":["no-op"],"before":"arn:aws:s3:::eac-artifacts-b4978b17","after":"arn:aws:s3:::eac-artifacts-b4978b17","after_unknown":false,"before_sensitive":false,"after_sensitive":false},"bucket_name":{"actions":["no-op"],"before":"eac-artifacts-b4978b17","after":"eac-artifacts-b4978b17","after_unknown":false,"before_sensitive":false,"after_sensitive":false},"replication_role_arn":{"actions":["no-op"],"before":"arn:aws:iam::779937513192:role/eac-replication-role-b4978b17","after":"arn:aws:iam::779937513192:role/eac-replication-role-b4978b17","after_unknown":false,"before_sensitive":false,"after_sensitive":false}},"prior_state":{"format_version":"1.0","terraform_version":"1.13.4","values":{"outputs":{"bucket_arn":{"sensitive":false,"value":"arn:aws:s3:::eac-artifacts-b4978b17","type":"string"},"bucket_name":{"sensitive":false,"value":"eac-artifacts-b4978b17","type":"string"},"replication_role_arn":{"sensitive":false,"value":"arn:aws:iam::779937513192:role/eac-replication-role-b4978b17","type":"string"}},"root_module":{"resources":[{"address":"data.aws_caller_identity.current","mode":"data","type":"aws_caller_identity","name":"current","provider_name":"registry.terraform.io/hashicorp/aws","schema_version":0,"values":{"account_id":"779937513192","arn":"arn:aws:iam::779937513192:user/kelvin-terraform","id":"779937513192","user_id":"AIDA3LF7F73UAMTL4ROWS"},"sensitive_values":{}},{"address":"aws_kms_key.sns_key","mode":"managed","type":"aws_kms_key","name":"sns_key","provider_name":"registry.terraform.io/hashicorp/aws","schema_version":0,"values":{"arn":"arn:aws:kms:us-east-1:779937513192:key/6ed249ea-67cb-40f3-9077-cb9d069e2118","bypass_policy_lockout_safety_check":false,"custom_key_store_id":"","customer_master_key_spec":"SYMMETRIC_DEFAULT","deletion_window_in_days":10,"description":"KMS key for SNS topic encryption","enable_key_rotation":true,"id":"6ed249ea-67cb-40f3-9077-cb9d069e2118","is_enabled":true,"key_id":"6ed249ea-67cb-40f3-9077-cb9d069e2118","key_usage":"ENCRYPT_DECRYPT","multi_region":false,"policy":"{\"Statement\":[{\"Action\":\"kms:*\",\"Effect\":\"Allow\",\"Principal\":{\"AWS\":\"arn:aws:iam::779937513192:root\"},\"Resource\":\"*\",\"Sid\":\"Enable IAM User Permissions\"}],\"Version\":\"2012-10-17\"}","rotation_period_in_days":365,"tags":{},"tags_all":{},"timeouts":null,"xks_key_id":""},"sensitive_values":{"tags":{},"tags_all":{}},"depends_on":["data.aws_caller_identity.current"]},{"address":"aws_sns_topic.artifacts_events","mode":"managed","type":"aws_sns_topic","name":"artifacts_events","provider_name":"registry.terraform.io/hashicorp/aws","schema_version":0,"values":{"application_failure_feedback_role_arn":"","application_success_feedback_role_arn":"","application_success_feedback_sample_rate":0,"archive_policy":"","arn":"arn:aws:sns:us-east-1:779937513192:eac-artifacts-events-b4978b17","beginning_archive_time":"","content_based_deduplication":false,"delivery_policy":"","display_name":"","fifo_throughput_scope":"","fifo_topic":false,"firehose_failure_feedback_role_arn":"","firehose_success_feedback_role_arn":"","firehose_success_feedback_sample_rate":0,"http_failure_feedback_role_arn":"","http_success_feedback_role_arn":"","http_success_feedback_sample_rate":0,"id":"arn:aws:sns:us-east-1:779937513192:eac-artifacts-events-b4978b17","kms_master_key_id":"arn:aws:kms:us-east-1:779937513192:key/6ed249ea-67cb-40f3-9077-cb9d069e2118","lambda_failure_feedback_role_arn":"","lambda_success_feedback_role_arn":"","lambda_success_feedback_sample_rate":0,"name":"eac-artifacts-events-b4978b17","name_prefix":"","owner":"779937513192","policy":"{\"Statement\":[{\"Action\":\"SNS:Publish\",\"Effect\":\"Allow\",\"Principal\":{\"Service\":\"s3.amazonaws.com\"},\"Resource\":\"arn:aws:sns:us-east-1:779937513192:eac-artifacts-events-b4978b17\",\"Sid\":\"AllowS3Publish\"}],\"Version\":\"2012-10-17\"}","signature_version":0,"sqs_failure_feedback_role_arn":"","sqs_success_feedback_role_arn":"","sqs_success_feedback_sample_rate":0,"tags":{},"tags_all":{},"tracing_config":""},"sensitive_values":{"tags":{},"tags_all":{}},"depends_on":["aws_kms_key.sns_key","data.aws_caller_identity.current","random_id.suffix"]},{"address":"aws_sns_topic_policy.allow_s3_publish","mode":"managed","type":"aws_sns_topic_policy","name":"allow_s3_publish","provider_name":"registry.terraform.io/hashicorp/aws","schema_version":0,"values":{"arn":"arn:aws:sns:us-east-1:779937513192:eac-artifacts-events-b4978b17","id":"arn:aws:sns:us-east-1:779937513192:eac-artifacts-events-b4978b17","owner":"779937513192","policy":"{\"Statement\":[{\"Action\":\"SNS:Publish\",\"Effect\":\"Allow\",\"Principal\":{\"Service\":\"s3.amazonaws.com\"},\"Resource\":\"arn:aws:sns:us-east-1:779937513192:eac-artifacts-events-b4978b17\",\"Sid\":\"AllowS3Publish\"}],\"Version\":\"2012-10-17\"}"},"sensitive_values":{},"depends_on":["aws_kms_key.sns_key","aws_sns_topic.artifacts_events","data.aws_caller_identity.current","random_id.suffix"]},{"address":"random_id.suffix","mode":"managed","type":"random_id","name":"suffix","provider_name":"registry.terraform.io/hashicorp/random","schema_version":0,"values":{"b64_std":"tJeLFw==","b64_url":"tJeLFw","byte_length":4,"dec":"3029830423","hex":"b4978b17","id":"tJeLFw","keepers":null,"prefix":null},"sensitive_values":{}}],"child_modules":[{"resources":[{"address":"module.s3_secure.data.aws_caller_identity.current_replica","mode":"data","type":"aws_caller_identity","name":"current_replica","provider_name":"registry.terraform.io/hashicorp/aws","schema_version":0,"values":{"account_id":"779937513192","arn":"arn:aws:iam::779937513192:user/kelvin-terraform","id":"779937513192","user_id":"AIDA3LF7F73UAMTL4ROWS"},"sensitive_values":{}},{"address":"module.s3_secure.aws_iam_role.replication_role","mode":"managed","type":"aws_iam_role","name":"replication_role","provider_name":"registry.terraform.io/hashicorp/aws","schema_version":0,"values":{"arn":"arn:aws:iam::779937513192:role/eac-replication-role-b4978b17","assume_role_policy":"{\"Statement\":[{\"Action\":\"sts:AssumeRole\",\"Effect\":\"Allow\",\"Principal\":{\"Service\":\"s3.amazonaws.com\"}}],\"Version\":\"2012-10-17\"}","create_date":"2025-11-11T20:03:41Z","description":"","force_detach_policies":false,"id":"eac-replication-role-b4978b17","inline_policy":[{"name":"eac-replication-policy-b4978b17","policy":"{\"Version\":\"2012-10-17\",\"Statement\":[{\"Action\":[\"s3:GetReplicationConfiguration\",\"s3:ListBucket\"],\"Effect\":\"Allow\",\"Resource\":[\"arn:aws:s3:::eac-artifacts-b4978b17\",\"arn:aws:s3:::eac-artifacts-logs-b4978b17\"]},{\"Action\":[\"s3:GetObjectVersion\",\"s3:GetObjectVersionAcl\",\"s3:GetObjectVersionTagging\"],\"Effect\":\"Allow\",\"Resource\":[\"arn:aws:s3:::eac-artifacts-b4978b17/*\",\"arn:aws:s3:::eac-artifacts-logs-b4978b17/*\"]},{\"Action\":[\"s3:ReplicateObject\",\"s3:ReplicateDelete\",\"s3:ReplicateTags\",\"s3:ObjectOwnerOverrideToBucketOwner\"],\"Effect\":\"Allow\",\"Resource\":[\"arn:aws:s3:::eac-artifacts-destination-b4978b17/*\"]}]}"}],"managed_policy_arns":[],"max_session_duration":3600,"name":"eac-replication-role-b4978b17","name_prefix":"","path":"/","permissions_boundary":"","tags":{},"tags_all":{},"unique_id":"AROA3LF7F73UIKNZ5BTLP"},"sensitive_values":{"inline_policy":[{}],"managed_policy_arns":[],"tags":{},"tags_all":{}},"depends_on":["aws_kms_key.sns_key","aws_sns_topic.artifacts_events","aws_sns_topic_policy.allow_s3_publish","data.aws_caller_identity.current","random_id.suffix"]},{"address":"module.s3_secure.aws_iam_role_policy.replication_policy","mode":"managed","type":"aws_iam_role_policy","name":"replication_policy","provider_name":"registry.terraform.io/hashicorp/aws","schema_version":0,"values":{"id":"eac-replication-role-b4978b17:eac-replication-policy-b4978b17","name":"eac-replication-policy-b4978b17","name_prefix":"","policy":"{\"Version\":\"2012-10-17\",\"Statement\":[{\"Action\":[\"s3:GetReplicationConfiguration\",\"s3:ListBucket\"],\"Effect\":\"Allow\",\"Resource\":[\"arn:aws:s3:::eac-artifacts-b4978b17\",\"arn:aws:s3:::eac-artifacts-logs-b4978b17\"]},{\"Action\":[\"s3:GetObjectVersion\",\"s3:GetObjectVersionAcl\",\"s3:GetObjectVersionTagging\"],\"Effect\":\"Allow\",\"Resource\":[\"arn:aws:s3:::eac-artifacts-b4978b17/*\",\"arn:aws:s3:::eac-artifacts-logs-b4978b17/*\"]},{\"Action\":[\"s3:ReplicateObject\",\"s3:ReplicateDelete\",\"s3:ReplicateTags\",\"s3:ObjectOwnerOverrideToBucketOwner\"],\"Effect\":\"Allow\",\"Resource\":[\"arn:aws:s3:::eac-artifacts-destination-b4978b17/*\"]}]}","role":"eac-replication-role-b4978b17"},"sensitive_values":{},"depends_on":["aws_kms_key.sns_key","aws_sns_topic.artifacts_events","aws_sns_topic_policy.allow_s3_publish","data.aws_caller_identity.current","module.s3_secure.aws_iam_role.replication_role","module.s3_secure.aws_s3_bucket.artifacts","module.s3_secure.aws_s3_bucket.artifacts_log","module.s3_secure.aws_s3_bucket.destination_bucket","random_id.suffix"]},{"address":"module.s3_secure.aws_kms_key.sns_key_replica","mode":"managed","type":"aws_kms_key","name":"sns_key_replica","provider_name":"registry.terraform.io/hashicorp/aws","schema_version":0,"values":{"arn":"arn:aws:kms:us-west-2:779937513192:key/548a8a69-032c-4e1d-b074-ee5e3c4937f4","bypass_policy_lockout_safety_check":false,"custom_key_store_id":"","customer_master_key_spec":"SYMMETRIC_DEFAULT","deletion_window_in_days":10,"description":"KMS key for SNS topic encryption in replica region","enable_key_rotation":true,"id":"548a8a69-032c-4e1d-b074-ee5e3c4937f4","is_enabled":true,"key_id":"548a8a69-032c-4e1d-b074-ee5e3c4937f4","key_usage":"ENCRYPT_DECRYPT","multi_region":false,"policy":"{\"Statement\":[{\"Action\":\"kms:*\",\"Effect\":\"Allow\",\"Principal\":{\"AWS\":\"arn:aws:iam::779937513192:root\"},\"Resource\":\"*\",\"Sid\":\"EnableIAMUserPermissions\"}],\"Version\":\"2012-10-17\"}","rotation_period_in_days":365,"tags":{},"tags_all":{},"timeouts":null,"xks_key_id":""},"sensitive_values":{"tags":{},"tags_all":{}},"depends_on":["aws_kms_key.sns_key","aws_sns_topic.artifacts_events","aws_sns_topic_policy.allow_s3_publish","data.aws_caller_identity.current","module.s3_secure.data.aws_caller_identity.current_replica","random_id.suffix"]},{"address":"module.s3_secure.aws_s3_bucket.artifacts","mode":"managed","type":"aws_s3_bucket","name":"artifacts","provider_name":"registry.terraform.io/hashicorp/aws","schema_version":0,"values":{"acceleration_status":"","acl":null,"arn":"arn:aws:s3:::eac-artifacts-b4978b17","bucket":"eac-artifacts-b4978b17","bucket_domain_name":"eac-artifacts-b4978b17.s3.amazonaws.com","bucket_prefix":"","bucket_regional_domain_name":"eac-artifacts-b4978b17.s3.us-east-1.amazonaws.com","cors_rule":[],"force_destroy":false,"grant":[{"id":"424286cc7a154fd7fdcc1362ac989ff00935cb0f2cb0daff64c6247291919b1f","permissions":["FULL_CONTROL"],"type":"CanonicalUser","uri":""}],"hosted_zone_id":"Z3AQBSTGFYJSTF","id":"eac-artifacts-b4978b17","lifecycle_rule":[{"abort_incomplete_multipart_upload_days":7,"enabled":true,"expiration":[{"date":"","days":365,"expired_object_delete_marker":false}],"id":"expire-old-objects","noncurrent_version_expiration":[],"noncurrent_version_transition":[],"prefix":"","tags":{},"transition":[]}],"logging":[{"target_bucket":"eac-artifacts-logs-b4978b17","target_prefix":"artifacts/"}],"object_lock_configuration":[],"object_lock_enabled":false,"policy":"","region":"us-east-1","replication_configuration":[{"role":"arn:aws:iam::779937513192:role/eac-replication-role-b4978b17","rules":[{"delete_marker_replication_status":"","destination":[{"access_control_translation":[],"account_id":"","bucket":"arn:aws:s3:::eac-artifacts-destination-b4978b17","metrics":[],"replica_kms_key_id":"","replication_time":[],"storage_class":"STANDARD"}],"filter":[{"prefix":null,"tags":null}],"id":"replicate-artifacts-to-destination","prefix":"","priority":0,"source_selection_criteria":[],"status":"Enabled"}]}],"request_payer":"BucketOwner","server_side_encryption_configuration":[{"rule":[{"apply_server_side_encryption_by_default":[{"kms_master_key_id":"","sse_algorithm":"aws:kms"}],"bucket_key_enabled":false}]}],"tags":{"Project":"unified-eac","Role":"primary"},"tags_all":{"Project":"unified-eac","Role":"primary"},"timeouts":null,"versioning":[{"enabled":true,"mfa_delete":false}],"website":[],"website_domain":null,"website_endpoint":null},"sensitive_values":{"cors_rule":[],"grant":[{"permissions":[false]}],"lifecycle_rule":[{"expiration":[{}],"noncurrent_version_expiration":[],"noncurrent_version_transition":[],"tags":{},"transition":[]}],"logging":[{}],"object_lock_configuration":[],"replication_configuration":[{"rules":[{"destination":[{"access_control_translation":[],"metrics":[],"replication_time":[]}],"filter":[{}],"source_selection_criteria":[]}]}],"server_side_encryption_configuration":[{"rule":[{"apply_server_side_encryption_by_default":[{}]}]}],"tags":{},"tags_all":{},"versioning":[{}],"website":[]},"depends_on":["aws_kms_key.sns_key","aws_sns_topic.artifacts_events","aws_sns_topic_policy.allow_s3_publish","data.aws_caller_identity.current","random_id.suffix"]},{"address":"module.s3_secure.aws_s3_bucket.artifacts_log","mode":"managed","type":"aws_s3_bucket","name":"artifacts_log","provider_name":"registry.terraform.io/hashicorp/aws","schema_version":0,"values":{"acceleration_status":"","acl":null,"arn":"arn:aws:s3:::eac-artifacts-logs-b4978b17","bucket":"eac-artifacts-logs-b4978b17","bucket_domain_name":"eac-artifacts-logs-b4978b17.s3.amazonaws.com","bucket_prefix":"","bucket_regional_domain_name":"eac-artifacts-logs-b4978b17.s3.us-east-1.amazonaws.com","cors_rule":[],"force_destroy":false,"grant":[{"id":"424286cc7a154fd7fdcc1362ac989ff00935cb0f2cb0daff64c6247291919b1f","permissions":["FULL_CONTROL"],"type":"CanonicalUser","uri":""}],"hosted_zone_id":"Z3AQBSTGFYJSTF","id":"eac-artifacts-logs-b4978b17","lifecycle_rule":[{"abort_incomplete_multipart_upload_days":7,"enabled":true,"expiration":[],"id":"abort-failed-uploads","noncurrent_version_expiration":[],"noncurrent_version_transition":[],"prefix":"","tags":{},"transition":[]}],"logging":[],"object_lock_configuration":[],"object_lock_enabled":false,"policy":"","region":"us-east-1","replication_configuration":[{"role":"arn:aws:iam::779937513192:role/eac-replication-role-b4978b17","rules":[{"delete_marker_replication_status":"","destination":[{"access_control_translation":[],"account_id":"","bucket":"arn:aws:s3:::eac-artifacts-destination-b4978b17","metrics":[],"replica_kms_key_id":"","replication_time":[],"storage_class":"STANDARD"}],"filter":[{"prefix":null,"tags":null}],"id":"replicate-artifacts-log","prefix":"","priority":0,"source_selection_criteria":[],"status":"Enabled"}]}],"request_payer":"BucketOwner","server_side_encryption_configuration":[{"rule":[{"apply_server_side_encryption_by_default":[{"kms_master_key_id":"","sse_algorithm":"aws:kms"}],"bucket_key_enabled":false}]}],"tags":{"Project":"unified-eac","Role":"log"},"tags_all":{"Project":"unified-eac","Role":"log"},"timeouts":null,"versioning":[{"enabled":true,"mfa_delete":false}],"website":[],"website_domain":null,"website_endpoint":null},"sensitive_values":{"cors_rule":[],"grant":[{"permissions":[false]}],"lifecycle_rule":[{"expiration":[],"noncurrent_version_expiration":[],"noncurrent_version_transition":[],"tags":{},"transition":[]}],"logging":[],"object_lock_configuration":[],"replication_configuration":[{"rules":[{"destination":[{"access_control_translation":[],"metrics":[],"replication_time":[]}],"filter":[{}],"source_selection_criteria":[]}]}],"server_side_encryption_configuration":[{"rule":[{"apply_server_side_encryption_by_default":[{}]}]}],"tags":{},"tags_all":{},"versioning":[{}],"website":[]},"depends_on":["aws_kms_key.sns_key","aws_sns_topic.artifacts_events","aws_sns_topic_policy.allow_s3_publish","data.aws_caller_identity.current","random_id.suffix"]},{"address":"module.s3_secure.aws_s3_bucket.destination_bucket","mode":"managed","type":"aws_s3_bucket","name":"destination_bucket","provider_name":"registry.terraform.io/hashicorp/aws","schema_version":0,"values":{"acceleration_status":"","acl":null,"arn":"arn:aws:s3:::eac-artifacts-destination-b4978b17","bucket":"eac-artifacts-destination-b4978b17","bucket_domain_name":"eac-artifacts-destination-b4978b17.s3.amazonaws.com","bucket_prefix":"","bucket_regional_domain_name":"eac-artifacts-destination-b4978b17.s3.us-west-2.amazonaws.com","cors_rule":[],"force_destroy":false,"grant":[{"id":"424286cc7a154fd7fdcc1362ac989ff00935cb0f2cb0daff64c6247291919b1f","permissions":["FULL_CONTROL"],"type":"CanonicalUser","uri":""}],"hosted_zone_id":"Z3BJ6K6RIION7M","id":"eac-artifacts-destination-b4978b17","lifecycle_rule":[{"abort_incomplete_multipart_upload_days":7,"enabled":true,"expiration":[{"date":"","days":365,"expired_object_delete_marker":false}],"id":"expire-destination-objects","noncurrent_version_expiration":[],"noncurrent_version_transition":[],"prefix":"","tags":{},"transition":[]}],"logging":[{"target_bucket":"eac-artifacts-logs-replica-b4978b17","target_prefix":"replica/"}],"object_lock_configuration":[],"object_lock_enabled":false,"policy":"","region":"us-west-2","replication_configuration":[],"request_payer":"BucketOwner","server_side_encryption_configuration":[{"rule":[{"apply_server_side_encryption_by_default":[{"kms_master_key_id":"","sse_algorithm":"aws:kms"}],"bucket_key_enabled":false}]}],"tags":{"Project":"unified-eac","Role":"destination"},"tags_all":{"Project":"unified-eac","Role":"destination"},"timeouts":null,"versioning":[{"enabled":true,"mfa_delete":false}],"website":[],"website_domain":null,"website_endpoint":null},"sensitive_values":{"cors_rule":[],"grant":[{"permissions":[false]}],"lifecycle_rule":[{"expiration":[{}],"noncurrent_version_expiration":[],"noncurrent_version_transition":[],"tags":{},"transition":[]}],"logging":[{}],"object_lock_configuration":[],"replication_configuration":[],"server_side_encryption_configuration":[{"rule":[{"apply_server_side_encryption_by_default":[{}]}]}],"tags":{},"tags_all":{},"versioning":[{}],"website":[]},"depends_on":["aws_kms_key.sns_key","aws_sns_topic.artifacts_events","aws_sns_topic_policy.allow_s3_publish","data.aws_caller_identity.current","random_id.suffix"]},{"address":"module.s3_secure.aws_s3_bucket.destination_log","mode":"managed","type":"aws_s3_bucket","name":"destination_log","provider_name":"registry.terraform.io/hashicorp/aws","schema_version":0,"values":{"acceleration_status":"","acl":null,"arn":"arn:aws:s3:::eac-artifacts-logs-replica-b4978b17","bucket":"eac-artifacts-logs-replica-b4978b17","bucket_domain_name":"eac-artifacts-logs-replica-b4978b17.s3.amazonaws.com","bucket_prefix":"","bucket_regional_domain_name":"eac-artifacts-logs-replica-b4978b17.s3.us-west-2.amazonaws.com","cors_rule":[],"force_destroy":false,"grant":[{"id":"424286cc7a154fd7fdcc1362ac989ff00935cb0f2cb0daff64c6247291919b1f","permissions":["FULL_CONTROL"],"type":"CanonicalUser","uri":""}],"hosted_zone_id":"Z3BJ6K6RIION7M","id":"eac-artifacts-logs-replica-b4978b17","lifecycle_rule":[{"abort_incomplete_multipart_upload_days":7,"enabled":true,"expiration":[{"date":"","days":365,"expired_object_delete_marker":false}],"id":"expire-destination-log-objects","noncurrent_version_expiration":[],"noncurrent_version_transition":[],"prefix":"","tags":{},"transition":[]}],"logging":[],"object_lock_configuration":[],"object_lock_enabled":false,"policy":"","region":"us-west-2","replication_configuration":[],"request_payer":"BucketOwner","server_side_encryption_configuration":[{"rule":[{"apply_server_side_encryption_by_default":[{"kms_master_key_id":"","sse_algorithm":"aws:kms"}],"bucket_key_enabled":false}]}],"tags":{"Project":"unified-eac","Role":"replica-log"},"tags_all":{"Project":"unified-eac","Role":"replica-log"},"timeouts":null,"versioning":[{"enabled":true,"mfa_delete":false}],"website":[],"website_domain":null,"website_endpoint":null},"sensitive_values":{"cors_rule":[],"grant":[{"permissions":[false]}],"lifecycle_rule":[{"expiration":[{}],"noncurrent_version_expiration":[],"noncurrent_version_transition":[],"tags":{},"transition":[]}],"logging":[],"object_lock_configuration":[],"replication_configuration":[],"server_side_encryption_configuration":[{"rule":[{"apply_server_side_encryption_by_default":[{}]}]}],"tags":{},"tags_all":{},"versioning":[{}],"website":[]},"depends_on":["aws_kms_key.sns_key","aws_sns_topic.artifacts_events","aws_sns_topic_policy.allow_s3_publish","data.aws_caller_identity.current","random_id.suffix"]},{"address":"module.s3_secure.aws_s3_bucket_lifecycle_configuration.artifacts_lifecycle","mode":"managed","type":"aws_s3_bucket_lifecycle_configuration","name":"artifacts_lifecycle","provider_name":"registry.terraform.io/hashicorp/aws","schema_version":1,"values":{"bucket":"eac-artifacts-b4978b17","expected_bucket_owner":"","id":"eac-artifacts-b4978b17","rule":[{"abort_incomplete_multipart_upload":[{"days_after_initiation":7}],"expiration":[{"date":null,"days":365,"expired_object_delete_marker":false}],"filter":[{"and":[],"object_size_greater_than":null,"object_size_less_than":null,"prefix":"","tag":[]}],"id":"expire-old-objects","noncurrent_version_expiration":[],"noncurrent_version_transition":[],"prefix":"","status":"Enabled","transition":[]}],"timeouts":null,"transition_default_minimum_object_size":"all_storage_classes_128K"},"sensitive_values":{"rule":[{"abort_incomplete_multipart_upload":[{}],"expiration":[{}],"filter":[{"and":[],"tag":[]}],"noncurrent_version_expiration":[],"noncurrent_version_transition":[],"transition":[]}]},"depends_on":["aws_kms_key.sns_key","aws_sns_topic.artifacts_events","aws_sns_topic_policy.allow_s3_publish","data.aws_caller_identity.current","module.s3_secure.aws_s3_bucket.artifacts","random_id.suffix"]},{"address":"module.s3_secure.aws_s3_bucket_lifecycle_configuration.artifacts_log_lifecycle","mode":"managed","type":"aws_s3_bucket_lifecycle_configuration","name":"artifacts_log_lifecycle","provider_name":"registry.terraform.io/hashicorp/aws","schema_version":1,"values":{"bucket":"eac-artifacts-logs-b4978b17","expected_bucket_owner":"","id":"eac-artifacts-logs-b4978b17","rule":[{"abort_incomplete_multipart_upload":[{"days_after_initiation":7}],"expiration":[],"filter":[{"and":[],"object_size_greater_than":null,"object_size_less_than":null,"prefix":"","tag":[]}],"id":"abort-failed-uploads","noncurrent_version_expiration":[],"noncurrent_version_transition":[],"prefix":"","status":"Enabled","transition":[]}],"timeouts":null,"transition_default_minimum_object_size":"all_storage_classes_128K"},"sensitive_values":{"rule":[{"abort_incomplete_multipart_upload":[{}],"expiration":[],"filter":[{"and":[],"tag":[]}],"noncurrent_version_expiration":[],"noncurrent_version_transition":[],"transition":[]}]},"depends_on":["aws_kms_key.sns_key","aws_sns_topic.artifacts_events","aws_sns_topic_policy.allow_s3_publish","data.aws_caller_identity.current","module.s3_secure.aws_s3_bucket.artifacts_log","random_id.suffix"]},{"address":"module.s3_secure.aws_s3_bucket_lifecycle_configuration.destination_lifecycle","mode":"managed","type":"aws_s3_bucket_lifecycle_configuration","name":"destination_lifecycle","provider_name":"registry.terraform.io/hashicorp/aws","schema_version":1,"values":{"bucket":"eac-artifacts-destination-b4978b17","expected_bucket_owner":"","id":"eac-artifacts-destination-b4978b17","rule":[{"abort_incomplete_multipart_upload":[{"days_after_initiation":7}],"expiration":[{"date":null,"days":365,"expired_object_delete_marker":false}],"filter":[{"and":[],"object_size_greater_than":null,"object_size_less_than":null,"prefix":"","tag":[]}],"id":"expire-destination-objects","noncurrent_version_expiration":[],"noncurrent_version_transition":[],"prefix":"","status":"Enabled","transition":[]}],"timeouts":null,"transition_default_minimum_object_size":"all_storage_classes_128K"},"sensitive_values":{"rule":[{"abort_incomplete_multipart_upload":[{}],"expiration":[{}],"filter":[{"and":[],"tag":[]}],"noncurrent_version_expiration":[],"noncurrent_version_transition":[],"transition":[]}]},"depends_on":["aws_kms_key.sns_key","aws_sns_topic.artifacts_events","aws_sns_topic_policy.allow_s3_publish","data.aws_caller_identity.current","module.s3_secure.aws_s3_bucket.destination_bucket","random_id.suffix"]},{"address":"module.s3_secure.aws_s3_bucket_lifecycle_configuration.destination_log_lifecycle","mode":"managed","type":"aws_s3_bucket_lifecycle_configuration","name":"destination_log_lifecycle","provider_name":"registry.terraform.io/hashicorp/aws","schema_version":1,"values":{"bucket":"eac-artifacts-logs-replica-b4978b17","expected_bucket_owner":"","id":"eac-artifacts-logs-replica-b4978b17","rule":[{"abort_incomplete_multipart_upload":[{"days_after_initiation":7}],"expiration":[{"date":null,"days":365,"expired_object_delete_marker":false}],"filter":[{"and":[],"object_size_greater_than":null,"object_size_less_than":null,"prefix":"","tag":[]}],"id":"expire-destination-log-objects","noncurrent_version_expiration":[],"noncurrent_version_transition":[],"prefix":"","status":"Enabled","transition":[]}],"timeouts":null,"transition_default_minimum_object_size":"all_storage_classes_128K"},"sensitive_values":{"rule":[{"abort_incomplete_multipart_upload":[{}],"expiration":[{}],"filter":[{"and":[],"tag":[]}],"noncurrent_version_expiration":[],"noncurrent_version_transition":[],"transition":[]}]},"depends_on":["aws_kms_key.sns_key","aws_sns_topic.artifacts_events","aws_sns_topic_policy.allow_s3_publish","data.aws_caller_identity.current","module.s3_secure.aws_s3_bucket.destination_log","random_id.suffix"]},{"address":"module.s3_secure.aws_s3_bucket_logging.artifacts_access_logging","mode":"managed","type":"aws_s3_bucket_logging","name":"artifacts_access_logging","provider_name":"registry.terraform.io/hashicorp/aws","schema_version":0,"values":{"bucket":"eac-artifacts-b4978b17","expected_bucket_owner":"","id":"eac-artifacts-b4978b17","target_bucket":"eac-artifacts-logs-b4978b17","target_grant":[],"target_object_key_format":[],"target_prefix":"artifacts/"},"sensitive_values":{"target_grant":[],"target_object_key_format":[]},"depends_on":["aws_kms_key.sns_key","aws_sns_topic.artifacts_events","aws_sns_topic_policy.allow_s3_publish","data.aws_caller_identity.current","module.s3_secure.aws_s3_bucket.artifacts","module.s3_secure.aws_s3_bucket.artifacts_log","random_id.suffix"]},{"address":"module.s3_secure.aws_s3_bucket_logging.destination_access_logging","mode":"managed","type":"aws_s3_bucket_logging","name":"destination_access_logging","provider_name":"registry.terraform.io/hashicorp/aws","schema_version":0,"values":{"bucket":"eac-artifacts-destination-b4978b17","expected_bucket_owner":"","id":"eac-artifacts-destination-b4978b17","target_bucket":"eac-artifacts-logs-replica-b4978b17","target_grant":[],"target_object_key_format":[],"target_prefix":"replica/"},"sensitive_values":{"target_grant":[],"target_object_key_format":[]},"depends_on":["aws_kms_key.sns_key","aws_sns_topic.artifacts_events","aws_sns_topic_policy.allow_s3_publish","data.aws_caller_identity.current","module.s3_secure.aws_s3_bucket.destination_bucket","module.s3_secure.aws_s3_bucket.destination_log","random_id.suffix"]},{"address":"module.s3_secure.aws_s3_bucket_notification.artifacts_log_notifications","mode":"managed","type":"aws_s3_bucket_notification","name":"artifacts_log_notifications","provider_name":"registry.terraform.io/hashicorp/aws","schema_version":0,"values":{"bucket":"eac-artifacts-logs-b4978b17","eventbridge":false,"id":"eac-artifacts-logs-b4978b17","lambda_function":[],"queue":[],"topic":[{"events":["s3:ObjectCreated:*"],"filter_prefix":"","filter_suffix":"","id":"tf-s3-topic-20251111200345403100000001","topic_arn":"arn:aws:sns:us-east-1:779937513192:eac-artifacts-events-b4978b17"}]},"sensitive_values":{"lambda_function":[],"queue":[],"topic":[{"events":[false]}]},"depends_on":["aws_kms_key.sns_key","aws_sns_topic.artifacts_events","aws_sns_topic_policy.allow_s3_publish","data.aws_caller_identity.current","module.s3_secure.aws_s3_bucket.artifacts_log","random_id.suffix"]},{"address":"module.s3_secure.aws_s3_bucket_notification.artifacts_notifications","mode":"managed","type":"aws_s3_bucket_notification","name":"artifacts_notifications","provider_name":"registry.terraform.io/hashicorp/aws","schema_version":0,"values":{"bucket":"eac-artifacts-b4978b17","eventbridge":false,"id":"eac-artifacts-b4978b17","lambda_function":[],"queue":[],"topic":[{"events":["s3:ObjectCreated:*"],"filter_prefix":"","filter_suffix":"","id":"tf-s3-topic-20251111200345726800000002","topic_arn":"arn:aws:sns:us-east-1:779937513192:eac-artifacts-events-b4978b17"}]},"sensitive_values":{"lambda_function":[],"queue":[],"topic":[{"events":[false]}]},"depends_on":["aws_kms_key.sns_key","aws_sns_topic.artifacts_events","aws_sns_topic_policy.allow_s3_publish","data.aws_caller_identity.current","module.s3_secure.aws_s3_bucket.artifacts","random_id.suffix"]},{"address":"module.s3_secure.aws_s3_bucket_notification.destination_log_notifications","mode":"managed","type":"aws_s3_bucket_notification","name":"destination_log_notifications","provider_name":"registry.terraform.io/hashicorp/aws","schema_version":0,"values":{"bucket":"eac-artifacts-logs-replica-b4978b17","eventbridge":false,"id":"eac-artifacts-logs-replica-b4978b17","lambda_function":[],"queue":[],"topic":[{"events":["s3:ObjectCreated:*"],"filter_prefix":"","filter_suffix":"","id":"tf-s3-topic-20251111200350902300000002","topic_arn":"arn:aws:sns:us-west-2:779937513192:eac-artifacts-events-replica-b4978b17"}]},"sensitive_values":{"lambda_function":[],"queue":[],"topic":[{"events":[false]}]},"depends_on":["aws_kms_key.sns_key","aws_sns_topic.artifacts_events","aws_sns_topic_policy.allow_s3_publish","data.aws_caller_identity.current","module.s3_secure.aws_kms_key.sns_key_replica","module.s3_secure.aws_s3_bucket.destination_log","module.s3_secure.aws_sns_topic.artifacts_events_replica","module.s3_secure.aws_sns_topic_policy.allow_s3_publish_replica","module.s3_secure.data.aws_caller_identity.current_replica","random_id.suffix"]},{"address":"module.s3_secure.aws_s3_bucket_public_access_block.artifacts_log_public_access","mode":"managed","type":"aws_s3_bucket_public_access_block","name":"artifacts_log_public_access","provider_name":"registry.terraform.io/hashicorp/aws","schema_version":0,"values":{"block_public_acls":true,"block_public_policy":true,"bucket":"eac-artifacts-logs-b4978b17","id":"eac-artifacts-logs-b4978b17","ignore_public_acls":true,"restrict_public_buckets":true},"sensitive_values":{},"depends_on":["aws_kms_key.sns_key","aws_sns_topic.artifacts_events","aws_sns_topic_policy.allow_s3_publish","data.aws_caller_identity.current","module.s3_secure.aws_s3_bucket.artifacts_log","random_id.suffix"]},{"address":"module.s3_secure.aws_s3_bucket_public_access_block.artifacts_public_access","mode":"managed","type":"aws_s3_bucket_public_access_block","name":"artifacts_public_access","provider_name":"registry.terraform.io/hashicorp/aws","schema_version":0,"values":{"block_public_acls":true,"block_public_policy":true,"bucket":"eac-artifacts-b4978b17","id":"eac-artifacts-b4978b17","ignore_public_acls":true,"restrict_public_buckets":true},"sensitive_values":{},"depends_on":["aws_kms_key.sns_key","aws_sns_topic.artifacts_events","aws_sns_topic_policy.allow_s3_publish","data.aws_caller_identity.current","module.s3_secure.aws_s3_bucket.artifacts","random_id.suffix"]},{"address":"module.s3_secure.aws_s3_bucket_public_access_block.destination_log_pab","mode":"managed","type":"aws_s3_bucket_public_access_block","name":"destination_log_pab","provider_name":"registry.terraform.io/hashicorp/aws","schema_version":0,"values":{"block_public_acls":true,"block_public_policy":true,"bucket":"eac-artifacts-logs-replica-b4978b17","id":"eac-artifacts-logs-replica-b4978b17","ignore_public_acls":true,"restrict_public_buckets":true},"sensitive_values":{},"depends_on":["aws_kms_key.sns_key","aws_sns_topic.artifacts_events","aws_sns_topic_policy.allow_s3_publish","data.aws_caller_identity.current","module.s3_secure.aws_s3_bucket.destination_log","random_id.suffix"]},{"address":"module.s3_secure.aws_s3_bucket_public_access_block.destination_public_access","mode":"managed","type":"aws_s3_bucket_public_access_block","name":"destination_public_access","provider_name":"registry.terraform.io/hashicorp/aws","schema_version":0,"values":{"block_public_acls":true,"block_public_policy":true,"bucket":"eac-artifacts-destination-b4978b17","id":"eac-artifacts-destination-b4978b17","ignore_public_acls":true,"restrict_public_buckets":true},"sensitive_values":{},"depends_on":["aws_kms_key.sns_key","aws_sns_topic.artifacts_events","aws_sns_topic_policy.allow_s3_publish","data.aws_caller_identity.current","module.s3_secure.aws_s3_bucket.destination_bucket","random_id.suffix"]},{"address":"module.s3_secure.aws_s3_bucket_replication_configuration.artifacts_log_replication","mode":"managed","type":"aws_s3_bucket_replication_configuration","name":"artifacts_log_replication","provider_name":"registry.terraform.io/hashicorp/aws","schema_version":0,"values":{"bucket":"eac-artifacts-logs-b4978b17","id":"eac-artifacts-logs-b4978b17","role":"arn:aws:iam::779937513192:role/eac-replication-role-b4978b17","rule":[{"delete_marker_replication":[{"status":"Disabled"}],"destination":[{"access_control_translation":[],"account":"","bucket":"arn:aws:s3:::eac-artifacts-destination-b4978b17","encryption_configuration":[],"metrics":[],"replication_time":[],"storage_class":"STANDARD"}],"existing_object_replication":[],"filter":[{"and":[],"prefix":"","tag":[]}],"id":"replicate-artifacts-log","prefix":"","priority":0,"source_selection_criteria":[],"status":"Enabled"}],"token":null},"sensitive_values":{"rule":[{"delete_marker_replication":[{}],"destination":[{"access_control_translation":[],"encryption_configuration":[],"metrics":[],"replication_time":[]}],"existing_object_replication":[],"filter":[{"and":[],"tag":[]}],"source_selection_criteria":[]}],"token":true},"depends_on":["aws_kms_key.sns_key","aws_sns_topic.artifacts_events","aws_sns_topic_policy.allow_s3_publish","data.aws_caller_identity.current","module.s3_secure.aws_iam_role.replication_role","module.s3_secure.aws_s3_bucket.artifacts_log","module.s3_secure.aws_s3_bucket.destination_bucket","module.s3_secure.aws_s3_bucket_versioning.artifacts_log_versioning","random_id.suffix"]},{"address":"module.s3_secure.aws_s3_bucket_replication_configuration.artifacts_replication","mode":"managed","type":"aws_s3_bucket_replication_configuration","name":"artifacts_replication","provider_name":"registry.terraform.io/hashicorp/aws","schema_version":0,"values":{"bucket":"eac-artifacts-b4978b17","id":"eac-artifacts-b4978b17","role":"arn:aws:iam::779937513192:role/eac-replication-role-b4978b17","rule":[{"delete_marker_replication":[{"status":"Disabled"}],"destination":[{"access_control_translation":[],"account":"","bucket":"arn:aws:s3:::eac-artifacts-destination-b4978b17","encryption_configuration":[],"metrics":[],"replication_time":[],"storage_class":"STANDARD"}],"existing_object_replication":[],"filter":[{"and":[],"prefix":"","tag":[]}],"id":"replicate-artifacts-to-destination","prefix":"","priority":0,"source_selection_criteria":[],"status":"Enabled"}],"token":null},"sensitive_values":{"rule":[{"delete_marker_replication":[{}],"destination":[{"access_control_translation":[],"encryption_configuration":[],"metrics":[],"replication_time":[]}],"existing_object_replication":[],"filter":[{"and":[],"tag":[]}],"source_selection_criteria":[]}],"token":true},"depends_on":["aws_kms_key.sns_key","aws_sns_topic.artifacts_events","aws_sns_topic_policy.allow_s3_publish","data.aws_caller_identity.current","module.s3_secure.aws_iam_role.replication_role","module.s3_secure.aws_s3_bucket.artifacts","module.s3_secure.aws_s3_bucket.destination_bucket","module.s3_secure.aws_s3_bucket_versioning.artifacts_versioning","module.s3_secure.aws_s3_bucket_versioning.destination_versioning","random_id.suffix"]},{"address":"module.s3_secure.aws_s3_bucket_server_side_encryption_configuration.artifacts_encryption","mode":"managed","type":"aws_s3_bucket_server_side_encryption_configuration","name":"artifacts_encryption","provider_name":"registry.terraform.io/hashicorp/aws","schema_version":0,"values":{"bucket":"eac-artifacts-b4978b17","expected_bucket_owner":"","id":"eac-artifacts-b4978b17","rule":[{"apply_server_side_encryption_by_default":[{"kms_master_key_id":"","sse_algorithm":"aws:kms"}],"bucket_key_enabled":false}]},"sensitive_values":{"rule":[{"apply_server_side_encryption_by_default":[{}]}]},"depends_on":["aws_kms_key.sns_key","aws_sns_topic.artifacts_events","aws_sns_topic_policy.allow_s3_publish","data.aws_caller_identity.current","module.s3_secure.aws_s3_bucket.artifacts","random_id.suffix"]},{"address":"module.s3_secure.aws_s3_bucket_server_side_encryption_configuration.artifacts_log_encryption","mode":"managed","type":"aws_s3_bucket_server_side_encryption_configuration","name":"artifacts_log_encryption","provider_name":"registry.terraform.io/hashicorp/aws","schema_version":0,"values":{"bucket":"eac-artifacts-logs-b4978b17","expected_bucket_owner":"","id":"eac-artifacts-logs-b4978b17","rule":[{"apply_server_side_encryption_by_default":[{"kms_master_key_id":"","sse_algorithm":"aws:kms"}],"bucket_key_enabled":false}]},"sensitive_values":{"rule":[{"apply_server_side_encryption_by_default":[{}]}]},"depends_on":["aws_kms_key.sns_key","aws_sns_topic.artifacts_events","aws_sns_topic_policy.allow_s3_publish","data.aws_caller_identity.current","module.s3_secure.aws_s3_bucket.artifacts_log","random_id.suffix"]},{"address":"module.s3_secure.aws_s3_bucket_server_side_encryption_configuration.destination_encryption","mode":"managed","type":"aws_s3_bucket_server_side_encryption_configuration","name":"destination_encryption","provider_name":"registry.terraform.io/hashicorp/aws","schema_version":0,"values":{"bucket":"eac-artifacts-destination-b4978b17","expected_bucket_owner":"","id":"eac-artifacts-destination-b4978b17","rule":[{"apply_server_side_encryption_by_default":[{"kms_master_key_id":"","sse_algorithm":"aws:kms"}],"bucket_key_enabled":false}]},"sensitive_values":{"rule":[{"apply_server_side_encryption_by_default":[{}]}]},"depends_on":["aws_kms_key.sns_key","aws_sns_topic.artifacts_events","aws_sns_topic_policy.allow_s3_publish","data.aws_caller_identity.current","module.s3_secure.aws_s3_bucket.destination_bucket","random_id.suffix"]},{"address":"module.s3_secure.aws_s3_bucket_server_side_encryption_configuration.destination_log_encryption","mode":"managed","type":"aws_s3_bucket_server_side_encryption_configuration","name":"destination_log_encryption","provider_name":"registry.terraform.io/hashicorp/aws","schema_version":0,"values":{"bucket":"eac-artifacts-logs-replica-b4978b17","expected_bucket_owner":"","id":"eac-artifacts-logs-replica-b4978b17","rule":[{"apply_server_side_encryption_by_default":[{"kms_master_key_id":"","sse_algorithm":"aws:kms"}],"bucket_key_enabled":false}]},"sensitive_values":{"rule":[{"apply_server_side_encryption_by_default":[{}]}]},"depends_on":["aws_kms_key.sns_key","aws_sns_topic.artifacts_events","aws_sns_topic_policy.allow_s3_publish","data.aws_caller_identity.current","module.s3_secure.aws_s3_bucket.destination_log","random_id.suffix"]},{"address":"module.s3_secure.aws_s3_bucket_versioning.artifacts_log_versioning","mode":"managed","type":"aws_s3_bucket_versioning","name":"artifacts_log_versioning","provider_name":"registry.terraform.io/hashicorp/aws","schema_version":0,"values":{"bucket":"eac-artifacts-logs-b4978b17","expected_bucket_owner":"","id":"eac-artifacts-logs-b4978b17","mfa":null,"versioning_configuration":[{"mfa_delete":"","status":"Enabled"}]},"sensitive_values":{"versioning_configuration":[{}]},"depends_on":["aws_kms_key.sns_key","aws_sns_topic.artifacts_events","aws_sns_topic_policy.allow_s3_publish","data.aws_caller_identity.current","module.s3_secure.aws_s3_bucket.artifacts_log","random_id.suffix"]},{"address":"module.s3_secure.aws_s3_bucket_versioning.artifacts_versioning","mode":"managed","type":"aws_s3_bucket_versioning","name":"artifacts_versioning","provider_name":"registry.terraform.io/hashicorp/aws","schema_version":0,"values":{"bucket":"eac-artifacts-b4978b17","expected_bucket_owner":"","id":"eac-artifacts-b4978b17","mfa":null,"versioning_configuration":[{"mfa_delete":"","status":"Enabled"}]},"sensitive_values":{"versioning_configuration":[{}]},"depends_on":["aws_kms_key.sns_key","aws_sns_topic.artifacts_events","aws_sns_topic_policy.allow_s3_publish","data.aws_caller_identity.current","module.s3_secure.aws_s3_bucket.artifacts","random_id.suffix"]},{"address":"module.s3_secure.aws_s3_bucket_versioning.destination_log_versioning","mode":"managed","type":"aws_s3_bucket_versioning","name":"destination_log_versioning","provider_name":"registry.terraform.io/hashicorp/aws","schema_version":0,"values":{"bucket":"eac-artifacts-logs-replica-b4978b17","expected_bucket_owner":"","id":"eac-artifacts-logs-replica-b4978b17","mfa":null,"versioning_configuration":[{"mfa_delete":"","status":"Enabled"}]},"sensitive_values":{"versioning_configuration":[{}]},"depends_on":["aws_kms_key.sns_key","aws_sns_topic.artifacts_events","aws_sns_topic_policy.allow_s3_publish","data.aws_caller_identity.current","module.s3_secure.aws_s3_bucket.destination_log","random_id.suffix"]},{"address":"module.s3_secure.aws_s3_bucket_versioning.destination_versioning","mode":"managed","type":"aws_s3_bucket_versioning","name":"destination_versioning","provider_name":"registry.terraform.io/hashicorp/aws","schema_version":0,"values":{"bucket":"eac-artifacts-destination-b4978b17","expected_bucket_owner":"","id":"eac-artifacts-destination-b4978b17","mfa":null,"versioning_configuration":[{"mfa_delete":"","status":"Enabled"}]},"sensitive_values":{"versioning_configuration":[{}]},"depends_on":["aws_kms_key.sns_key","aws_sns_topic.artifacts_events","aws_sns_topic_policy.allow_s3_publish","data.aws_caller_identity.current","module.s3_secure.aws_s3_bucket.destination_bucket","random_id.suffix"]},{"address":"module.s3_secure.aws_sns_topic.artifacts_events_replica","mode":"managed","type":"aws_sns_topic","name":"artifacts_events_replica","provider_name":"registry.terraform.io/hashicorp/aws","schema_version":0,"values":{"application_failure_feedback_role_arn":"","application_success_feedback_role_arn":"","application_success_feedback_sample_rate":0,"archive_policy":"","arn":"arn:aws:sns:us-west-2:779937513192:eac-artifacts-events-replica-b4978b17","beginning_archive_time":"","content_based_deduplication":false,"delivery_policy":"","display_name":"","fifo_throughput_scope":"","fifo_topic":false,"firehose_failure_feedback_role_arn":"","firehose_success_feedback_role_arn":"","firehose_success_feedback_sample_rate":0,"http_failure_feedback_role_arn":"","http_success_feedback_role_arn":"","http_success_feedback_sample_rate":0,"id":"arn:aws:sns:us-west-2:779937513192:eac-artifacts-events-replica-b4978b17","kms_master_key_id":"arn:aws:kms:us-west-2:779937513192:key/548a8a69-032c-4e1d-b074-ee5e3c4937f4","lambda_failure_feedback_role_arn":"","lambda_success_feedback_role_arn":"","lambda_success_feedback_sample_rate":0,"name":"eac-artifacts-events-replica-b4978b17","name_prefix":"","owner":"779937513192","policy":"{\"Statement\":[{\"Action\":\"SNS:Publish\",\"Condition\":{\"ArnLike\":{\"aws:SourceArn\":\"arn:aws:s3:::eac-artifacts-logs-replica-b4978b17\"}},\"Effect\":\"Allow\",\"Principal\":{\"Service\":\"s3.amazonaws.com\"},\"Resource\":\"arn:aws:sns:us-west-2:779937513192:eac-artifacts-events-replica-b4978b17\",\"Sid\":\"AllowS3PublishReplica\"}],\"Version\":\"2012-10-17\"}","signature_version":0,"sqs_failure_feedback_role_arn":"","sqs_success_feedback_role_arn":"","sqs_success_feedback_sample_rate":0,"tags":{},"tags_all":{},"tracing_config":""},"sensitive_values":{"tags":{},"tags_all":{}},"depends_on":["aws_kms_key.sns_key","aws_sns_topic.artifacts_events","aws_sns_topic_policy.allow_s3_publish","data.aws_caller_identity.current","module.s3_secure.aws_kms_key.sns_key_replica","module.s3_secure.data.aws_caller_identity.current_replica","random_id.suffix"]},{"address":"module.s3_secure.aws_sns_topic_policy.allow_s3_publish_destination_replica","mode":"managed","type":"aws_sns_topic_policy","name":"allow_s3_publish_destination_replica","provider_name":"registry.terraform.io/hashicorp/aws","schema_version":0,"values":{"arn":"arn:aws:sns:us-west-2:779937513192:eac-artifacts-events-replica-b4978b17","id":"arn:aws:sns:us-west-2:779937513192:eac-artifacts-events-replica-b4978b17","owner":"779937513192","policy":"{\"Statement\":[{\"Action\":\"SNS:Publish\",\"Condition\":{\"ArnLike\":{\"aws:SourceArn\":\"arn:aws:s3:::eac-artifacts-logs-replica-b4978b17\"}},\"Effect\":\"Allow\",\"Principal\":{\"Service\":\"s3.amazonaws.com\"},\"Resource\":\"arn:aws:sns:us-west-2:779937513192:eac-artifacts-events-replica-b4978b17\",\"Sid\":\"AllowS3PublishReplica\"}],\"Version\":\"2012-10-17\"}"},"sensitive_values":{},"depends_on":["aws_kms_key.sns_key","aws_sns_topic.artifacts_events","aws_sns_topic_policy.allow_s3_publish","data.aws_caller_identity.current","module.s3_secure.aws_kms_key.sns_key_replica","module.s3_secure.aws_s3_bucket.destination_bucket","module.s3_secure.aws_sns_topic.artifacts_events_replica","module.s3_secure.data.aws_caller_identity.current_replica","random_id.suffix"]},{"address":"module.s3_secure.aws_sns_topic_policy.allow_s3_publish_replica","mode":"managed","type":"aws_sns_topic_policy","name":"allow_s3_publish_replica","provider_name":"registry.terraform.io/hashicorp/aws","schema_version":0,"values":{"arn":"arn:aws:sns:us-west-2:779937513192:eac-artifacts-events-replica-b4978b17","id":"arn:aws:sns:us-west-2:779937513192:eac-artifacts-events-replica-b4978b17","owner":"779937513192","policy":"{\"Statement\":[{\"Action\":\"SNS:Publish\",\"Condition\":{\"ArnLike\":{\"aws:SourceArn\":\"arn:aws:s3:::eac-artifacts-logs-replica-b4978b17\"}},\"Effect\":\"Allow\",\"Principal\":{\"Service\":\"s3.amazonaws.com\"},\"Resource\":\"arn:aws:sns:us-west-2:779937513192:eac-artifacts-events-replica-b4978b17\",\"Sid\":\"AllowS3PublishReplica\"}],\"Version\":\"2012-10-17\"}"},"sensitive_values":{},"depends_on":["aws_kms_key.sns_key","aws_sns_topic.artifacts_events","aws_sns_topic_policy.allow_s3_publish","data.aws_caller_identity.current","module.s3_secure.aws_kms_key.sns_key_replica","module.s3_secure.aws_s3_bucket.destination_log","module.s3_secure.aws_sns_topic.artifacts_events_replica","module.s3_secure.data.aws_caller_identity.current_replica","random_id.suffix"]}],"address":"module.s3_secure"}]}}},"configuration":{"provider_config":{"aws":{"name":"aws","full_name":"registry.terraform.io/hashicorp/aws","version_constraint":"~\u003e 5.0","expressions":{"region":{"references":["var.region"]}}},"aws.replica":{"name":"aws","full_name":"registry.terraform.io/hashicorp/aws","alias":"replica","version_constraint":"~\u003e 5.0","expressions":{"region":{"constant_value":"us-west-2"}}},"random":{"name":"random","full_name":"registry.terraform.io/hashicorp/random","version_constraint":"~\u003e 3.0"}},"root_module":{"outputs":{"bucket_arn":{"expression":{"references":["module.s3_secure.bucket_arn","module.s3_secure"]},"description":"ARN of the primary artifacts bucket"},"bucket_name":{"expression":{"references":["module.s3_secure.bucket_name","module.s3_secure"]},"description":"Name of the primary artifacts bucket"},"replication_role_arn":{"expression":{"references":["module.s3_secure.replication_role_arn","module.s3_secure"]},"description":"ARN of the IAM role used for S3 replication"}},"resources":[{"address":"aws_kms_key.sns_key","mode":"managed","type":"aws_kms_key","name":"sns_key","provider_config_key":"aws","expressions":{"deletion_window_in_days":{"constant_value":10},"description":{"constant_value":"KMS key for SNS topic encryption"},"enable_key_rotation":{"constant_value":true},"policy":{"references":["data.aws_caller_identity.current.account_id","data.aws_caller_identity.current"]}},"schema_version":0},{"address":"aws_sns_topic.artifacts_events","mode":"managed","type":"aws_sns_topic","name":"artifacts_events","provider_config_key":"aws","expressions":{"kms_master_key_id":{"references":["aws_kms_key.sns_key.arn","aws_kms_key.sns_key"]},"name":{"references":["random_id.suffix.hex","random_id.suffix"]}},"schema_version":0},{"address":"aws_sns_topic_policy.allow_s3_publish","mode":"managed","type":"aws_sns_topic_policy","name":"allow_s3_publish","provider_config_key":"aws","expressions":{"arn":{"references":["aws_sns_topic.artifacts_events.arn","aws_sns_topic.artifacts_events"]},"policy":{"references":["aws_sns_topic.artifacts_events.arn","aws_sns_topic.artifacts_events"]}},"schema_version":0},{"address":"random_id.suffix","mode":"managed","type":"random_id","name":"suffix","provider_config_key":"random","expressions":{"byte_length":{"constant_value":4}},"schema_version":0},{"address":"data.aws_caller_identity.current","mode":"data","type":"aws_caller_identity","name":"current","provider_config_key":"aws","schema_version":0}],"module_calls":{"s3_secure":{"source":"./modules/s3-secure","expressions":{"bucket_name":{"references":["random_id.suffix.hex","random_id.suffix"]},"project_tag":{"constant_value":"unified-eac"},"random_suffix":{"references":["random_id.suffix.hex","random_id.suffix"]},"sns_topic_arn":{"references":["aws_sns_topic.artifacts_events.arn","aws_sns_topic.artifacts_events"]}},"module":{"outputs":{"bucket_arn":{"expression":{"references":["aws_s3_bucket.artifacts.arn","aws_s3_bucket.artifacts"]},"description":"ARN of the primary artifacts bucket"},"bucket_name":{"expression":{"references":["aws_s3_bucket.artifacts.bucket","aws_s3_bucket.artifacts"]},"description":"Name of the primary artifacts bucket"},"destination_bucket_arn":{"expression":{"references":["aws_s3_bucket.destination_bucket.arn","aws_s3_bucket.destination_bucket"]},"description":"ARN of the destination replica bucket"},"destination_bucket_id":{"expression":{"references":["aws_s3_bucket.destination_bucket.id","aws_s3_bucket.destination_bucket"]},"description":"ID of the destination replica bucket"},"log_bucket_arn":{"expression":{"references":["aws_s3_bucket.artifacts_log.arn","aws_s3_bucket.artifacts_log"]},"description":"ARN of the log bucket"},"log_bucket_name":{"expression":{"references":["aws_s3_bucket.artifacts_log.bucket","aws_s3_bucket.artifacts_log"]},"description":"Name of the log bucket"},"replication_role_arn":{"expression":{"references":["aws_iam_role.replication_role.arn","aws_iam_role.replication_role"]},"description":"ARN of the IAM role used for S3 replication"}},"resources":[{"address":"aws_iam_role.replication_role","mode":"managed","type":"aws_iam_role","name":"replication_role","provider_config_key":"aws","expressions":{"assume_role_policy":{},"name":{"references":["var.random_suffix"]}},"schema_version":0},{"address":"aws_iam_role_policy.replication_policy","mode":"managed","type":"aws_iam_role_policy","name":"replication_policy","provider_config_key":"aws","expressions":{"name":{"references":["var.random_suffix"]},"policy":{"references":["aws_s3_bucket.artifacts.arn","aws_s3_bucket.artifacts","aws_s3_bucket.artifacts_log.arn","aws_s3_bucket.artifacts_log","aws_s3_bucket.artifacts.arn","aws_s3_bucket.artifacts","aws_s3_bucket.artifacts_log.arn","aws_s3_bucket.artifacts_log","aws_s3_bucket.destination_bucket.arn","aws_s3_bucket.destination_bucket"]},"role":{"references":["aws_iam_role.replication_role.id","aws_iam_role.replication_role"]}},"schema_version":0},{"address":"aws_kms_key.sns_key_replica","mode":"managed","type":"aws_kms_key","name":"sns_key_replica","provider_config_key":"aws.replica","expressions":{"deletion_window_in_days":{"constant_value":10},"description":{"constant_value":"KMS key for SNS topic encryption in replica region"},"enable_key_rotation":{"constant_value":true},"policy":{"references":["data.aws_caller_identity.current_replica.account_id","data.aws_caller_identity.current_replica"]}},"schema_version":0},{"address":"aws_s3_bucket.artifacts","mode":"managed","type":"aws_s3_bucket","name":"artifacts","provider_config_key":"aws","expressions":{"bucket":{"references":["var.bucket_name"]},"tags":{"references":["var.project_tag"]}},"schema_version":0},{"address":"aws_s3_bucket.artifacts_log","mode":"managed","type":"aws_s3_bucket","name":"artifacts_log","provider_config_key":"aws","expressions":{"bucket":{"references":["var.random_suffix"]},"tags":{"references":["var.project_tag"]}},"schema_version":0},{"address":"aws_s3_bucket.destination_bucket","mode":"managed","type":"aws_s3_bucket","name":"destination_bucket","provider_config_key":"aws.replica","expressions":{"bucket":{"references":["var.random_suffix"]},"tags":{"references":["var.project_tag"]}},"schema_version":0},{"address":"aws_s3_bucket.destination_log","mode":"managed","type":"aws_s3_bucket","name":"destination_log","provider_config_key":"aws.replica","expressions":{"bucket":{"references":["var.random_suffix"]},"tags":{"constant_value":{"Project":"unified-eac","Role":"replica-log"}}},"schema_version":0},{"address":"aws_s3_bucket_lifecycle_configuration.artifacts_lifecycle","mode":"managed","type":"aws_s3_bucket_lifecycle_configuration","name":"artifacts_lifecycle","provider_config_key":"aws","expressions":{"bucket":{"references":["aws_s3_bucket.artifacts.id","aws_s3_bucket.artifacts"]},"rule":[{"abort_incomplete_multipart_upload":[{"days_after_initiation":{"constant_value":7}}],"expiration":[{"days":{"constant_value":365}}],"filter":[{"prefix":{"constant_value":""}}],"id":{"constant_value":"expire-old-objects"},"status":{"constant_value":"Enabled"}}]},"schema_version":1},{"address":"aws_s3_bucket_lifecycle_configuration.artifacts_log_lifecycle","mode":"managed","type":"aws_s3_bucket_lifecycle_configuration","name":"artifacts_log_lifecycle","provider_config_key":"aws","expressions":{"bucket":{"references":["aws_s3_bucket.artifacts_log.id","aws_s3_bucket.artifacts_log"]},"rule":[{"abort_incomplete_multipart_upload":[{"days_after_initiation":{"constant_value":7}}],"filter":[{"prefix":{"constant_value":""}}],"id":{"constant_value":"abort-failed-uploads"},"status":{"constant_value":"Enabled"}}]},"schema_version":1},{"address":"aws_s3_bucket_lifecycle_configuration.destination_lifecycle","mode":"managed","type":"aws_s3_bucket_lifecycle_configuration","name":"destination_lifecycle","provider_config_key":"aws.replica","expressions":{"bucket":{"references":["aws_s3_bucket.destination_bucket.id","aws_s3_bucket.destination_bucket"]},"rule":[{"abort_incomplete_multipart_upload":[{"days_after_initiation":{"constant_value":7}}],"expiration":[{"days":{"constant_value":365}}],"filter":[{"prefix":{"constant_value":""}}],"id":{"constant_value":"expire-destination-objects"},"status":{"constant_value":"Enabled"}}]},"schema_version":1},{"address":"aws_s3_bucket_lifecycle_configuration.destination_log_lifecycle","mode":"managed","type":"aws_s3_bucket_lifecycle_configuration","name":"destination_log_lifecycle","provider_config_key":"aws.replica","expressions":{"bucket":{"references":["aws_s3_bucket.destination_log.id","aws_s3_bucket.destination_log"]},"rule":[{"abort_incomplete_multipart_upload":[{"days_after_initiation":{"constant_value":7}}],"expiration":[{"days":{"constant_value":365}}],"filter":[{"prefix":{"constant_value":""}}],"id":{"constant_value":"expire-destination-log-objects"},"status":{"constant_value":"Enabled"}}]},"schema_version":1},{"address":"aws_s3_bucket_logging.artifacts_access_logging","mode":"managed","type":"aws_s3_bucket_logging","name":"artifacts_access_logging","provider_config_key":"aws","expressions":{"bucket":{"references":["aws_s3_bucket.artifacts.id","aws_s3_bucket.artifacts"]},"target_bucket":{"references":["aws_s3_bucket.artifacts_log.id","aws_s3_bucket.artifacts_log"]},"target_prefix":{"constant_value":"artifacts/"}},"schema_version":0},{"address":"aws_s3_bucket_logging.destination_access_logging","mode":"managed","type":"aws_s3_bucket_logging","name":"destination_access_logging","provider_config_key":"aws.replica","expressions":{"bucket":{"references":["aws_s3_bucket.destination_bucket.id","aws_s3_bucket.destination_bucket"]},"target_bucket":{"references":["aws_s3_bucket.destination_log.id","aws_s3_bucket.destination_log"]},"target_prefix":{"constant_value":"replica/"}},"schema_version":0},{"address":"aws_s3_bucket_notification.artifacts_log_notifications","mode":"managed","type":"aws_s3_bucket_notification","name":"artifacts_log_notifications","provider_config_key":"aws","expressions":{"bucket":{"references":["aws_s3_bucket.artifacts_log.id","aws_s3_bucket.artifacts_log"]},"topic":[{"events":{"constant_value":["s3:ObjectCreated:*"]},"topic_arn":{"references":["var.sns_topic_arn"]}}]},"schema_version":0},{"address":"aws_s3_bucket_notification.artifacts_notifications","mode":"managed","type":"aws_s3_bucket_notification","name":"artifacts_notifications","provider_config_key":"aws","expressions":{"bucket":{"references":["aws_s3_bucket.artifacts.id","aws_s3_bucket.artifacts"]},"topic":[{"events":{"constant_value":["s3:ObjectCreated:*"]},"topic_arn":{"references":["var.sns_topic_arn"]}}]},"schema_version":0},{"address":"aws_s3_bucket_notification.destination_log_notifications","mode":"managed","type":"aws_s3_bucket_notification","name":"destination_log_notifications","provider_config_key":"aws.replica","expressions":{"bucket":{"references":["aws_s3_bucket.destination_log.id","aws_s3_bucket.destination_log"]},"topic":[{"events":{"constant_value":["s3:ObjectCreated:*"]},"topic_arn":{"references":["aws_sns_topic.artifacts_events_replica.arn","aws_sns_topic.artifacts_events_replica"]}}]},"schema_version":0,"depends_on":["aws_sns_topic_policy.allow_s3_publish_replica"]},{"address":"aws_s3_bucket_notification.destination_notifications","mode":"managed","type":"aws_s3_bucket_notification","name":"destination_notifications","provider_config_key":"aws.replica","expressions":{"bucket":{"references":["aws_s3_bucket.destination_bucket.id","aws_s3_bucket.destination_bucket"]},"topic":[{"events":{"constant_value":["s3:ObjectCreated:*"]},"topic_arn":{"references":["aws_sns_topic.artifacts_events_replica.arn","aws_sns_topic.artifacts_events_replica"]}}]},"schema_version":0,"depends_on":["aws_sns_topic_policy.allow_s3_publish_destination_replica"]},{"address":"aws_s3_bucket_public_access_block.artifacts_log_public_access","mode":"managed","type":"aws_s3_bucket_public_access_block","name":"artifacts_log_public_access","provider_config_key":"aws","expressions":{"block_public_acls":{"constant_value":true},"block_public_policy":{"constant_value":true},"bucket":{"references":["aws_s3_bucket.artifacts_log.id","aws_s3_bucket.artifacts_log"]},"ignore_public_acls":{"constant_value":true},"restrict_public_buckets":{"constant_value":true}},"schema_version":0},{"address":"aws_s3_bucket_public_access_block.artifacts_public_access","mode":"managed","type":"aws_s3_bucket_public_access_block","name":"artifacts_public_access","provider_config_key":"aws","expressions":{"block_public_acls":{"constant_value":true},"block_public_policy":{"constant_value":true},"bucket":{"references":["aws_s3_bucket.artifacts.id","aws_s3_bucket.artifacts"]},"ignore_public_acls":{"constant_value":true},"restrict_public_buckets":{"constant_value":true}},"schema_version":0},{"address":"aws_s3_bucket_public_access_block.destination_log_pab","mode":"managed","type":"aws_s3_bucket_public_access_block","name":"destination_log_pab","provider_config_key":"aws.replica","expressions":{"block_public_acls":{"constant_value":true},"block_public_policy":{"constant_value":true},"bucket":{"references":["aws_s3_bucket.destination_log.id","aws_s3_bucket.destination_log"]},"ignore_public_acls":{"constant_value":true},"restrict_public_buckets":{"constant_value":true}},"schema_version":0},{"address":"aws_s3_bucket_public_access_block.destination_public_access","mode":"managed","type":"aws_s3_bucket_public_access_block","name":"destination_public_access","provider_config_key":"aws.replica","expressions":{"block_public_acls":{"constant_value":true},"block_public_policy":{"constant_value":true},"bucket":{"references":["aws_s3_bucket.destination_bucket.id","aws_s3_bucket.destination_bucket"]},"ignore_public_acls":{"constant_value":true},"restrict_public_buckets":{"constant_value":true}},"schema_version":0},{"address":"aws_s3_bucket_replication_configuration.artifacts_log_replication","mode":"managed","type":"aws_s3_bucket_replication_configuration","name":"artifacts_log_replication","provider_config_key":"aws","expressions":{"bucket":{"references":["aws_s3_bucket.artifacts_log.id","aws_s3_bucket.artifacts_log"]},"role":{"references":["aws_iam_role.replication_role.arn","aws_iam_role.replication_role"]},"rule":[{"delete_marker_replication":[{"status":{"constant_value":"Disabled"}}],"destination":[{"bucket":{"references":["aws_s3_bucket.destination_bucket.arn","aws_s3_bucket.destination_bucket"]},"storage_class":{"constant_value":"STANDARD"}}],"filter":[{"prefix":{"constant_value":""}}],"id":{"constant_value":"replicate-artifacts-log"},"status":{"constant_value":"Enabled"}}]},"schema_version":0,"depends_on":["aws_s3_bucket_versioning.artifacts_log_versioning"]},{"address":"aws_s3_bucket_replication_configuration.artifacts_replication","mode":"managed","type":"aws_s3_bucket_replication_configuration","name":"artifacts_replication","provider_config_key":"aws","expressions":{"bucket":{"references":["aws_s3_bucket.artifacts.id","aws_s3_bucket.artifacts"]},"role":{"references":["aws_iam_role.replication_role.arn","aws_iam_role.replication_role"]},"rule":[{"delete_marker_replication":[{"status":{"constant_value":"Disabled"}}],"destination":[{"bucket":{"references":["aws_s3_bucket.destination_bucket.arn","aws_s3_bucket.destination_bucket"]},"storage_class":{"constant_value":"STANDARD"}}],"filter":[{"prefix":{"constant_value":""}}],"id":{"constant_value":"replicate-artifacts-to-destination"},"status":{"constant_value":"Enabled"}}]},"schema_version":0,"depends_on":["aws_s3_bucket_versioning.artifacts_versioning","aws_s3_bucket_versioning.destination_versioning"]},{"address":"aws_s3_bucket_replication_configuration.destination_cross_region_replication","mode":"managed","type":"aws_s3_bucket_replication_configuration","name":"destination_cross_region_replication","provider_config_key":"aws.replica","expressions":{"bucket":{"references":["aws_s3_bucket.destination_bucket.id","aws_s3_bucket.destination_bucket"]},"role":{"references":["aws_iam_role.replication_role.arn","aws_iam_role.replication_role"]},"rule":[{"delete_marker_replication":[{"status":{"constant_value":"Disabled"}}],"destination":[{"bucket":{"references":["aws_s3_bucket.artifacts.arn","aws_s3_bucket.artifacts"]},"storage_class":{"constant_value":"STANDARD_IA"}}],"filter":[{"prefix":{"constant_value":""}}],"id":{"constant_value":"replicate-destination-cross-region"},"status":{"constant_value":"Enabled"}}]},"schema_version":0,"depends_on":["aws_s3_bucket_versioning.destination_versioning"]},{"address":"aws_s3_bucket_replication_configuration.destination_log_replication","mode":"managed","type":"aws_s3_bucket_replication_configuration","name":"destination_log_replication","provider_config_key":"aws.replica","expressions":{"bucket":{"references":["aws_s3_bucket.destination_log.id","aws_s3_bucket.destination_log"]},"role":{"references":["aws_iam_role.replication_role.arn","aws_iam_role.replication_role"]},"rule":[{"delete_marker_replication":[{"status":{"constant_value":"Disabled"}}],"destination":[{"bucket":{"references":["aws_s3_bucket.artifacts_log.arn","aws_s3_bucket.artifacts_log"]},"storage_class":{"constant_value":"STANDARD_IA"}}],"filter":[{"prefix":{"constant_value":""}}],"id":{"constant_value":"replicate-destination-logs"},"status":{"constant_value":"Enabled"}}]},"schema_version":0,"depends_on":["aws_s3_bucket_versioning.destination_log_versioning"]},{"address":"aws_s3_bucket_server_side_encryption_configuration.artifacts_encryption","mode":"managed","type":"aws_s3_bucket_server_side_encryption_configuration","name":"artifacts_encryption","provider_config_key":"aws","expressions":{"bucket":{"references":["aws_s3_bucket.artifacts.id","aws_s3_bucket.artifacts"]},"rule":[{"apply_server_side_encryption_by_default":[{"sse_algorithm":{"constant_value":"aws:kms"}}]}]},"schema_version":0},{"address":"aws_s3_bucket_server_side_encryption_configuration.artifacts_log_encryption","mode":"managed","type":"aws_s3_bucket_server_side_encryption_configuration","name":"artifacts_log_encryption","provider_config_key":"aws","expressions":{"bucket":{"references":["aws_s3_bucket.artifacts_log.id","aws_s3_bucket.artifacts_log"]},"rule":[{"apply_server_side_encryption_by_default":[{"sse_algorithm":{"constant_value":"aws:kms"}}]}]},"schema_version":0},{"address":"aws_s3_bucket_server_side_encryption_configuration.destination_encryption","mode":"managed","type":"aws_s3_bucket_server_side_encryption_configuration","name":"destination_encryption","provider_config_key":"aws.replica","expressions":{"bucket":{"references":["aws_s3_bucket.destination_bucket.id","aws_s3_bucket.destination_bucket"]},"rule":[{"apply_server_side_encryption_by_default":[{"sse_algorithm":{"constant_value":"aws:kms"}}]}]},"schema_version":0},{"address":"aws_s3_bucket_server_side_encryption_configuration.destination_log_encryption","mode":"managed","type":"aws_s3_bucket_server_side_encryption_configuration","name":"destination_log_encryption","provider_config_key":"aws.replica","expressions":{"bucket":{"references":["aws_s3_bucket.destination_log.id","aws_s3_bucket.destination_log"]},"rule":[{"apply_server_side_encryption_by_default":[{"sse_algorithm":{"constant_value":"aws:kms"}}]}]},"schema_version":0},{"address":"aws_s3_bucket_versioning.artifacts_log_versioning","mode":"managed","type":"aws_s3_bucket_versioning","name":"artifacts_log_versioning","provider_config_key":"aws","expressions":{"bucket":{"references":["aws_s3_bucket.artifacts_log.id","aws_s3_bucket.artifacts_log"]},"versioning_configuration":[{"status":{"constant_value":"Enabled"}}]},"schema_version":0},{"address":"aws_s3_bucket_versioning.artifacts_versioning","mode":"managed","type":"aws_s3_bucket_versioning","name":"artifacts_versioning","provider_config_key":"aws","expressions":{"bucket":{"references":["aws_s3_bucket.artifacts.id","aws_s3_bucket.artifacts"]},"versioning_configuration":[{"status":{"constant_value":"Enabled"}}]},"schema_version":0},{"address":"aws_s3_bucket_versioning.destination_log_versioning","mode":"managed","type":"aws_s3_bucket_versioning","name":"destination_log_versioning","provider_config_key":"aws.replica","expressions":{"bucket":{"references":["aws_s3_bucket.destination_log.id","aws_s3_bucket.destination_log"]},"versioning_configuration":[{"status":{"constant_value":"Enabled"}}]},"schema_version":0},{"address":"aws_s3_bucket_versioning.destination_versioning","mode":"managed","type":"aws_s3_bucket_versioning","name":"destination_versioning","provider_config_key":"aws.replica","expressions":{"bucket":{"references":["aws_s3_bucket.destination_bucket.id","aws_s3_bucket.destination_bucket"]},"versioning_configuration":[{"status":{"constant_value":"Enabled"}}]},"schema_version":0},{"address":"aws_sns_topic.artifacts_events_replica","mode":"managed","type":"aws_sns_topic","name":"artifacts_events_replica","provider_config_key":"aws.replica","expressions":{"kms_master_key_id":{"references":["aws_kms_key.sns_key_replica.arn","aws_kms_key.sns_key_replica"]},"name":{"references":["var.random_suffix"]}},"schema_version":0},{"address":"aws_sns_topic_policy.allow_s3_publish_destination_replica","mode":"managed","type":"aws_sns_topic_policy","name":"allow_s3_publish_destination_replica","provider_config_key":"aws.replica","expressions":{"arn":{"references":["aws_sns_topic.artifacts_events_replica.arn","aws_sns_topic.artifacts_events_replica"]},"policy":{"references":["aws_sns_topic.artifacts_events_replica.arn","aws_sns_topic.artifacts_events_replica","aws_s3_bucket.destination_bucket.arn","aws_s3_bucket.destination_bucket"]}},"schema_version":0},{"address":"aws_sns_topic_policy.allow_s3_publish_replica","mode":"managed","type":"aws_sns_topic_policy","name":"allow_s3_publish_replica","provider_config_key":"aws.replica","expressions":{"arn":{"references":["aws_sns_topic.artifacts_events_replica.arn","aws_sns_topic.artifacts_events_replica"]},"policy":{"references":["aws_sns_topic.artifacts_events_replica.arn","aws_sns_topic.artifacts_events_replica","aws_s3_bucket.destination_log.arn","aws_s3_bucket.destination_log"]}},"schema_version":0},{"address":"data.aws_caller_identity.current_replica","mode":"data","type":"aws_caller_identity","name":"current_replica","provider_config_key":"aws.replica","schema_version":0}],"variables":{"bucket_name":{"description":"Name for the primary artifacts bucket"},"project_tag":{"description":"Project tag value used on all S3 resources"},"random_suffix":{"description":"Random suffix used to ensure globally unique bucket names"},"sns_topic_arn":{"description":"ARN of the SNS topic to receive S3 bucket notifications"}}},"depends_on":["aws_sns_topic_policy.allow_s3_publish"]}},"variables":{"region":{"default":"us-east-1","description":"Primary AWS region"}}}},"relevant_attributes":[{"resource":"random_id.suffix","attribute":["hex"]},{"resource":"module.s3_secure.aws_s3_bucket.artifacts","attribute":["bucket"]},{"resource":"module.s3_secure.aws_s3_bucket.artifacts_log","attribute":["bucket"]},{"resource":"module.s3_secure.aws_iam_role.replication_role","attribute":["arn"]},{"resource":"module.s3_secure.aws_s3_bucket.destination_bucket","attribute":["id"]},{"resource":"module.s3_secure.aws_sns_topic.artifacts_events_replica","attribute":["arn"]},{"resource":"module.s3_secure.aws_s3_bucket.artifacts_log","attribute":["arn"]},{"resource":"module.s3_secure.aws_s3_bucket.destination_bucket","attribute":["arn"]},{"resource":"module.s3_secure.aws_s3_bucket.artifacts","attribute":["arn"]},{"resource":"module.s3_secure.aws_s3_bucket.destination_log","attribute":["id"]}],"timestamp":"2025-11-11T20:11:53Z","applyable":true,"complete":true,"errored":false}
