{"format_version":"1.2","terraform_version":"1.13.4","variables":{"region":{"value":"us-east-1"}},"planned_values":{"outputs":{"artifacts_bucket_name":{"sensitive":false},"destination_bucket_name":{"sensitive":false},"log_bucket_name":{"sensitive":false},"replication_role_arn":{"sensitive":false}},"root_module":{"resources":[{"address":"aws_iam_role.replication_role","mode":"managed","type":"aws_iam_role","name":"replication_role","provider_name":"registry.terraform.io/hashicorp/aws","schema_version":0,"values":{"assume_role_policy":"{\"Statement\":[{\"Action\":\"sts:AssumeRole\",\"Effect\":\"Allow\",\"Principal\":{\"Service\":\"s3.amazonaws.com\"}}],\"Version\":\"2012-10-17\"}","description":null,"force_detach_policies":false,"max_session_duration":3600,"path":"/","permissions_boundary":null,"tags":null},"sensitive_values":{"inline_policy":[],"managed_policy_arns":[],"tags_all":{}}},{"address":"aws_iam_role_policy.replication_policy","mode":"managed","type":"aws_iam_role_policy","name":"replication_policy","provider_name":"registry.terraform.io/hashicorp/aws","schema_version":0,"values":{"name":"replication-policy"},"sensitive_values":{}},{"address":"aws_s3_bucket.artifacts","mode":"managed","type":"aws_s3_bucket","name":"artifacts","provider_name":"registry.terraform.io/hashicorp/aws","schema_version":0,"values":{"force_destroy":false,"tags":{"Project":"unified-eac","Role":"primary"},"tags_all":{"Project":"unified-eac","Role":"primary"},"timeouts":null},"sensitive_values":{"cors_rule":[],"grant":[],"lifecycle_rule":[],"logging":[],"object_lock_configuration":[],"replication_configuration":[],"server_side_encryption_configuration":[],"tags":{},"tags_all":{},"versioning":[],"website":[]}},{"address":"aws_s3_bucket.artifacts_log","mode":"managed","type":"aws_s3_bucket","name":"artifacts_log","provider_name":"registry.terraform.io/hashicorp/aws","schema_version":0,"values":{"force_destroy":false,"tags":{"Project":"unified-eac","Role":"log"},"tags_all":{"Project":"unified-eac","Role":"log"},"timeouts":null},"sensitive_values":{"cors_rule":[],"grant":[],"lifecycle_rule":[],"logging":[],"object_lock_configuration":[],"replication_configuration":[],"server_side_encryption_configuration":[],"tags":{},"tags_all":{},"versioning":[],"website":[]}},{"address":"aws_s3_bucket.destination_bucket","mode":"managed","type":"aws_s3_bucket","name":"destination_bucket","provider_name":"registry.terraform.io/hashicorp/aws","schema_version":0,"values":{"force_destroy":false,"tags":{"Project":"unified-eac","Role":"replica"},"tags_all":{"Project":"unified-eac","Role":"replica"},"timeouts":null,"versioning":[{"enabled":true,"mfa_delete":false}]},"sensitive_values":{"cors_rule":[],"grant":[],"lifecycle_rule":[],"logging":[],"object_lock_configuration":[],"replication_configuration":[],"server_side_encryption_configuration":[],"tags":{},"tags_all":{},"versioning":[{}],"website":[]}},{"address":"aws_s3_bucket_lifecycle_configuration.artifacts_lifecycle","mode":"managed","type":"aws_s3_bucket_lifecycle_configuration","name":"artifacts_lifecycle","provider_name":"registry.terraform.io/hashicorp/aws","schema_version":1,"values":{"rule":[{"abort_incomplete_multipart_upload":[],"expiration":[{"date":null,"days":30,"expired_object_delete_marker":false}],"filter":[{"and":[],"object_size_greater_than":null,"object_size_less_than":null,"prefix":"","tag":[]}],"id":"expire-old-objects","noncurrent_version_expiration":[],"noncurrent_version_transition":[],"prefix":"","status":"Enabled","transition":[]}],"timeouts":null,"transition_default_minimum_object_size":"all_storage_classes_128K"},"sensitive_values":{"rule":[{"abort_incomplete_multipart_upload":[],"expiration":[{}],"filter":[{"and":[],"tag":[]}],"noncurrent_version_expiration":[],"noncurrent_version_transition":[],"transition":[]}]}},{"address":"aws_s3_bucket_logging.artifacts_logging","mode":"managed","type":"aws_s3_bucket_logging","name":"artifacts_logging","provider_name":"registry.terraform.io/hashicorp/aws","schema_version":0,"values":{"expected_bucket_owner":null,"target_grant":[],"target_object_key_format":[],"target_prefix":"log/"},"sensitive_values":{"target_grant":[],"target_object_key_format":[]}},{"address":"aws_s3_bucket_replication_configuration.artifacts_replication","mode":"managed","type":"aws_s3_bucket_replication_configuration","name":"artifacts_replication","provider_name":"registry.terraform.io/hashicorp/aws","schema_version":0,"values":{"rule":[{"delete_marker_replication":[],"destination":[{"access_control_translation":[],"account":null,"encryption_configuration":[],"metrics":[],"replication_time":[],"storage_class":"STANDARD"}],"existing_object_replication":[],"filter":[],"id":"replicate-to-destination","prefix":null,"priority":null,"source_selection_criteria":[],"status":"Enabled"}],"token":null},"sensitive_values":{"rule":[{"delete_marker_replication":[],"destination":[{"access_control_translation":[],"encryption_configuration":[],"metrics":[],"replication_time":[]}],"existing_object_replication":[],"filter":[],"source_selection_criteria":[]}],"token":true}},{"address":"aws_s3_bucket_server_side_encryption_configuration.artifacts_encryption","mode":"managed","type":"aws_s3_bucket_server_side_encryption_configuration","name":"artifacts_encryption","provider_name":"registry.terraform.io/hashicorp/aws","schema_version":0,"values":{"expected_bucket_owner":null,"rule":[{"apply_server_side_encryption_by_default":[{"kms_master_key_id":"","sse_algorithm":"aws:kms"}],"bucket_key_enabled":null}]},"sensitive_values":{"rule":[{"apply_server_side_encryption_by_default":[{}]}]}},{"address":"aws_s3_bucket_server_side_encryption_configuration.destination_bucket_encryption","mode":"managed","type":"aws_s3_bucket_server_side_encryption_configuration","name":"destination_bucket_encryption","provider_name":"registry.terraform.io/hashicorp/aws","schema_version":0,"values":{"expected_bucket_owner":null,"rule":[{"apply_server_side_encryption_by_default":[{"kms_master_key_id":"","sse_algorithm":"aws:kms"}],"bucket_key_enabled":null}]},"sensitive_values":{"rule":[{"apply_server_side_encryption_by_default":[{}]}]}},{"address":"random_id.suffix","mode":"managed","type":"random_id","name":"suffix","provider_name":"registry.terraform.io/hashicorp/random","schema_version":0,"values":{"byte_length":4,"keepers":null,"prefix":null},"sensitive_values":{}}]}},"resource_changes":[{"address":"aws_iam_role.replication_role","mode":"managed","type":"aws_iam_role","name":"replication_role","provider_name":"registry.terraform.io/hashicorp/aws","change":{"actions":["create"],"before":null,"after":{"assume_role_policy":"{\"Statement\":[{\"Action\":\"sts:AssumeRole\",\"Effect\":\"Allow\",\"Principal\":{\"Service\":\"s3.amazonaws.com\"}}],\"Version\":\"2012-10-17\"}","description":null,"force_detach_policies":false,"max_session_duration":3600,"path":"/","permissions_boundary":null,"tags":null},"after_unknown":{"arn":true,"create_date":true,"id":true,"inline_policy":true,"managed_policy_arns":true,"name":true,"name_prefix":true,"tags_all":true,"unique_id":true},"before_sensitive":false,"after_sensitive":{"inline_policy":[],"managed_policy_arns":[],"tags_all":{}}}},{"address":"aws_iam_role_policy.replication_policy","mode":"managed","type":"aws_iam_role_policy","name":"replication_policy","provider_name":"registry.terraform.io/hashicorp/aws","change":{"actions":["create"],"before":null,"after":{"name":"replication-policy"},"after_unknown":{"id":true,"name_prefix":true,"policy":true,"role":true},"before_sensitive":false,"after_sensitive":{}}},{"address":"aws_s3_bucket.artifacts","mode":"managed","type":"aws_s3_bucket","name":"artifacts","provider_name":"registry.terraform.io/hashicorp/aws","change":{"actions":["create"],"before":null,"after":{"force_destroy":false,"tags":{"Project":"unified-eac","Role":"primary"},"tags_all":{"Project":"unified-eac","Role":"primary"},"timeouts":null},"after_unknown":{"acceleration_status":true,"acl":true,"arn":true,"bucket":true,"bucket_domain_name":true,"bucket_prefix":true,"bucket_regional_domain_name":true,"cors_rule":true,"grant":true,"hosted_zone_id":true,"id":true,"lifecycle_rule":true,"logging":true,"object_lock_configuration":true,"object_lock_enabled":true,"policy":true,"region":true,"replication_configuration":true,"request_payer":true,"server_side_encryption_configuration":true,"tags":{},"tags_all":{},"versioning":true,"website":true,"website_domain":true,"website_endpoint":true},"before_sensitive":false,"after_sensitive":{"cors_rule":[],"grant":[],"lifecycle_rule":[],"logging":[],"object_lock_configuration":[],"replication_configuration":[],"server_side_encryption_configuration":[],"tags":{},"tags_all":{},"versioning":[],"website":[]}}},{"address":"aws_s3_bucket.artifacts_log","mode":"managed","type":"aws_s3_bucket","name":"artifacts_log","provider_name":"registry.terraform.io/hashicorp/aws","change":{"actions":["create"],"before":null,"after":{"force_destroy":false,"tags":{"Project":"unified-eac","Role":"log"},"tags_all":{"Project":"unified-eac","Role":"log"},"timeouts":null},"after_unknown":{"acceleration_status":true,"acl":true,"arn":true,"bucket":true,"bucket_domain_name":true,"bucket_prefix":true,"bucket_regional_domain_name":true,"cors_rule":true,"grant":true,"hosted_zone_id":true,"id":true,"lifecycle_rule":true,"logging":true,"object_lock_configuration":true,"object_lock_enabled":true,"policy":true,"region":true,"replication_configuration":true,"request_payer":true,"server_side_encryption_configuration":true,"tags":{},"tags_all":{},"versioning":true,"website":true,"website_domain":true,"website_endpoint":true},"before_sensitive":false,"after_sensitive":{"cors_rule":[],"grant":[],"lifecycle_rule":[],"logging":[],"object_lock_configuration":[],"replication_configuration":[],"server_side_encryption_configuration":[],"tags":{},"tags_all":{},"versioning":[],"website":[]}}},{"address":"aws_s3_bucket.destination_bucket","mode":"managed","type":"aws_s3_bucket","name":"destination_bucket","provider_name":"registry.terraform.io/hashicorp/aws","change":{"actions":["create"],"before":null,"after":{"force_destroy":false,"tags":{"Project":"unified-eac","Role":"replica"},"tags_all":{"Project":"unified-eac","Role":"replica"},"timeouts":null,"versioning":[{"enabled":true,"mfa_delete":false}]},"after_unknown":{"acceleration_status":true,"acl":true,"arn":true,"bucket":true,"bucket_domain_name":true,"bucket_prefix":true,"bucket_regional_domain_name":true,"cors_rule":true,"grant":true,"hosted_zone_id":true,"id":true,"lifecycle_rule":true,"logging":true,"object_lock_configuration":true,"object_lock_enabled":true,"policy":true,"region":true,"replication_configuration":true,"request_payer":true,"server_side_encryption_configuration":true,"tags":{},"tags_all":{},"versioning":[{}],"website":true,"website_domain":true,"website_endpoint":true},"before_sensitive":false,"after_sensitive":{"cors_rule":[],"grant":[],"lifecycle_rule":[],"logging":[],"object_lock_configuration":[],"replication_configuration":[],"server_side_encryption_configuration":[],"tags":{},"tags_all":{},"versioning":[{}],"website":[]}}},{"address":"aws_s3_bucket_lifecycle_configuration.artifacts_lifecycle","mode":"managed","type":"aws_s3_bucket_lifecycle_configuration","name":"artifacts_lifecycle","provider_name":"registry.terraform.io/hashicorp/aws","change":{"actions":["create"],"before":null,"after":{"rule":[{"abort_incomplete_multipart_upload":[],"expiration":[{"date":null,"days":30,"expired_object_delete_marker":false}],"filter":[{"and":[],"object_size_greater_than":null,"object_size_less_than":null,"prefix":"","tag":[]}],"id":"expire-old-objects","noncurrent_version_expiration":[],"noncurrent_version_transition":[],"prefix":"","status":"Enabled","transition":[]}],"timeouts":null,"transition_default_minimum_object_size":"all_storage_classes_128K"},"after_unknown":{"bucket":true,"expected_bucket_owner":true,"id":true,"rule":[{"abort_incomplete_multipart_upload":[],"expiration":[{}],"filter":[{"and":[],"tag":[]}],"noncurrent_version_expiration":[],"noncurrent_version_transition":[],"transition":[]}]},"before_sensitive":false,"after_sensitive":{"rule":[{"abort_incomplete_multipart_upload":[],"expiration":[{}],"filter":[{"and":[],"tag":[]}],"noncurrent_version_expiration":[],"noncurrent_version_transition":[],"transition":[]}]}}},{"address":"aws_s3_bucket_logging.artifacts_logging","mode":"managed","type":"aws_s3_bucket_logging","name":"artifacts_logging","provider_name":"registry.terraform.io/hashicorp/aws","change":{"actions":["create"],"before":null,"after":{"expected_bucket_owner":null,"target_grant":[],"target_object_key_format":[],"target_prefix":"log/"},"after_unknown":{"bucket":true,"id":true,"target_bucket":true,"target_grant":[],"target_object_key_format":[]},"before_sensitive":false,"after_sensitive":{"target_grant":[],"target_object_key_format":[]}}},{"address":"aws_s3_bucket_replication_configuration.artifacts_replication","mode":"managed","type":"aws_s3_bucket_replication_configuration","name":"artifacts_replication","provider_name":"registry.terraform.io/hashicorp/aws","change":{"actions":["create"],"before":null,"after":{"rule":[{"delete_marker_replication":[],"destination":[{"access_control_translation":[],"account":null,"encryption_configuration":[],"metrics":[],"replication_time":[],"storage_class":"STANDARD"}],"existing_object_replication":[],"filter":[],"id":"replicate-to-destination","prefix":null,"priority":null,"source_selection_criteria":[],"status":"Enabled"}],"token":null},"after_unknown":{"bucket":true,"id":true,"role":true,"rule":[{"delete_marker_replication":[],"destination":[{"access_control_translation":[],"bucket":true,"encryption_configuration":[],"metrics":[],"replication_time":[]}],"existing_object_replication":[],"filter":[],"source_selection_criteria":[]}]},"before_sensitive":false,"after_sensitive":{"rule":[{"delete_marker_replication":[],"destination":[{"access_control_translation":[],"encryption_configuration":[],"metrics":[],"replication_time":[]}],"existing_object_replication":[],"filter":[],"source_selection_criteria":[]}],"token":true}}},{"address":"aws_s3_bucket_server_side_encryption_configuration.artifacts_encryption","mode":"managed","type":"aws_s3_bucket_server_side_encryption_configuration","name":"artifacts_encryption","provider_name":"registry.terraform.io/hashicorp/aws","change":{"actions":["create"],"before":null,"after":{"expected_bucket_owner":null,"rule":[{"apply_server_side_encryption_by_default":[{"kms_master_key_id":"","sse_algorithm":"aws:kms"}],"bucket_key_enabled":null}]},"after_unknown":{"bucket":true,"id":true,"rule":[{"apply_server_side_encryption_by_default":[{}]}]},"before_sensitive":false,"after_sensitive":{"rule":[{"apply_server_side_encryption_by_default":[{}]}]}}},{"address":"aws_s3_bucket_server_side_encryption_configuration.destination_bucket_encryption","mode":"managed","type":"aws_s3_bucket_server_side_encryption_configuration","name":"destination_bucket_encryption","provider_name":"registry.terraform.io/hashicorp/aws","change":{"actions":["create"],"before":null,"after":{"expected_bucket_owner":null,"rule":[{"apply_server_side_encryption_by_default":[{"kms_master_key_id":"","sse_algorithm":"aws:kms"}],"bucket_key_enabled":null}]},"after_unknown":{"bucket":true,"id":true,"rule":[{"apply_server_side_encryption_by_default":[{}]}]},"before_sensitive":false,"after_sensitive":{"rule":[{"apply_server_side_encryption_by_default":[{}]}]}}},{"address":"random_id.suffix","mode":"managed","type":"random_id","name":"suffix","provider_name":"registry.terraform.io/hashicorp/random","change":{"actions":["create"],"before":null,"after":{"byte_length":4,"keepers":null,"prefix":null},"after_unknown":{"b64_std":true,"b64_url":true,"dec":true,"hex":true,"id":true},"before_sensitive":false,"after_sensitive":{}}}],"output_changes":{"artifacts_bucket_name":{"actions":["create"],"before":null,"after_unknown":true,"before_sensitive":false,"after_sensitive":false},"destination_bucket_name":{"actions":["create"],"before":null,"after_unknown":true,"before_sensitive":false,"after_sensitive":false},"log_bucket_name":{"actions":["create"],"before":null,"after_unknown":true,"before_sensitive":false,"after_sensitive":false},"replication_role_arn":{"actions":["create"],"before":null,"after_unknown":true,"before_sensitive":false,"after_sensitive":false}},"configuration":{"provider_config":{"aws":{"name":"aws","full_name":"registry.terraform.io/hashicorp/aws","version_constraint":"~\u003e 5.0","expressions":{"region":{"constant_value":"us-east-1"}}},"aws.replica":{"name":"aws","full_name":"registry.terraform.io/hashicorp/aws","alias":"replica","version_constraint":"~\u003e 5.0","expressions":{"region":{"constant_value":"us-west-2"}}},"random":{"name":"random","full_name":"registry.terraform.io/hashicorp/random","version_constraint":"~\u003e 3.0"}},"root_module":{"outputs":{"artifacts_bucket_name":{"expression":{"references":["aws_s3_bucket.artifacts.bucket","aws_s3_bucket.artifacts"]}},"destination_bucket_name":{"expression":{"references":["aws_s3_bucket.destination_bucket.bucket","aws_s3_bucket.destination_bucket"]}},"log_bucket_name":{"expression":{"references":["aws_s3_bucket.artifacts_log.bucket","aws_s3_bucket.artifacts_log"]}},"replication_role_arn":{"expression":{"references":["aws_iam_role.replication_role.arn","aws_iam_role.replication_role"]}}},"resources":[{"address":"aws_iam_role.replication_role","mode":"managed","type":"aws_iam_role","name":"replication_role","provider_config_key":"aws","expressions":{"assume_role_policy":{},"name":{"references":["random_id.suffix.hex","random_id.suffix"]}},"schema_version":0},{"address":"aws_iam_role_policy.replication_policy","mode":"managed","type":"aws_iam_role_policy","name":"replication_policy","provider_config_key":"aws","expressions":{"name":{"constant_value":"replication-policy"},"policy":{"references":["aws_s3_bucket.artifacts.arn","aws_s3_bucket.artifacts","aws_s3_bucket.artifacts.arn","aws_s3_bucket.artifacts","aws_s3_bucket.destination_bucket.arn","aws_s3_bucket.destination_bucket"]},"role":{"references":["aws_iam_role.replication_role.id","aws_iam_role.replication_role"]}},"schema_version":0},{"address":"aws_s3_bucket.artifacts","mode":"managed","type":"aws_s3_bucket","name":"artifacts","provider_config_key":"aws","expressions":{"bucket":{"references":["random_id.suffix.hex","random_id.suffix"]},"tags":{"constant_value":{"Project":"unified-eac","Role":"primary"}}},"schema_version":0},{"address":"aws_s3_bucket.artifacts_log","mode":"managed","type":"aws_s3_bucket","name":"artifacts_log","provider_config_key":"aws","expressions":{"bucket":{"references":["random_id.suffix.hex","random_id.suffix"]},"tags":{"constant_value":{"Project":"unified-eac","Role":"log"}}},"schema_version":0},{"address":"aws_s3_bucket.destination_bucket","mode":"managed","type":"aws_s3_bucket","name":"destination_bucket","provider_config_key":"aws.replica","expressions":{"bucket":{"references":["random_id.suffix.hex","random_id.suffix"]},"tags":{"constant_value":{"Project":"unified-eac","Role":"replica"}},"versioning":[{"enabled":{"constant_value":true}}]},"schema_version":0},{"address":"aws_s3_bucket_lifecycle_configuration.artifacts_lifecycle","mode":"managed","type":"aws_s3_bucket_lifecycle_configuration","name":"artifacts_lifecycle","provider_config_key":"aws","expressions":{"bucket":{"references":["aws_s3_bucket.artifacts.id","aws_s3_bucket.artifacts"]},"rule":[{"expiration":[{"days":{"constant_value":30}}],"filter":[{"prefix":{"constant_value":""}}],"id":{"constant_value":"expire-old-objects"},"status":{"constant_value":"Enabled"}}]},"schema_version":1},{"address":"aws_s3_bucket_logging.artifacts_logging","mode":"managed","type":"aws_s3_bucket_logging","name":"artifacts_logging","provider_config_key":"aws","expressions":{"bucket":{"references":["aws_s3_bucket.artifacts.id","aws_s3_bucket.artifacts"]},"target_bucket":{"references":["aws_s3_bucket.artifacts_log.id","aws_s3_bucket.artifacts_log"]},"target_prefix":{"constant_value":"log/"}},"schema_version":0},{"address":"aws_s3_bucket_replication_configuration.artifacts_replication","mode":"managed","type":"aws_s3_bucket_replication_configuration","name":"artifacts_replication","provider_config_key":"aws","expressions":{"bucket":{"references":["aws_s3_bucket.artifacts.id","aws_s3_bucket.artifacts"]},"role":{"references":["aws_iam_role.replication_role.arn","aws_iam_role.replication_role"]},"rule":[{"destination":[{"bucket":{"references":["aws_s3_bucket.destination_bucket.arn","aws_s3_bucket.destination_bucket"]},"storage_class":{"constant_value":"STANDARD"}}],"id":{"constant_value":"replicate-to-destination"},"status":{"constant_value":"Enabled"}}]},"schema_version":0,"depends_on":["aws_iam_role_policy.replication_policy"]},{"address":"aws_s3_bucket_server_side_encryption_configuration.artifacts_encryption","mode":"managed","type":"aws_s3_bucket_server_side_encryption_configuration","name":"artifacts_encryption","provider_config_key":"aws","expressions":{"bucket":{"references":["aws_s3_bucket.artifacts.id","aws_s3_bucket.artifacts"]},"rule":[{"apply_server_side_encryption_by_default":[{"sse_algorithm":{"constant_value":"aws:kms"}}]}]},"schema_version":0},{"address":"aws_s3_bucket_server_side_encryption_configuration.destination_bucket_encryption","mode":"managed","type":"aws_s3_bucket_server_side_encryption_configuration","name":"destination_bucket_encryption","provider_config_key":"aws","expressions":{"bucket":{"references":["aws_s3_bucket.destination_bucket.id","aws_s3_bucket.destination_bucket"]},"rule":[{"apply_server_side_encryption_by_default":[{"sse_algorithm":{"constant_value":"aws:kms"}}]}]},"schema_version":0},{"address":"random_id.suffix","mode":"managed","type":"random_id","name":"suffix","provider_config_key":"random","expressions":{"byte_length":{"constant_value":4}},"schema_version":0}],"variables":{"region":{"default":"us-east-1","description":"Primary AWS region"}}}},"relevant_attributes":[{"resource":"aws_iam_role.replication_role","attribute":["id"]},{"resource":"aws_s3_bucket.artifacts","attribute":["id"]},{"resource":"random_id.suffix","attribute":["hex"]},{"resource":"aws_s3_bucket.destination_bucket","attribute":["arn"]},{"resource":"aws_iam_role.replication_role","attribute":["arn"]},{"resource":"aws_s3_bucket.destination_bucket","attribute":["id"]},{"resource":"aws_s3_bucket.artifacts","attribute":["bucket"]},{"resource":"aws_s3_bucket.artifacts_log","attribute":["bucket"]},{"resource":"aws_s3_bucket.artifacts","attribute":["arn"]},{"resource":"aws_s3_bucket.artifacts_log","attribute":["id"]},{"resource":"aws_s3_bucket.destination_bucket","attribute":["bucket"]}],"timestamp":"2025-11-05T05:17:30Z","applyable":true,"complete":true,"errored":false}